{
  "version": 4,
  "terraform_version": "1.9.6",
  "serial": 214,
  "lineage": "3728101b-db01-cefe-71c7-7f819378a146",
  "outputs": {},
  "resources": [
    {
      "module": "module.ec2",
      "mode": "managed",
      "type": "aws_instance",
      "name": "public_ec2",
      "provider": "provider[\"registry.terraform.io/hashicorp/aws\"]",
      "instances": [
        {
          "index_key": 0,
          "schema_version": 1,
          "attributes": {
            "ami": "ami-0e86e20dae9224db8",
            "arn": "arn:aws:ec2:us-east-1:083469513477:instance/i-02200e6a83c18f5c4",
            "associate_public_ip_address": true,
            "availability_zone": "us-east-1a",
            "capacity_reservation_specification": [
              {
                "capacity_reservation_preference": "open",
                "capacity_reservation_target": []
              }
            ],
            "cpu_core_count": 1,
            "cpu_options": [
              {
                "amd_sev_snp": "",
                "core_count": 1,
                "threads_per_core": 1
              }
            ],
            "cpu_threads_per_core": 1,
            "credit_specification": [
              {
                "cpu_credits": "standard"
              }
            ],
            "disable_api_stop": false,
            "disable_api_termination": false,
            "ebs_block_device": [],
            "ebs_optimized": false,
            "enclave_options": [
              {
                "enabled": false
              }
            ],
            "ephemeral_block_device": [],
            "get_password_data": false,
            "hibernation": false,
            "host_id": "",
            "host_resource_group_arn": null,
            "iam_instance_profile": "",
            "id": "i-02200e6a83c18f5c4",
            "instance_initiated_shutdown_behavior": "stop",
            "instance_state": "running",
            "instance_type": "t2.micro",
            "ipv6_address_count": 0,
            "ipv6_addresses": [],
            "key_name": "private_key",
            "launch_template": [],
            "maintenance_options": [
              {
                "auto_recovery": "default"
              }
            ],
            "metadata_options": [
              {
                "http_endpoint": "enabled",
                "http_put_response_hop_limit": 2,
                "http_tokens": "required",
                "instance_metadata_tags": "disabled"
              }
            ],
            "monitoring": false,
            "network_interface": [],
            "outpost_arn": "",
            "password_data": "",
            "placement_group": "",
            "placement_partition_number": 0,
            "primary_network_interface_id": "eni-0cb79247a9b96a645",
            "private_dns": "ip-10-0-1-100.ec2.internal",
            "private_dns_name_options": [
              {
                "enable_resource_name_dns_a_record": false,
                "enable_resource_name_dns_aaaa_record": false,
                "hostname_type": "ip-name"
              }
            ],
            "private_ip": "10.0.1.100",
            "public_dns": "",
            "public_ip": "54.205.244.42",
            "root_block_device": [
              {
                "delete_on_termination": true,
                "device_name": "/dev/sda1",
                "encrypted": false,
                "iops": 3000,
                "kms_key_id": "",
                "tags": {},
                "throughput": 125,
                "volume_id": "vol-07bfe9652d6ad309a",
                "volume_size": 8,
                "volume_type": "gp3"
              }
            ],
            "secondary_private_ips": [],
            "security_groups": [],
            "source_dest_check": true,
            "subnet_id": "subnet-0ae4d81cdf1e76626",
            "tags": {
              "Name": "Docker",
              "created-by": "john"
            },
            "tags_all": {
              "Name": "Docker",
              "created-by": "john"
            },
            "tenancy": "default",
            "timeouts": null,
            "user_data": "cec1b16144af0d434de335d5892730306e6471f3",
            "user_data_base64": null,
            "user_data_replace_on_change": false,
            "volume_tags": null,
            "vpc_security_group_ids": [
              "sg-0b4675302fda32d66"
            ]
          },
          "sensitive_attributes": [],
          "private": "eyJlMmJmYjczMC1lY2FhLTExZTYtOGY4OC0zNDM2M2JjN2M0YzAiOnsiY3JlYXRlIjo2MDAwMDAwMDAwMDAsImRlbGV0ZSI6MTIwMDAwMDAwMDAwMCwidXBkYXRlIjo2MDAwMDAwMDAwMDB9LCJzY2hlbWFfdmVyc2lvbiI6IjEifQ==",
          "dependencies": [
            "module.ec2.aws_key_pair.kp",
            "module.ec2.aws_security_group.public_security-group",
            "module.ec2.tls_private_key.pk",
            "module.vpc.aws_subnet.public_subnet",
            "module.vpc.aws_vpc.aws_vpc"
          ]
        },
        {
          "index_key": 1,
          "schema_version": 1,
          "attributes": {
            "ami": "ami-0e86e20dae9224db8",
            "arn": "arn:aws:ec2:us-east-1:083469513477:instance/i-0b17dca28e11198ed",
            "associate_public_ip_address": true,
            "availability_zone": "us-east-1b",
            "capacity_reservation_specification": [
              {
                "capacity_reservation_preference": "open",
                "capacity_reservation_target": []
              }
            ],
            "cpu_core_count": 1,
            "cpu_options": [
              {
                "amd_sev_snp": "",
                "core_count": 1,
                "threads_per_core": 1
              }
            ],
            "cpu_threads_per_core": 1,
            "credit_specification": [
              {
                "cpu_credits": "standard"
              }
            ],
            "disable_api_stop": false,
            "disable_api_termination": false,
            "ebs_block_device": [],
            "ebs_optimized": false,
            "enclave_options": [
              {
                "enabled": false
              }
            ],
            "ephemeral_block_device": [],
            "get_password_data": false,
            "hibernation": false,
            "host_id": "",
            "host_resource_group_arn": null,
            "iam_instance_profile": "",
            "id": "i-0b17dca28e11198ed",
            "instance_initiated_shutdown_behavior": "stop",
            "instance_state": "running",
            "instance_type": "t2.micro",
            "ipv6_address_count": 0,
            "ipv6_addresses": [],
            "key_name": "private_key",
            "launch_template": [],
            "maintenance_options": [
              {
                "auto_recovery": "default"
              }
            ],
            "metadata_options": [
              {
                "http_endpoint": "enabled",
                "http_put_response_hop_limit": 2,
                "http_tokens": "required",
                "instance_metadata_tags": "disabled"
              }
            ],
            "monitoring": false,
            "network_interface": [],
            "outpost_arn": "",
            "password_data": "",
            "placement_group": "",
            "placement_partition_number": 0,
            "primary_network_interface_id": "eni-0ce99d3be75bcc8d9",
            "private_dns": "ip-10-0-2-212.ec2.internal",
            "private_dns_name_options": [
              {
                "enable_resource_name_dns_a_record": false,
                "enable_resource_name_dns_aaaa_record": false,
                "hostname_type": "ip-name"
              }
            ],
            "private_ip": "10.0.2.212",
            "public_dns": "",
            "public_ip": "3.92.145.148",
            "root_block_device": [
              {
                "delete_on_termination": true,
                "device_name": "/dev/sda1",
                "encrypted": false,
                "iops": 3000,
                "kms_key_id": "",
                "tags": {},
                "throughput": 125,
                "volume_id": "vol-06d5c7f6793e874a6",
                "volume_size": 8,
                "volume_type": "gp3"
              }
            ],
            "secondary_private_ips": [],
            "security_groups": [],
            "source_dest_check": true,
            "subnet_id": "subnet-0802c61c4b0c4e435",
            "tags": {
              "Name": "Jenkins",
              "created-by": "john"
            },
            "tags_all": {
              "Name": "Jenkins",
              "created-by": "john"
            },
            "tenancy": "default",
            "timeouts": null,
            "user_data": "cec1b16144af0d434de335d5892730306e6471f3",
            "user_data_base64": null,
            "user_data_replace_on_change": false,
            "volume_tags": null,
            "vpc_security_group_ids": [
              "sg-0b4675302fda32d66"
            ]
          },
          "sensitive_attributes": [],
          "private": "eyJlMmJmYjczMC1lY2FhLTExZTYtOGY4OC0zNDM2M2JjN2M0YzAiOnsiY3JlYXRlIjo2MDAwMDAwMDAwMDAsImRlbGV0ZSI6MTIwMDAwMDAwMDAwMCwidXBkYXRlIjo2MDAwMDAwMDAwMDB9LCJzY2hlbWFfdmVyc2lvbiI6IjEifQ==",
          "dependencies": [
            "module.ec2.aws_key_pair.kp",
            "module.ec2.aws_security_group.public_security-group",
            "module.ec2.tls_private_key.pk",
            "module.vpc.aws_subnet.public_subnet",
            "module.vpc.aws_vpc.aws_vpc"
          ]
        }
      ]
    },
    {
      "module": "module.ec2",
      "mode": "managed",
      "type": "aws_key_pair",
      "name": "kp",
      "provider": "provider[\"registry.terraform.io/hashicorp/aws\"]",
      "instances": [
        {
          "schema_version": 1,
          "attributes": {
            "arn": "arn:aws:ec2:us-east-1:083469513477:key-pair/private_key",
            "fingerprint": "91:fb:51:f8:c1:c6:92:4a:d2:34:6f:b4:b4:1f:b5:56",
            "id": "private_key",
            "key_name": "private_key",
            "key_name_prefix": "",
            "key_pair_id": "key-011fcec6a96822efc",
            "key_type": "rsa",
            "public_key": "ssh-rsa AAAAB3NzaC1yc2EAAAADAQABAAACAQD7zl6CRBRNypyT3GBHS2lQ/at/d5L+PBDb1vVhZnh3OGqk8wXjnA6lT09QXF32xQBtjPTfFXOcy809Gz8YdZTQxr2S/2EhnVof/v8wa2Ui63KgJG/oqBr/WbBCOlxRKPBQx5ntsCxLlRyF1h7joCZU2I8ENMthkxjmx15eAFgua8yRNk1JS1tQbTYH7EW/1KHOdQbUQHqUcv82J/SSkknuO8oCB0vQymMxSSNvnnhTYT1pM5NUpAo+usVDc0ivSBXStpWLeg3oPs58R/Q0QoDrqaSJpU6F6YWxnzfXV7JZuwvMEz9v+1NklLJuP8fJjlQhNgrcOl8vf+MLqfomM7SrMDqBFznPmaKBZ1JbJPFK7AUF/3nsR/5D8DvehOdiK6ZBvRf5YRQCb6KDXPmZpqLWQ56pH2AxDlL3WZOGI7YFfnyzwYi7WUoAJiMOLuMEZTkSbK6qnzamQdDLryqWinb/I/y5P5Ifh0KdoN+clycuzSBIY/JqgOFgCoBSKMBx6WPrTxPkAnc0AdpR/jJE+w55VAwvu5R5s/6QDoauJeeM12zP36kYZtiTHe4mpu5g5Zac12Rdcv8VUEC/5a3TPs2b5bBrOyJsagJci/EFfLEfJQ+bKUsmj39lKGkxfBX2Wn4zz+gQxf5EBlUmnz43TBT4DYE7b2BFrg2FjUc6rj2+NQ==",
            "tags": null,
            "tags_all": {}
          },
          "sensitive_attributes": [],
          "private": "eyJzY2hlbWFfdmVyc2lvbiI6IjEifQ==",
          "dependencies": [
            "module.ec2.tls_private_key.pk"
          ]
        }
      ]
    },
    {
      "module": "module.ec2",
      "mode": "managed",
      "type": "aws_security_group",
      "name": "public_security-group",
      "provider": "provider[\"registry.terraform.io/hashicorp/aws\"]",
      "instances": [
        {
          "schema_version": 1,
          "attributes": {
            "arn": "arn:aws:ec2:us-east-1:083469513477:security-group/sg-0b4675302fda32d66",
            "description": "Managed by Terraform",
            "egress": [
              {
                "cidr_blocks": [
                  "0.0.0.0/0"
                ],
                "description": "",
                "from_port": 0,
                "ipv6_cidr_blocks": [],
                "prefix_list_ids": [],
                "protocol": "-1",
                "security_groups": [],
                "self": false,
                "to_port": 0
              }
            ],
            "id": "sg-0b4675302fda32d66",
            "ingress": [
              {
                "cidr_blocks": [
                  "0.0.0.0/0"
                ],
                "description": "",
                "from_port": 22,
                "ipv6_cidr_blocks": [],
                "prefix_list_ids": [],
                "protocol": "tcp",
                "security_groups": [],
                "self": false,
                "to_port": 22
              },
              {
                "cidr_blocks": [
                  "0.0.0.0/0"
                ],
                "description": "",
                "from_port": 8000,
                "ipv6_cidr_blocks": [],
                "prefix_list_ids": [],
                "protocol": "tcp",
                "security_groups": [],
                "self": false,
                "to_port": 8000
              },
              {
                "cidr_blocks": [
                  "0.0.0.0/0"
                ],
                "description": "",
                "from_port": 8080,
                "ipv6_cidr_blocks": [],
                "prefix_list_ids": [],
                "protocol": "tcp",
                "security_groups": [],
                "self": false,
                "to_port": 8080
              },
              {
                "cidr_blocks": [
                  "0.0.0.0/0"
                ],
                "description": "",
                "from_port": 80,
                "ipv6_cidr_blocks": [],
                "prefix_list_ids": [],
                "protocol": "tcp",
                "security_groups": [],
                "self": false,
                "to_port": 80
              }
            ],
            "name": "public-security-group",
            "name_prefix": "",
            "owner_id": "083469513477",
            "revoke_rules_on_delete": false,
            "tags": null,
            "tags_all": {},
            "timeouts": null,
            "vpc_id": "vpc-05a6902a81595f2b1"
          },
          "sensitive_attributes": [],
          "private": "eyJlMmJmYjczMC1lY2FhLTExZTYtOGY4OC0zNDM2M2JjN2M0YzAiOnsiY3JlYXRlIjo2MDAwMDAwMDAwMDAsImRlbGV0ZSI6OTAwMDAwMDAwMDAwfSwic2NoZW1hX3ZlcnNpb24iOiIxIn0=",
          "dependencies": [
            "module.vpc.aws_vpc.aws_vpc"
          ]
        }
      ]
    },
    {
      "module": "module.ec2",
      "mode": "managed",
      "type": "local_file",
      "name": "inventory_file",
      "provider": "provider[\"registry.terraform.io/hashicorp/local\"]",
      "instances": [
        {
          "schema_version": 0,
          "attributes": {
            "content": "[Docker]\n54.205.244.42\n[Jenkins]\n3.92.145.148",
            "content_base64": null,
            "content_base64sha256": "+je82Fk1aGyYzL9tXIDjljSYa/TGlVC2o0piNYfgmQg=",
            "content_base64sha512": "24cplPn+ZDGIAGWQgh+ts5mlm6/IPq2eVqoQFSSYXdsqabrWZb5FEbxkRs7jMjV/HcmuRNOE2hH0bOTwAlTxrg==",
            "content_md5": "7c7838420ed4c2c139a96252a8238a2f",
            "content_sha1": "bff618d1633622cebdcb9a4de480d4fea13218f1",
            "content_sha256": "fa37bcd85935686c98ccbf6d5c80e39634986bf4c69550b6a34a623587e09908",
            "content_sha512": "db872994f9fe643188006590821fadb399a59bafc83ead9e56aa101524985ddb2a69bad665be4511bc6446cee332357f1dc9ae44d384da11f46ce4f00254f1ae",
            "directory_permission": "0777",
            "file_permission": "0777",
            "filename": "/home/mostafa/depi/DEPI-Project/terraform/inventory.ini",
            "id": "bff618d1633622cebdcb9a4de480d4fea13218f1",
            "sensitive_content": null,
            "source": null
          },
          "sensitive_attributes": [
            [
              {
                "type": "get_attr",
                "value": "sensitive_content"
              }
            ]
          ],
          "dependencies": [
            "module.ec2.aws_instance.public_ec2",
            "module.ec2.aws_key_pair.kp",
            "module.ec2.aws_security_group.public_security-group",
            "module.ec2.tls_private_key.pk",
            "module.vpc.aws_subnet.public_subnet",
            "module.vpc.aws_vpc.aws_vpc"
          ]
        }
      ]
    },
    {
      "module": "module.ec2",
      "mode": "managed",
      "type": "local_file",
      "name": "private_key",
      "provider": "provider[\"registry.terraform.io/hashicorp/local\"]",
      "instances": [
        {
          "schema_version": 0,
          "attributes": {
            "content": "-----BEGIN RSA PRIVATE KEY-----\nMIIJKwIBAAKCAgEA+85egkQUTcqck9xgR0tpUP2rf3eS/jwQ29b1YWZ4dzhqpPMF\n45wOpU9PUFxd9sUAbYz03xVznMvNPRs/GHWU0Ma9kv9hIZ1aH/7/MGtlIutyoCRv\n6Kga/1mwQjpcUSjwUMeZ7bAsS5UchdYe46AmVNiPBDTLYZMY5sdeXgBYLmvMkTZN\nSUtbUG02B+xFv9ShznUG1EB6lHL/Nif0kpJJ7jvKAgdL0MpjMUkjb554U2E9aTOT\nVKQKPrrFQ3NIr0gV0raVi3oN6D7OfEf0NEKA66mkiaVOhemFsZ8311eyWbsLzBM/\nb/tTZJSybj/HyY5UITYK3DpfL3/jC6n6JjO0qzA6gRc5z5migWdSWyTxSuwFBf95\n7Ef+Q/A73oTnYiumQb0X+WEUAm+ig1z5maai1kOeqR9gMQ5S91mThiO2BX58s8GI\nu1lKACYjDi7jBGU5Emyuqp82pkHQy68qlop2/yP8uT+SH4dCnaDfnJcnLs0gSGPy\naoDhYAqAUijAcelj608T5AJ3NAHaUf4yRPsOeVQML7uUebP+kA6GriXnjNdsz9+p\nGGbYkx3uJqbuYOWWnNdkXXL/FVBAv+Wt0z7Nm+WwazsibGoCXIvxBXyxHyUPmylL\nJo9/ZShpMXwV9lp+M8/oEMX+RAZVJp8+N0wU+A2BO29gRa4NhY1HOq49vjUCAwEA\nAQKCAgEAjxhQluCPVUHNxy0WPY26VL9DRVWzX+zMe9HlcitkTAPwfrpoX1dg70pp\nvTYwY7rCKn9O7LNpFvKuOIqSSZkQL7CxLKcaEJs2CzbC2EY/nB+G7UCno+RcKz5R\nruExcyG7p3w2ml9iXLVpFxl+RkbNYawLYg2KgnGwVf14QB0b/41dHCxqsTs0sjjN\n2qTHYmM4bHYOonHd9xx+scz07JJblxm9C3gP+p/4zJpOm/DHWkLJPk6D7DaoZ8uF\nrHYIGSvy0uLViwSagJ+ogfH18fjVAJdQHLSnMexqAG2Fs0dv4BQueRN7Gm0Nj/v8\nhjCSnZTXdGQcudgmHX0kjo1SzYDWqs1UbqmoBRyYtasAPw0CNQuVJo7ZeeqnbV1X\nRmtvOYrCMQXOr732UDeQB3/a5uDE8hTwMkOyNTlf46cCiX+CyO2lVEhYSpgDalrL\nBWx7MbtDS/FW6rHSUTnA0ak8CTBcQIzKbWCHZ0upzxLuXCDgw0UrLOgJcyazzKSf\n8JnbCbDQUvYP5YjyIoU9rCQ9gxzQcRiSZozRdQqqdtWHw0BkTOHdWQ0IKZb45yk2\nFJ02NCoQr7MtzQf2q+WDlnAWh8ErzZqs4pS/XupKLPfBdjat7o6txScvF4UtXZMT\ni69m6sOi5IZ64WfUKKy7leMt73UpGQFbxQ813bmIFQ3s12ik1yUCggEBAPzGdmiV\nJ1qtwL1wNE1Vmyxliw+2UXxzxEkdWmMhqhvCssmoNA8Wr5//HDOt06KhPZxrCwiv\nKEKo8Rd2jINnvfk162HMwkRg08u41q5sJqtY9zWtHN8n5DqfRvtPEGlfFRsFjlZz\nAJCZTHQXP2LFvrFQETcNQh4aK8osbMgZQfyFIdecP48hADSLnwqUwZIqZen/vgb+\n002583H0HC7hEfli1KqgtYFrj3exQhymxo1gO8vVW4ugGVBhiYnBE0v79SmETb74\nj5+Zb3/tYBLCPd0SMM8meuqHtmtkXX5Id77/7xtjAIb7LXD8GNJYKdtrl7XQnXD7\nvYMy/17jlDBOVO8CggEBAP8Evdp4+djeNG1FY1frTFdoh8GUNitDSUTjeNjg3t1Z\nDae82zx87VBT0Wc2UoEOHxBQQJXd67AghXHEjCBq0Pc1IaATYx8OdD6bn7774s16\nrq4yw0j0pqf/iw22rXcU0JMC/UakClP3HcSLt2MMI+ZKg2IqGbWUeShv9cef7Lwy\na/eInBDL617UrhXpMrIUPbHbA5YGElEgr5xa+D7jB66vGMhLiC26Sc8n4Xx29CmP\npoFtOm9yQmgDXmTot0ojuckuVywZHsnBmIxPb8UXlbozycRuRSCIAYzxXr0qGpHN\ntuBBO9y729O9RO/Bu+VVUNiN2oY501mafavibY9bxxsCggEBAKP7zE1EledJ2UQM\nSqHw61398h0bVfm60JfuJvkwmb6wrHQOXtd7DCxrv8v29NkIaYPUHbBgkWnNV7q0\n+as13hSSWkV0JINfnYcIPp2hI+T9LkLwL07F/lXZhp76R9dUC8kf7Zs/uBoWmXam\nrkRRrMgy/TgNrdsBd28NKvUVDa3YYIATqVgdPJjaCy8+GeXNA5iuhITdRA+klr5S\ncwYmlRaIexbGc3mmYchwgkc8GosU5zXxEBagokt3O1bWnsIojn+EiTte3S3YyHDh\nefYxdRi5+FgqyorjyAAbeFu4f5a1SlUmAO2QfYZSxXeQIndqcV1OHRVy+xrmNq1E\nTpqX9pkCggEBAPJ8I7pVRdz8jIVKcUfsKM8ESfG7aDaC6Gxkj0hJqiB2yREx9pTx\nhQXYbUji0lh8gPUWGhNmzPDQO5MN/N/mMYSeNLbtOFcTe1z8xUzoXaRcfzSMeDwq\nxT0BM8t6ZD7Sv/DJ6uL8oAVu+BMndtzrckdLmtoAhimuX/YfX2jNnGDm4NqiPyOJ\ngujM+itDbjz+Ghu/0Q0aANi7Z8AYj+vcHDXxsHLjvz0b4YrktPeQdGIAgaaXofTO\nhG46pcr1rTMF/WZadfEsgaX+O3tPHUwfPPOswrHQ2FIygKbv69Ga82CoZredz7n3\ntvMDCUWgxXUvRoxjdeIjod+VkuGZj+u8rPkCggEBAMSu4KRvmKnYOdoXVrwEvrKz\nLPA8b65HdU22MhhHKjn405a6nsl3QoB0X8wKCWHsoWefsPY0pWYIkkDP7nQCSZtn\nkOdMxLfFjqMjJt8DEDh+SSH8nUOkUfmln9CBqj1ZtLqQe4TM2HExiHBG8PZaTWXa\nzdkjgeTiDNGo8SdLbS1tDmfPovpf28XPiwagxPVMgwMTBfivu2TrysRImXGtw1V8\nhs7C0nvPpe/519En5VI93SYwz5IysHnoE6+KX2xnoMGZ2FN+96Uk0CxMKNgm3eqY\nMqEpzYTkiMkyVtwxkaVrM+R8nA4muaMALv3PKg2rMGdiW20KpKze0u7RApVpZOU=\n-----END RSA PRIVATE KEY-----\n",
            "content_base64": null,
            "content_base64sha256": "SsNPAuuLLFbi97NkfsJgKMyDa+4Cbb1hV6XFszs3I64=",
            "content_base64sha512": "VB/1/kRX39rlu7QLhzNIDPeSzFimdwxBKvC/E280Wp/zR00sa3Km+gPuLcc4oZ1/Jy76DwwM5jIv/RT+21rCEg==",
            "content_md5": "e7912bc2012f89891e45340ee3b417e5",
            "content_sha1": "b3d620b63873ec7efc99ba5c77ce6a3bc7381f8c",
            "content_sha256": "4ac34f02eb8b2c56e2f7b3647ec26028cc836bee026dbd6157a5c5b33b3723ae",
            "content_sha512": "541ff5fe4457dfdae5bbb40b8733480cf792cc58a6770c412af0bf136f345a9ff3474d2c6b72a6fa03ee2dc738a19d7f272efa0f0c0ce6322ffd14fedb5ac212",
            "directory_permission": "0777",
            "file_permission": "0777",
            "filename": "/home/mostafa/depi/DEPI-Project/terraform/private_key.pem",
            "id": "b3d620b63873ec7efc99ba5c77ce6a3bc7381f8c",
            "sensitive_content": null,
            "source": null
          },
          "sensitive_attributes": [
            [
              {
                "type": "get_attr",
                "value": "sensitive_content"
              }
            ],
            [
              {
                "type": "get_attr",
                "value": "content"
              }
            ]
          ],
          "dependencies": [
            "module.ec2.tls_private_key.pk"
          ]
        }
      ]
    },
    {
      "module": "module.ec2",
      "mode": "managed",
      "type": "tls_private_key",
      "name": "pk",
      "provider": "provider[\"registry.terraform.io/hashicorp/tls\"]",
      "instances": [
        {
          "schema_version": 1,
          "attributes": {
            "algorithm": "RSA",
            "ecdsa_curve": "P224",
            "id": "5a6b59b0883c9743fc02a17b8162d8ad1a10ee6b",
            "private_key_openssh": "-----BEGIN OPENSSH PRIVATE KEY-----\nb3BlbnNzaC1rZXktdjEAAAAABG5vbmUAAAAEbm9uZQAAAAAAAAABAAACFwAAAAdz\nc2gtcnNhAAAAAwEAAQAAAgEA+85egkQUTcqck9xgR0tpUP2rf3eS/jwQ29b1YWZ4\ndzhqpPMF45wOpU9PUFxd9sUAbYz03xVznMvNPRs/GHWU0Ma9kv9hIZ1aH/7/MGtl\nIutyoCRv6Kga/1mwQjpcUSjwUMeZ7bAsS5UchdYe46AmVNiPBDTLYZMY5sdeXgBY\nLmvMkTZNSUtbUG02B+xFv9ShznUG1EB6lHL/Nif0kpJJ7jvKAgdL0MpjMUkjb554\nU2E9aTOTVKQKPrrFQ3NIr0gV0raVi3oN6D7OfEf0NEKA66mkiaVOhemFsZ8311ey\nWbsLzBM/b/tTZJSybj/HyY5UITYK3DpfL3/jC6n6JjO0qzA6gRc5z5migWdSWyTx\nSuwFBf957Ef+Q/A73oTnYiumQb0X+WEUAm+ig1z5maai1kOeqR9gMQ5S91mThiO2\nBX58s8GIu1lKACYjDi7jBGU5Emyuqp82pkHQy68qlop2/yP8uT+SH4dCnaDfnJcn\nLs0gSGPyaoDhYAqAUijAcelj608T5AJ3NAHaUf4yRPsOeVQML7uUebP+kA6GriXn\njNdsz9+pGGbYkx3uJqbuYOWWnNdkXXL/FVBAv+Wt0z7Nm+WwazsibGoCXIvxBXyx\nHyUPmylLJo9/ZShpMXwV9lp+M8/oEMX+RAZVJp8+N0wU+A2BO29gRa4NhY1HOq49\nvjUAAAc4yfXRssn10bIAAAAHc3NoLXJzYQAAAgEA+85egkQUTcqck9xgR0tpUP2r\nf3eS/jwQ29b1YWZ4dzhqpPMF45wOpU9PUFxd9sUAbYz03xVznMvNPRs/GHWU0Ma9\nkv9hIZ1aH/7/MGtlIutyoCRv6Kga/1mwQjpcUSjwUMeZ7bAsS5UchdYe46AmVNiP\nBDTLYZMY5sdeXgBYLmvMkTZNSUtbUG02B+xFv9ShznUG1EB6lHL/Nif0kpJJ7jvK\nAgdL0MpjMUkjb554U2E9aTOTVKQKPrrFQ3NIr0gV0raVi3oN6D7OfEf0NEKA66mk\niaVOhemFsZ8311eyWbsLzBM/b/tTZJSybj/HyY5UITYK3DpfL3/jC6n6JjO0qzA6\ngRc5z5migWdSWyTxSuwFBf957Ef+Q/A73oTnYiumQb0X+WEUAm+ig1z5maai1kOe\nqR9gMQ5S91mThiO2BX58s8GIu1lKACYjDi7jBGU5Emyuqp82pkHQy68qlop2/yP8\nuT+SH4dCnaDfnJcnLs0gSGPyaoDhYAqAUijAcelj608T5AJ3NAHaUf4yRPsOeVQM\nL7uUebP+kA6GriXnjNdsz9+pGGbYkx3uJqbuYOWWnNdkXXL/FVBAv+Wt0z7Nm+Ww\nazsibGoCXIvxBXyxHyUPmylLJo9/ZShpMXwV9lp+M8/oEMX+RAZVJp8+N0wU+A2B\nO29gRa4NhY1HOq49vjUAAAADAQABAAACAQCPGFCW4I9VQc3HLRY9jbpUv0NFVbNf\n7Mx70eVyK2RMA/B+umhfV2DvSmm9NjBjusIqf07ss2kW8q44ipJJmRAvsLEspxoQ\nmzYLNsLYRj+cH4btQKej5FwrPlGu4TFzIbunfDaaX2JctWkXGX5GRs1hrAtiDYqC\ncbBV/XhAHRv/jV0cLGqxOzSyOM3apMdiYzhsdg6icd33HH6xzPTskluXGb0LeA/6\nn/jMmk6b8MdaQsk+ToPsNqhny4WsdggZK/LS4tWLBJqAn6iB8fXx+NUAl1ActKcx\n7GoAbYWzR2/gFC55E3sabQ2P+/yGMJKdlNd0ZBy52CYdfSSOjVLNgNaqzVRuqagF\nHJi1qwA/DQI1C5Umjtl56qdtXVdGa285isIxBc6vvfZQN5AHf9rm4MTyFPAyQ7I1\nOV/jpwKJf4LI7aVUSFhKmANqWssFbHsxu0NL8VbqsdJROcDRqTwJMFxAjMptYIdn\nS6nPEu5cIODDRSss6AlzJrPMpJ/wmdsJsNBS9g/liPIihT2sJD2DHNBxGJJmjNF1\nCqp21YfDQGRM4d1ZDQgplvjnKTYUnTY0KhCvsy3NB/ar5YOWcBaHwSvNmqzilL9e\n6kos98F2Nq3ujq3FJy8XhS1dkxOLr2bqw6LkhnrhZ9QorLuV4y3vdSkZAVvFDzXd\nuYgVDezXaKTXJQAAAQEAxK7gpG+Yqdg52hdWvAS+srMs8Dxvrkd1TbYyGEcqOfjT\nlrqeyXdCgHRfzAoJYeyhZ5+w9jSlZgiSQM/udAJJm2eQ50zEt8WOoyMm3wMQOH5J\nIfydQ6RR+aWf0IGqPVm0upB7hMzYcTGIcEbw9lpNZdrN2SOB5OIM0ajxJ0ttLW0O\nZ8+i+l/bxc+LBqDE9UyDAxMF+K+7ZOvKxEiZca3DVXyGzsLSe8+l7/nX0SflUj3d\nJjDPkjKweegTr4pfbGegwZnYU373pSTQLEwo2Cbd6pgyoSnNhOSIyTJW3DGRpWsz\n5HycDia5owAu/c8qDaswZ2JbbQqkrN7S7tEClWlk5QAAAQEA/MZ2aJUnWq3AvXA0\nTVWbLGWLD7ZRfHPESR1aYyGqG8Kyyag0Dxavn/8cM63ToqE9nGsLCK8oQqjxF3aM\ng2e9+TXrYczCRGDTy7jWrmwmq1j3Na0c3yfkOp9G+08QaV8VGwWOVnMAkJlMdBc/\nYsW+sVARNw1CHhoryixsyBlB/IUh15w/jyEANIufCpTBkipl6f++Bv7TTbnzcfQc\nLuER+WLUqqC1gWuPd7FCHKbGjWA7y9Vbi6AZUGGJicETS/v1KYRNvviPn5lvf+1g\nEsI93RIwzyZ66oe2a2Rdfkh3vv/vG2MAhvstcPwY0lgp22uXtdCdcPu9gzL/XuOU\nME5U7wAAAQEA/wS92nj52N40bUVjV+tMV2iHwZQ2K0NJRON42ODe3VkNp7zbPHzt\nUFPRZzZSgQ4fEFBAld3rsCCFccSMIGrQ9zUhoBNjHw50PpufvvvizXqurjLDSPSm\np/+LDbatdxTQkwL9RqQKU/cdxIu3Ywwj5kqDYioZtZR5KG/1x5/svDJr94icEMvr\nXtSuFekyshQ9sdsDlgYSUSCvnFr4PuMHrq8YyEuILbpJzyfhfHb0KY+mgW06b3JC\naANeZOi3SiO5yS5XLBkeycGYjE9vxReVujPJxG5FIIgBjPFevSoakc224EE73Lvb\n071E78G75VVQ2I3ahjnTWZp9q+Jtj1vHGwAAAAAB\n-----END OPENSSH PRIVATE KEY-----\n",
            "private_key_pem": "-----BEGIN RSA PRIVATE KEY-----\nMIIJKwIBAAKCAgEA+85egkQUTcqck9xgR0tpUP2rf3eS/jwQ29b1YWZ4dzhqpPMF\n45wOpU9PUFxd9sUAbYz03xVznMvNPRs/GHWU0Ma9kv9hIZ1aH/7/MGtlIutyoCRv\n6Kga/1mwQjpcUSjwUMeZ7bAsS5UchdYe46AmVNiPBDTLYZMY5sdeXgBYLmvMkTZN\nSUtbUG02B+xFv9ShznUG1EB6lHL/Nif0kpJJ7jvKAgdL0MpjMUkjb554U2E9aTOT\nVKQKPrrFQ3NIr0gV0raVi3oN6D7OfEf0NEKA66mkiaVOhemFsZ8311eyWbsLzBM/\nb/tTZJSybj/HyY5UITYK3DpfL3/jC6n6JjO0qzA6gRc5z5migWdSWyTxSuwFBf95\n7Ef+Q/A73oTnYiumQb0X+WEUAm+ig1z5maai1kOeqR9gMQ5S91mThiO2BX58s8GI\nu1lKACYjDi7jBGU5Emyuqp82pkHQy68qlop2/yP8uT+SH4dCnaDfnJcnLs0gSGPy\naoDhYAqAUijAcelj608T5AJ3NAHaUf4yRPsOeVQML7uUebP+kA6GriXnjNdsz9+p\nGGbYkx3uJqbuYOWWnNdkXXL/FVBAv+Wt0z7Nm+WwazsibGoCXIvxBXyxHyUPmylL\nJo9/ZShpMXwV9lp+M8/oEMX+RAZVJp8+N0wU+A2BO29gRa4NhY1HOq49vjUCAwEA\nAQKCAgEAjxhQluCPVUHNxy0WPY26VL9DRVWzX+zMe9HlcitkTAPwfrpoX1dg70pp\nvTYwY7rCKn9O7LNpFvKuOIqSSZkQL7CxLKcaEJs2CzbC2EY/nB+G7UCno+RcKz5R\nruExcyG7p3w2ml9iXLVpFxl+RkbNYawLYg2KgnGwVf14QB0b/41dHCxqsTs0sjjN\n2qTHYmM4bHYOonHd9xx+scz07JJblxm9C3gP+p/4zJpOm/DHWkLJPk6D7DaoZ8uF\nrHYIGSvy0uLViwSagJ+ogfH18fjVAJdQHLSnMexqAG2Fs0dv4BQueRN7Gm0Nj/v8\nhjCSnZTXdGQcudgmHX0kjo1SzYDWqs1UbqmoBRyYtasAPw0CNQuVJo7ZeeqnbV1X\nRmtvOYrCMQXOr732UDeQB3/a5uDE8hTwMkOyNTlf46cCiX+CyO2lVEhYSpgDalrL\nBWx7MbtDS/FW6rHSUTnA0ak8CTBcQIzKbWCHZ0upzxLuXCDgw0UrLOgJcyazzKSf\n8JnbCbDQUvYP5YjyIoU9rCQ9gxzQcRiSZozRdQqqdtWHw0BkTOHdWQ0IKZb45yk2\nFJ02NCoQr7MtzQf2q+WDlnAWh8ErzZqs4pS/XupKLPfBdjat7o6txScvF4UtXZMT\ni69m6sOi5IZ64WfUKKy7leMt73UpGQFbxQ813bmIFQ3s12ik1yUCggEBAPzGdmiV\nJ1qtwL1wNE1Vmyxliw+2UXxzxEkdWmMhqhvCssmoNA8Wr5//HDOt06KhPZxrCwiv\nKEKo8Rd2jINnvfk162HMwkRg08u41q5sJqtY9zWtHN8n5DqfRvtPEGlfFRsFjlZz\nAJCZTHQXP2LFvrFQETcNQh4aK8osbMgZQfyFIdecP48hADSLnwqUwZIqZen/vgb+\n002583H0HC7hEfli1KqgtYFrj3exQhymxo1gO8vVW4ugGVBhiYnBE0v79SmETb74\nj5+Zb3/tYBLCPd0SMM8meuqHtmtkXX5Id77/7xtjAIb7LXD8GNJYKdtrl7XQnXD7\nvYMy/17jlDBOVO8CggEBAP8Evdp4+djeNG1FY1frTFdoh8GUNitDSUTjeNjg3t1Z\nDae82zx87VBT0Wc2UoEOHxBQQJXd67AghXHEjCBq0Pc1IaATYx8OdD6bn7774s16\nrq4yw0j0pqf/iw22rXcU0JMC/UakClP3HcSLt2MMI+ZKg2IqGbWUeShv9cef7Lwy\na/eInBDL617UrhXpMrIUPbHbA5YGElEgr5xa+D7jB66vGMhLiC26Sc8n4Xx29CmP\npoFtOm9yQmgDXmTot0ojuckuVywZHsnBmIxPb8UXlbozycRuRSCIAYzxXr0qGpHN\ntuBBO9y729O9RO/Bu+VVUNiN2oY501mafavibY9bxxsCggEBAKP7zE1EledJ2UQM\nSqHw61398h0bVfm60JfuJvkwmb6wrHQOXtd7DCxrv8v29NkIaYPUHbBgkWnNV7q0\n+as13hSSWkV0JINfnYcIPp2hI+T9LkLwL07F/lXZhp76R9dUC8kf7Zs/uBoWmXam\nrkRRrMgy/TgNrdsBd28NKvUVDa3YYIATqVgdPJjaCy8+GeXNA5iuhITdRA+klr5S\ncwYmlRaIexbGc3mmYchwgkc8GosU5zXxEBagokt3O1bWnsIojn+EiTte3S3YyHDh\nefYxdRi5+FgqyorjyAAbeFu4f5a1SlUmAO2QfYZSxXeQIndqcV1OHRVy+xrmNq1E\nTpqX9pkCggEBAPJ8I7pVRdz8jIVKcUfsKM8ESfG7aDaC6Gxkj0hJqiB2yREx9pTx\nhQXYbUji0lh8gPUWGhNmzPDQO5MN/N/mMYSeNLbtOFcTe1z8xUzoXaRcfzSMeDwq\nxT0BM8t6ZD7Sv/DJ6uL8oAVu+BMndtzrckdLmtoAhimuX/YfX2jNnGDm4NqiPyOJ\ngujM+itDbjz+Ghu/0Q0aANi7Z8AYj+vcHDXxsHLjvz0b4YrktPeQdGIAgaaXofTO\nhG46pcr1rTMF/WZadfEsgaX+O3tPHUwfPPOswrHQ2FIygKbv69Ga82CoZredz7n3\ntvMDCUWgxXUvRoxjdeIjod+VkuGZj+u8rPkCggEBAMSu4KRvmKnYOdoXVrwEvrKz\nLPA8b65HdU22MhhHKjn405a6nsl3QoB0X8wKCWHsoWefsPY0pWYIkkDP7nQCSZtn\nkOdMxLfFjqMjJt8DEDh+SSH8nUOkUfmln9CBqj1ZtLqQe4TM2HExiHBG8PZaTWXa\nzdkjgeTiDNGo8SdLbS1tDmfPovpf28XPiwagxPVMgwMTBfivu2TrysRImXGtw1V8\nhs7C0nvPpe/519En5VI93SYwz5IysHnoE6+KX2xnoMGZ2FN+96Uk0CxMKNgm3eqY\nMqEpzYTkiMkyVtwxkaVrM+R8nA4muaMALv3PKg2rMGdiW20KpKze0u7RApVpZOU=\n-----END RSA PRIVATE KEY-----\n",
            "private_key_pem_pkcs8": "-----BEGIN PRIVATE KEY-----\nMIIJRQIBADANBgkqhkiG9w0BAQEFAASCCS8wggkrAgEAAoICAQD7zl6CRBRNypyT\n3GBHS2lQ/at/d5L+PBDb1vVhZnh3OGqk8wXjnA6lT09QXF32xQBtjPTfFXOcy809\nGz8YdZTQxr2S/2EhnVof/v8wa2Ui63KgJG/oqBr/WbBCOlxRKPBQx5ntsCxLlRyF\n1h7joCZU2I8ENMthkxjmx15eAFgua8yRNk1JS1tQbTYH7EW/1KHOdQbUQHqUcv82\nJ/SSkknuO8oCB0vQymMxSSNvnnhTYT1pM5NUpAo+usVDc0ivSBXStpWLeg3oPs58\nR/Q0QoDrqaSJpU6F6YWxnzfXV7JZuwvMEz9v+1NklLJuP8fJjlQhNgrcOl8vf+ML\nqfomM7SrMDqBFznPmaKBZ1JbJPFK7AUF/3nsR/5D8DvehOdiK6ZBvRf5YRQCb6KD\nXPmZpqLWQ56pH2AxDlL3WZOGI7YFfnyzwYi7WUoAJiMOLuMEZTkSbK6qnzamQdDL\nryqWinb/I/y5P5Ifh0KdoN+clycuzSBIY/JqgOFgCoBSKMBx6WPrTxPkAnc0AdpR\n/jJE+w55VAwvu5R5s/6QDoauJeeM12zP36kYZtiTHe4mpu5g5Zac12Rdcv8VUEC/\n5a3TPs2b5bBrOyJsagJci/EFfLEfJQ+bKUsmj39lKGkxfBX2Wn4zz+gQxf5EBlUm\nnz43TBT4DYE7b2BFrg2FjUc6rj2+NQIDAQABAoICAQCPGFCW4I9VQc3HLRY9jbpU\nv0NFVbNf7Mx70eVyK2RMA/B+umhfV2DvSmm9NjBjusIqf07ss2kW8q44ipJJmRAv\nsLEspxoQmzYLNsLYRj+cH4btQKej5FwrPlGu4TFzIbunfDaaX2JctWkXGX5GRs1h\nrAtiDYqCcbBV/XhAHRv/jV0cLGqxOzSyOM3apMdiYzhsdg6icd33HH6xzPTskluX\nGb0LeA/6n/jMmk6b8MdaQsk+ToPsNqhny4WsdggZK/LS4tWLBJqAn6iB8fXx+NUA\nl1ActKcx7GoAbYWzR2/gFC55E3sabQ2P+/yGMJKdlNd0ZBy52CYdfSSOjVLNgNaq\nzVRuqagFHJi1qwA/DQI1C5Umjtl56qdtXVdGa285isIxBc6vvfZQN5AHf9rm4MTy\nFPAyQ7I1OV/jpwKJf4LI7aVUSFhKmANqWssFbHsxu0NL8VbqsdJROcDRqTwJMFxA\njMptYIdnS6nPEu5cIODDRSss6AlzJrPMpJ/wmdsJsNBS9g/liPIihT2sJD2DHNBx\nGJJmjNF1Cqp21YfDQGRM4d1ZDQgplvjnKTYUnTY0KhCvsy3NB/ar5YOWcBaHwSvN\nmqzilL9e6kos98F2Nq3ujq3FJy8XhS1dkxOLr2bqw6LkhnrhZ9QorLuV4y3vdSkZ\nAVvFDzXduYgVDezXaKTXJQKCAQEA/MZ2aJUnWq3AvXA0TVWbLGWLD7ZRfHPESR1a\nYyGqG8Kyyag0Dxavn/8cM63ToqE9nGsLCK8oQqjxF3aMg2e9+TXrYczCRGDTy7jW\nrmwmq1j3Na0c3yfkOp9G+08QaV8VGwWOVnMAkJlMdBc/YsW+sVARNw1CHhoryixs\nyBlB/IUh15w/jyEANIufCpTBkipl6f++Bv7TTbnzcfQcLuER+WLUqqC1gWuPd7FC\nHKbGjWA7y9Vbi6AZUGGJicETS/v1KYRNvviPn5lvf+1gEsI93RIwzyZ66oe2a2Rd\nfkh3vv/vG2MAhvstcPwY0lgp22uXtdCdcPu9gzL/XuOUME5U7wKCAQEA/wS92nj5\n2N40bUVjV+tMV2iHwZQ2K0NJRON42ODe3VkNp7zbPHztUFPRZzZSgQ4fEFBAld3r\nsCCFccSMIGrQ9zUhoBNjHw50PpufvvvizXqurjLDSPSmp/+LDbatdxTQkwL9RqQK\nU/cdxIu3Ywwj5kqDYioZtZR5KG/1x5/svDJr94icEMvrXtSuFekyshQ9sdsDlgYS\nUSCvnFr4PuMHrq8YyEuILbpJzyfhfHb0KY+mgW06b3JCaANeZOi3SiO5yS5XLBke\nycGYjE9vxReVujPJxG5FIIgBjPFevSoakc224EE73Lvb071E78G75VVQ2I3ahjnT\nWZp9q+Jtj1vHGwKCAQEAo/vMTUSV50nZRAxKofDrXf3yHRtV+brQl+4m+TCZvrCs\ndA5e13sMLGu/y/b02Qhpg9QdsGCRac1XurT5qzXeFJJaRXQkg1+dhwg+naEj5P0u\nQvAvTsX+VdmGnvpH11QLyR/tmz+4GhaZdqauRFGsyDL9OA2t2wF3bw0q9RUNrdhg\ngBOpWB08mNoLLz4Z5c0DmK6EhN1ED6SWvlJzBiaVFoh7FsZzeaZhyHCCRzwaixTn\nNfEQFqCiS3c7VtaewiiOf4SJO17dLdjIcOF59jF1GLn4WCrKiuPIABt4W7h/lrVK\nVSYA7ZB9hlLFd5Aid2pxXU4dFXL7GuY2rUROmpf2mQKCAQEA8nwjulVF3PyMhUpx\nR+wozwRJ8btoNoLobGSPSEmqIHbJETH2lPGFBdhtSOLSWHyA9RYaE2bM8NA7kw38\n3+YxhJ40tu04VxN7XPzFTOhdpFx/NIx4PCrFPQEzy3pkPtK/8Mnq4vygBW74Eyd2\n3OtyR0ua2gCGKa5f9h9faM2cYObg2qI/I4mC6Mz6K0NuPP4aG7/RDRoA2LtnwBiP\n69wcNfGwcuO/PRvhiuS095B0YgCBppeh9M6EbjqlyvWtMwX9Zlp18SyBpf47e08d\nTB8886zCsdDYUjKApu/r0ZrzYKhmt53Pufe28wMJRaDFdS9GjGN14iOh35WS4ZmP\n67ys+QKCAQEAxK7gpG+Yqdg52hdWvAS+srMs8Dxvrkd1TbYyGEcqOfjTlrqeyXdC\ngHRfzAoJYeyhZ5+w9jSlZgiSQM/udAJJm2eQ50zEt8WOoyMm3wMQOH5JIfydQ6RR\n+aWf0IGqPVm0upB7hMzYcTGIcEbw9lpNZdrN2SOB5OIM0ajxJ0ttLW0OZ8+i+l/b\nxc+LBqDE9UyDAxMF+K+7ZOvKxEiZca3DVXyGzsLSe8+l7/nX0SflUj3dJjDPkjKw\neegTr4pfbGegwZnYU373pSTQLEwo2Cbd6pgyoSnNhOSIyTJW3DGRpWsz5HycDia5\nowAu/c8qDaswZ2JbbQqkrN7S7tEClWlk5Q==\n-----END PRIVATE KEY-----\n",
            "public_key_fingerprint_md5": "f2:1a:a8:a5:fe:1a:04:5d:aa:eb:af:6c:41:93:e8:44",
            "public_key_fingerprint_sha256": "SHA256:Q2H+tztO5M3V5hM4jLUAu9WZq8BQaSOvvsLkUTtF66o",
            "public_key_openssh": "ssh-rsa AAAAB3NzaC1yc2EAAAADAQABAAACAQD7zl6CRBRNypyT3GBHS2lQ/at/d5L+PBDb1vVhZnh3OGqk8wXjnA6lT09QXF32xQBtjPTfFXOcy809Gz8YdZTQxr2S/2EhnVof/v8wa2Ui63KgJG/oqBr/WbBCOlxRKPBQx5ntsCxLlRyF1h7joCZU2I8ENMthkxjmx15eAFgua8yRNk1JS1tQbTYH7EW/1KHOdQbUQHqUcv82J/SSkknuO8oCB0vQymMxSSNvnnhTYT1pM5NUpAo+usVDc0ivSBXStpWLeg3oPs58R/Q0QoDrqaSJpU6F6YWxnzfXV7JZuwvMEz9v+1NklLJuP8fJjlQhNgrcOl8vf+MLqfomM7SrMDqBFznPmaKBZ1JbJPFK7AUF/3nsR/5D8DvehOdiK6ZBvRf5YRQCb6KDXPmZpqLWQ56pH2AxDlL3WZOGI7YFfnyzwYi7WUoAJiMOLuMEZTkSbK6qnzamQdDLryqWinb/I/y5P5Ifh0KdoN+clycuzSBIY/JqgOFgCoBSKMBx6WPrTxPkAnc0AdpR/jJE+w55VAwvu5R5s/6QDoauJeeM12zP36kYZtiTHe4mpu5g5Zac12Rdcv8VUEC/5a3TPs2b5bBrOyJsagJci/EFfLEfJQ+bKUsmj39lKGkxfBX2Wn4zz+gQxf5EBlUmnz43TBT4DYE7b2BFrg2FjUc6rj2+NQ==\n",
            "public_key_pem": "-----BEGIN PUBLIC KEY-----\nMIICIjANBgkqhkiG9w0BAQEFAAOCAg8AMIICCgKCAgEA+85egkQUTcqck9xgR0tp\nUP2rf3eS/jwQ29b1YWZ4dzhqpPMF45wOpU9PUFxd9sUAbYz03xVznMvNPRs/GHWU\n0Ma9kv9hIZ1aH/7/MGtlIutyoCRv6Kga/1mwQjpcUSjwUMeZ7bAsS5UchdYe46Am\nVNiPBDTLYZMY5sdeXgBYLmvMkTZNSUtbUG02B+xFv9ShznUG1EB6lHL/Nif0kpJJ\n7jvKAgdL0MpjMUkjb554U2E9aTOTVKQKPrrFQ3NIr0gV0raVi3oN6D7OfEf0NEKA\n66mkiaVOhemFsZ8311eyWbsLzBM/b/tTZJSybj/HyY5UITYK3DpfL3/jC6n6JjO0\nqzA6gRc5z5migWdSWyTxSuwFBf957Ef+Q/A73oTnYiumQb0X+WEUAm+ig1z5maai\n1kOeqR9gMQ5S91mThiO2BX58s8GIu1lKACYjDi7jBGU5Emyuqp82pkHQy68qlop2\n/yP8uT+SH4dCnaDfnJcnLs0gSGPyaoDhYAqAUijAcelj608T5AJ3NAHaUf4yRPsO\neVQML7uUebP+kA6GriXnjNdsz9+pGGbYkx3uJqbuYOWWnNdkXXL/FVBAv+Wt0z7N\nm+WwazsibGoCXIvxBXyxHyUPmylLJo9/ZShpMXwV9lp+M8/oEMX+RAZVJp8+N0wU\n+A2BO29gRa4NhY1HOq49vjUCAwEAAQ==\n-----END PUBLIC KEY-----\n",
            "rsa_bits": 4096
          },
          "sensitive_attributes": [
            [
              {
                "type": "get_attr",
                "value": "private_key_openssh"
              }
            ],
            [
              {
                "type": "get_attr",
                "value": "private_key_pem"
              }
            ],
            [
              {
                "type": "get_attr",
                "value": "private_key_pem_pkcs8"
              }
            ]
          ]
        }
      ]
    },
    {
      "module": "module.vpc",
      "mode": "managed",
      "type": "aws_internet_gateway",
      "name": "internet_gateway",
      "provider": "provider[\"registry.terraform.io/hashicorp/aws\"]",
      "instances": [
        {
          "index_key": 0,
          "schema_version": 0,
          "attributes": {
            "arn": "arn:aws:ec2:us-east-1:083469513477:internet-gateway/igw-04765b3c833cd81c4",
            "id": "igw-04765b3c833cd81c4",
            "owner_id": "083469513477",
            "tags": {
              "Name": "igw-test-vpc",
              "created-by": "john"
            },
            "tags_all": {
              "Name": "igw-test-vpc",
              "created-by": "john"
            },
            "timeouts": null,
            "vpc_id": "vpc-05a6902a81595f2b1"
          },
          "sensitive_attributes": [],
          "private": "eyJlMmJmYjczMC1lY2FhLTExZTYtOGY4OC0zNDM2M2JjN2M0YzAiOnsiY3JlYXRlIjoxMjAwMDAwMDAwMDAwLCJkZWxldGUiOjEyMDAwMDAwMDAwMDAsInVwZGF0ZSI6MTIwMDAwMDAwMDAwMH19",
          "dependencies": [
            "module.vpc.aws_vpc.aws_vpc"
          ]
        }
      ]
    },
    {
      "module": "module.vpc",
      "mode": "managed",
      "type": "aws_route_table",
      "name": "public_route_table",
      "provider": "provider[\"registry.terraform.io/hashicorp/aws\"]",
      "instances": [
        {
          "index_key": 0,
          "schema_version": 0,
          "attributes": {
            "arn": "arn:aws:ec2:us-east-1:083469513477:route-table/rtb-0d84c146b3cb0951c",
            "id": "rtb-0d84c146b3cb0951c",
            "owner_id": "083469513477",
            "propagating_vgws": [],
            "route": [
              {
                "carrier_gateway_id": "",
                "cidr_block": "0.0.0.0/0",
                "core_network_arn": "",
                "destination_prefix_list_id": "",
                "egress_only_gateway_id": "",
                "gateway_id": "igw-04765b3c833cd81c4",
                "ipv6_cidr_block": "",
                "local_gateway_id": "",
                "nat_gateway_id": "",
                "network_interface_id": "",
                "transit_gateway_id": "",
                "vpc_endpoint_id": "",
                "vpc_peering_connection_id": ""
              }
            ],
            "tags": {
              "Name": "route_table_test-vpc",
              "created-by": "john"
            },
            "tags_all": {
              "Name": "route_table_test-vpc",
              "created-by": "john"
            },
            "timeouts": null,
            "vpc_id": "vpc-05a6902a81595f2b1"
          },
          "sensitive_attributes": [],
          "private": "eyJlMmJmYjczMC1lY2FhLTExZTYtOGY4OC0zNDM2M2JjN2M0YzAiOnsiY3JlYXRlIjozMDAwMDAwMDAwMDAsImRlbGV0ZSI6MzAwMDAwMDAwMDAwLCJ1cGRhdGUiOjEyMDAwMDAwMDAwMH19",
          "dependencies": [
            "module.vpc.aws_internet_gateway.internet_gateway",
            "module.vpc.aws_vpc.aws_vpc"
          ]
        }
      ]
    },
    {
      "module": "module.vpc",
      "mode": "managed",
      "type": "aws_route_table_association",
      "name": "public_association",
      "provider": "provider[\"registry.terraform.io/hashicorp/aws\"]",
      "instances": [
        {
          "index_key": 0,
          "schema_version": 0,
          "attributes": {
            "gateway_id": "",
            "id": "rtbassoc-0e78efb6ff05640e4",
            "route_table_id": "rtb-0d84c146b3cb0951c",
            "subnet_id": "subnet-0ae4d81cdf1e76626",
            "timeouts": null
          },
          "sensitive_attributes": [],
          "private": "eyJlMmJmYjczMC1lY2FhLTExZTYtOGY4OC0zNDM2M2JjN2M0YzAiOnsiY3JlYXRlIjozMDAwMDAwMDAwMDAsImRlbGV0ZSI6MzAwMDAwMDAwMDAwLCJ1cGRhdGUiOjEyMDAwMDAwMDAwMH19",
          "dependencies": [
            "module.vpc.aws_internet_gateway.internet_gateway",
            "module.vpc.aws_route_table.public_route_table",
            "module.vpc.aws_subnet.public_subnet",
            "module.vpc.aws_vpc.aws_vpc"
          ]
        },
        {
          "index_key": 1,
          "schema_version": 0,
          "attributes": {
            "gateway_id": "",
            "id": "rtbassoc-0968d61b22ceadb65",
            "route_table_id": "rtb-0d84c146b3cb0951c",
            "subnet_id": "subnet-0802c61c4b0c4e435",
            "timeouts": null
          },
          "sensitive_attributes": [],
          "private": "eyJlMmJmYjczMC1lY2FhLTExZTYtOGY4OC0zNDM2M2JjN2M0YzAiOnsiY3JlYXRlIjozMDAwMDAwMDAwMDAsImRlbGV0ZSI6MzAwMDAwMDAwMDAwLCJ1cGRhdGUiOjEyMDAwMDAwMDAwMH19",
          "dependencies": [
            "module.vpc.aws_internet_gateway.internet_gateway",
            "module.vpc.aws_route_table.public_route_table",
            "module.vpc.aws_subnet.public_subnet",
            "module.vpc.aws_vpc.aws_vpc"
          ]
        }
      ]
    },
    {
      "module": "module.vpc",
      "mode": "managed",
      "type": "aws_subnet",
      "name": "public_subnet",
      "provider": "provider[\"registry.terraform.io/hashicorp/aws\"]",
      "instances": [
        {
          "index_key": 0,
          "schema_version": 1,
          "attributes": {
            "arn": "arn:aws:ec2:us-east-1:083469513477:subnet/subnet-0ae4d81cdf1e76626",
            "assign_ipv6_address_on_creation": false,
            "availability_zone": "us-east-1a",
            "availability_zone_id": "use1-az4",
            "cidr_block": "10.0.1.0/24",
            "customer_owned_ipv4_pool": "",
            "enable_dns64": false,
            "enable_lni_at_device_index": 0,
            "enable_resource_name_dns_a_record_on_launch": false,
            "enable_resource_name_dns_aaaa_record_on_launch": false,
            "id": "subnet-0ae4d81cdf1e76626",
            "ipv6_cidr_block": "",
            "ipv6_cidr_block_association_id": "",
            "ipv6_native": false,
            "map_customer_owned_ip_on_launch": false,
            "map_public_ip_on_launch": false,
            "outpost_arn": "",
            "owner_id": "083469513477",
            "private_dns_hostname_type_on_launch": "ip-name",
            "tags": {
              "Name": "public-subnet-1-test-vpc",
              "created-by": "john"
            },
            "tags_all": {
              "Name": "public-subnet-1-test-vpc",
              "created-by": "john"
            },
            "timeouts": null,
            "vpc_id": "vpc-05a6902a81595f2b1"
          },
          "sensitive_attributes": [],
          "private": "eyJlMmJmYjczMC1lY2FhLTExZTYtOGY4OC0zNDM2M2JjN2M0YzAiOnsiY3JlYXRlIjo2MDAwMDAwMDAwMDAsImRlbGV0ZSI6MTIwMDAwMDAwMDAwMH0sInNjaGVtYV92ZXJzaW9uIjoiMSJ9",
          "dependencies": [
            "module.vpc.aws_vpc.aws_vpc"
          ]
        },
        {
          "index_key": 1,
          "schema_version": 1,
          "attributes": {
            "arn": "arn:aws:ec2:us-east-1:083469513477:subnet/subnet-0802c61c4b0c4e435",
            "assign_ipv6_address_on_creation": false,
            "availability_zone": "us-east-1b",
            "availability_zone_id": "use1-az6",
            "cidr_block": "10.0.2.0/24",
            "customer_owned_ipv4_pool": "",
            "enable_dns64": false,
            "enable_lni_at_device_index": 0,
            "enable_resource_name_dns_a_record_on_launch": false,
            "enable_resource_name_dns_aaaa_record_on_launch": false,
            "id": "subnet-0802c61c4b0c4e435",
            "ipv6_cidr_block": "",
            "ipv6_cidr_block_association_id": "",
            "ipv6_native": false,
            "map_customer_owned_ip_on_launch": false,
            "map_public_ip_on_launch": false,
            "outpost_arn": "",
            "owner_id": "083469513477",
            "private_dns_hostname_type_on_launch": "ip-name",
            "tags": {
              "Name": "public-subnet-2-test-vpc",
              "created-by": "john"
            },
            "tags_all": {
              "Name": "public-subnet-2-test-vpc",
              "created-by": "john"
            },
            "timeouts": null,
            "vpc_id": "vpc-05a6902a81595f2b1"
          },
          "sensitive_attributes": [],
          "private": "eyJlMmJmYjczMC1lY2FhLTExZTYtOGY4OC0zNDM2M2JjN2M0YzAiOnsiY3JlYXRlIjo2MDAwMDAwMDAwMDAsImRlbGV0ZSI6MTIwMDAwMDAwMDAwMH0sInNjaGVtYV92ZXJzaW9uIjoiMSJ9",
          "dependencies": [
            "module.vpc.aws_vpc.aws_vpc"
          ]
        }
      ]
    },
    {
      "module": "module.vpc",
      "mode": "managed",
      "type": "aws_vpc",
      "name": "aws_vpc",
      "provider": "provider[\"registry.terraform.io/hashicorp/aws\"]",
      "instances": [
        {
          "schema_version": 1,
          "attributes": {
            "arn": "arn:aws:ec2:us-east-1:083469513477:vpc/vpc-05a6902a81595f2b1",
            "assign_generated_ipv6_cidr_block": false,
            "cidr_block": "10.0.0.0/16",
            "default_network_acl_id": "acl-00815042bcb72f1ce",
            "default_route_table_id": "rtb-08fdcc34b316bb89b",
            "default_security_group_id": "sg-0f596089c44eb175c",
            "dhcp_options_id": "dopt-0df804ad9baba93d6",
            "enable_dns_hostnames": false,
            "enable_dns_support": true,
            "enable_network_address_usage_metrics": false,
            "id": "vpc-05a6902a81595f2b1",
            "instance_tenancy": "default",
            "ipv4_ipam_pool_id": null,
            "ipv4_netmask_length": null,
            "ipv6_association_id": "",
            "ipv6_cidr_block": "",
            "ipv6_cidr_block_network_border_group": "",
            "ipv6_ipam_pool_id": "",
            "ipv6_netmask_length": 0,
            "main_route_table_id": "rtb-08fdcc34b316bb89b",
            "owner_id": "083469513477",
            "tags": {
              "Name": "test-vpc",
              "created-by": "john"
            },
            "tags_all": {
              "Name": "test-vpc",
              "created-by": "john"
            }
          },
          "sensitive_attributes": [],
          "private": "eyJzY2hlbWFfdmVyc2lvbiI6IjEifQ=="
        }
      ]
    }
  ],
  "check_results": null
}
