{
  "version": 4,
  "terraform_version": "1.9.6",
  "serial": 244,
  "lineage": "3728101b-db01-cefe-71c7-7f819378a146",
  "outputs": {},
  "resources": [
    {
      "module": "module.ec2",
      "mode": "managed",
      "type": "aws_instance",
      "name": "public_ec2",
      "provider": "provider[\"registry.terraform.io/hashicorp/aws\"]",
      "instances": [
        {
          "index_key": 0,
          "schema_version": 1,
          "attributes": {
            "ami": "ami-0e86e20dae9224db8",
            "arn": "arn:aws:ec2:us-east-1:083469513477:instance/i-0384c2fc960947d62",
            "associate_public_ip_address": true,
            "availability_zone": "us-east-1a",
            "capacity_reservation_specification": [
              {
                "capacity_reservation_preference": "open",
                "capacity_reservation_target": []
              }
            ],
            "cpu_core_count": 1,
            "cpu_options": [
              {
                "amd_sev_snp": "",
                "core_count": 1,
                "threads_per_core": 1
              }
            ],
            "cpu_threads_per_core": 1,
            "credit_specification": [
              {
                "cpu_credits": "standard"
              }
            ],
            "disable_api_stop": false,
            "disable_api_termination": false,
            "ebs_block_device": [],
            "ebs_optimized": false,
            "enclave_options": [
              {
                "enabled": false
              }
            ],
            "ephemeral_block_device": [],
            "get_password_data": false,
            "hibernation": false,
            "host_id": "",
            "host_resource_group_arn": null,
            "iam_instance_profile": "",
            "id": "i-0384c2fc960947d62",
            "instance_initiated_shutdown_behavior": "stop",
            "instance_state": "running",
            "instance_type": "t2.micro",
            "ipv6_address_count": 0,
            "ipv6_addresses": [],
            "key_name": "private_key",
            "launch_template": [],
            "maintenance_options": [
              {
                "auto_recovery": "default"
              }
            ],
            "metadata_options": [
              {
                "http_endpoint": "enabled",
                "http_put_response_hop_limit": 2,
                "http_tokens": "required",
                "instance_metadata_tags": "disabled"
              }
            ],
            "monitoring": false,
            "network_interface": [],
            "outpost_arn": "",
            "password_data": "",
            "placement_group": "",
            "placement_partition_number": 0,
            "primary_network_interface_id": "eni-05dd6944100c71d65",
            "private_dns": "ip-10-0-1-87.ec2.internal",
            "private_dns_name_options": [
              {
                "enable_resource_name_dns_a_record": false,
                "enable_resource_name_dns_aaaa_record": false,
                "hostname_type": "ip-name"
              }
            ],
            "private_ip": "10.0.1.87",
            "public_dns": "",
            "public_ip": "3.91.7.21",
            "root_block_device": [
              {
                "delete_on_termination": true,
                "device_name": "/dev/sda1",
                "encrypted": false,
                "iops": 3000,
                "kms_key_id": "",
                "tags": {},
                "throughput": 125,
                "volume_id": "vol-08cc9dd5a6a4f3407",
                "volume_size": 8,
                "volume_type": "gp3"
              }
            ],
            "secondary_private_ips": [],
            "security_groups": [],
            "source_dest_check": true,
            "subnet_id": "subnet-05cc5275d99b588dd",
            "tags": {
              "Name": "Docker",
              "created-by": "john"
            },
            "tags_all": {
              "Name": "Docker",
              "created-by": "john"
            },
            "tenancy": "default",
            "timeouts": null,
            "user_data": "cec1b16144af0d434de335d5892730306e6471f3",
            "user_data_base64": null,
            "user_data_replace_on_change": false,
            "volume_tags": null,
            "vpc_security_group_ids": [
              "sg-06e0b4da3f92863e2"
            ]
          },
          "sensitive_attributes": [],
          "private": "eyJlMmJmYjczMC1lY2FhLTExZTYtOGY4OC0zNDM2M2JjN2M0YzAiOnsiY3JlYXRlIjo2MDAwMDAwMDAwMDAsImRlbGV0ZSI6MTIwMDAwMDAwMDAwMCwidXBkYXRlIjo2MDAwMDAwMDAwMDB9LCJzY2hlbWFfdmVyc2lvbiI6IjEifQ==",
          "dependencies": [
            "module.ec2.aws_key_pair.kp",
            "module.ec2.aws_security_group.public_security-group",
            "module.ec2.tls_private_key.pk",
            "module.vpc.aws_subnet.public_subnet",
            "module.vpc.aws_vpc.aws_vpc"
          ]
        },
        {
          "index_key": 1,
          "schema_version": 1,
          "attributes": {
            "ami": "ami-0e86e20dae9224db8",
            "arn": "arn:aws:ec2:us-east-1:083469513477:instance/i-0c40db82a0fe85566",
            "associate_public_ip_address": true,
            "availability_zone": "us-east-1b",
            "capacity_reservation_specification": [
              {
                "capacity_reservation_preference": "open",
                "capacity_reservation_target": []
              }
            ],
            "cpu_core_count": 1,
            "cpu_options": [
              {
                "amd_sev_snp": "",
                "core_count": 1,
                "threads_per_core": 1
              }
            ],
            "cpu_threads_per_core": 1,
            "credit_specification": [
              {
                "cpu_credits": "standard"
              }
            ],
            "disable_api_stop": false,
            "disable_api_termination": false,
            "ebs_block_device": [],
            "ebs_optimized": false,
            "enclave_options": [
              {
                "enabled": false
              }
            ],
            "ephemeral_block_device": [],
            "get_password_data": false,
            "hibernation": false,
            "host_id": "",
            "host_resource_group_arn": null,
            "iam_instance_profile": "",
            "id": "i-0c40db82a0fe85566",
            "instance_initiated_shutdown_behavior": "stop",
            "instance_state": "running",
            "instance_type": "t2.micro",
            "ipv6_address_count": 0,
            "ipv6_addresses": [],
            "key_name": "private_key",
            "launch_template": [],
            "maintenance_options": [
              {
                "auto_recovery": "default"
              }
            ],
            "metadata_options": [
              {
                "http_endpoint": "enabled",
                "http_put_response_hop_limit": 2,
                "http_tokens": "required",
                "instance_metadata_tags": "disabled"
              }
            ],
            "monitoring": false,
            "network_interface": [],
            "outpost_arn": "",
            "password_data": "",
            "placement_group": "",
            "placement_partition_number": 0,
            "primary_network_interface_id": "eni-0f7688005ea13a55d",
            "private_dns": "ip-10-0-2-182.ec2.internal",
            "private_dns_name_options": [
              {
                "enable_resource_name_dns_a_record": false,
                "enable_resource_name_dns_aaaa_record": false,
                "hostname_type": "ip-name"
              }
            ],
            "private_ip": "10.0.2.182",
            "public_dns": "",
            "public_ip": "18.232.81.2",
            "root_block_device": [
              {
                "delete_on_termination": true,
                "device_name": "/dev/sda1",
                "encrypted": false,
                "iops": 3000,
                "kms_key_id": "",
                "tags": {},
                "throughput": 125,
                "volume_id": "vol-0b0e979e5d7c8e54c",
                "volume_size": 8,
                "volume_type": "gp3"
              }
            ],
            "secondary_private_ips": [],
            "security_groups": [],
            "source_dest_check": true,
            "subnet_id": "subnet-0511705e6794ad901",
            "tags": {
              "Name": "Jenkins",
              "created-by": "john"
            },
            "tags_all": {
              "Name": "Jenkins",
              "created-by": "john"
            },
            "tenancy": "default",
            "timeouts": null,
            "user_data": "cec1b16144af0d434de335d5892730306e6471f3",
            "user_data_base64": null,
            "user_data_replace_on_change": false,
            "volume_tags": null,
            "vpc_security_group_ids": [
              "sg-06e0b4da3f92863e2"
            ]
          },
          "sensitive_attributes": [],
          "private": "eyJlMmJmYjczMC1lY2FhLTExZTYtOGY4OC0zNDM2M2JjN2M0YzAiOnsiY3JlYXRlIjo2MDAwMDAwMDAwMDAsImRlbGV0ZSI6MTIwMDAwMDAwMDAwMCwidXBkYXRlIjo2MDAwMDAwMDAwMDB9LCJzY2hlbWFfdmVyc2lvbiI6IjEifQ==",
          "dependencies": [
            "module.ec2.aws_key_pair.kp",
            "module.ec2.aws_security_group.public_security-group",
            "module.ec2.tls_private_key.pk",
            "module.vpc.aws_subnet.public_subnet",
            "module.vpc.aws_vpc.aws_vpc"
          ]
        }
      ]
    },
    {
      "module": "module.ec2",
      "mode": "managed",
      "type": "aws_key_pair",
      "name": "kp",
      "provider": "provider[\"registry.terraform.io/hashicorp/aws\"]",
      "instances": [
        {
          "schema_version": 1,
          "attributes": {
            "arn": "arn:aws:ec2:us-east-1:083469513477:key-pair/private_key",
            "fingerprint": "6f:cf:5b:f1:57:6a:d0:13:9e:c1:a7:cc:a7:39:b2:a5",
            "id": "private_key",
            "key_name": "private_key",
            "key_name_prefix": "",
            "key_pair_id": "key-0960fe6314f7143f2",
            "key_type": "rsa",
            "public_key": "ssh-rsa AAAAB3NzaC1yc2EAAAADAQABAAACAQDvDXr52HCtN2qTnL/4byGn5EmJI8i1HnxA/N79rQ/yyjFJwvcRi5rFUtQfavFuOMbskF5Cr7Y12NTWL+mU0aNhlUwUHEnNRPw38vaCDjcCNzkdHAt821boeX1YEkLUOkSI+o6TBEyaD3QmlL12M4F1DVCcehd00L95AcgUyVeFybqx5/TVaHTN8MUKaRAoR1pomD/9FMtJPPw4Vi6plQ3zHJHNgQ5BURo8/eUrc/yJjlSRRFUhRlSW+ko13mrv6WzeDWoYxXYFWuedsgfN7tbG/n+fvKn/7PJRw35wDgKVsoAhPe5DpyzYb1GWJz87ST3fEVszcuP68SnT3dPr6QciaAI+sfPOKwD0jB1+g7SRYQzqijqL3lmoaCxUnDZ06o09Z1eeybVzbJKTFFn7UoiVjvzlYh2ozEtL4+GBwk+AfOoBNzdsqgUW2bkn0vsnxuTKTky+n0/5wJmsriLUzwh4bFPIL7jjsCvDanjRSUFjqAedR4nG0VLe31eOd/SNDADzRVMwshwmRIRSk/vDo1KOrANAH4lnBfpS4Y4arzTsul+dBx5t7JSjbdyP+1IvhYlRwkWl5F8L6wTHSW7746mibVBuurzNQWXK6Cb6OLqXRymcRAp93u6LlcsA0ePkNJm75zsAlF+5+Ktgc6gpAe5bnswylTPh+iPlw5N4uMtUUQ==",
            "tags": null,
            "tags_all": {}
          },
          "sensitive_attributes": [],
          "private": "eyJzY2hlbWFfdmVyc2lvbiI6IjEifQ==",
          "dependencies": [
            "module.ec2.tls_private_key.pk"
          ]
        }
      ]
    },
    {
      "module": "module.ec2",
      "mode": "managed",
      "type": "aws_security_group",
      "name": "public_security-group",
      "provider": "provider[\"registry.terraform.io/hashicorp/aws\"]",
      "instances": [
        {
          "schema_version": 1,
          "attributes": {
            "arn": "arn:aws:ec2:us-east-1:083469513477:security-group/sg-06e0b4da3f92863e2",
            "description": "Managed by Terraform",
            "egress": [
              {
                "cidr_blocks": [
                  "0.0.0.0/0"
                ],
                "description": "",
                "from_port": 0,
                "ipv6_cidr_blocks": [],
                "prefix_list_ids": [],
                "protocol": "-1",
                "security_groups": [],
                "self": false,
                "to_port": 0
              }
            ],
            "id": "sg-06e0b4da3f92863e2",
            "ingress": [
              {
                "cidr_blocks": [
                  "0.0.0.0/0"
                ],
                "description": "",
                "from_port": 22,
                "ipv6_cidr_blocks": [],
                "prefix_list_ids": [],
                "protocol": "tcp",
                "security_groups": [],
                "self": false,
                "to_port": 22
              },
              {
                "cidr_blocks": [
                  "0.0.0.0/0"
                ],
                "description": "",
                "from_port": 8000,
                "ipv6_cidr_blocks": [],
                "prefix_list_ids": [],
                "protocol": "tcp",
                "security_groups": [],
                "self": false,
                "to_port": 8000
              },
              {
                "cidr_blocks": [
                  "0.0.0.0/0"
                ],
                "description": "",
                "from_port": 8080,
                "ipv6_cidr_blocks": [],
                "prefix_list_ids": [],
                "protocol": "tcp",
                "security_groups": [],
                "self": false,
                "to_port": 8080
              },
              {
                "cidr_blocks": [
                  "0.0.0.0/0"
                ],
                "description": "",
                "from_port": 80,
                "ipv6_cidr_blocks": [],
                "prefix_list_ids": [],
                "protocol": "tcp",
                "security_groups": [],
                "self": false,
                "to_port": 80
              }
            ],
            "name": "public-security-group",
            "name_prefix": "",
            "owner_id": "083469513477",
            "revoke_rules_on_delete": false,
            "tags": null,
            "tags_all": {},
            "timeouts": null,
            "vpc_id": "vpc-0964582ebae993167"
          },
          "sensitive_attributes": [],
          "private": "eyJlMmJmYjczMC1lY2FhLTExZTYtOGY4OC0zNDM2M2JjN2M0YzAiOnsiY3JlYXRlIjo2MDAwMDAwMDAwMDAsImRlbGV0ZSI6OTAwMDAwMDAwMDAwfSwic2NoZW1hX3ZlcnNpb24iOiIxIn0=",
          "dependencies": [
            "module.vpc.aws_vpc.aws_vpc"
          ]
        }
      ]
    },
    {
      "module": "module.ec2",
      "mode": "managed",
      "type": "local_file",
      "name": "inventory_file",
      "provider": "provider[\"registry.terraform.io/hashicorp/local\"]",
      "instances": [
        {
          "schema_version": 0,
          "attributes": {
            "content": "[Docker]\n3.91.7.21\n[Jenkins]\n18.232.81.2",
            "content_base64": null,
            "content_base64sha256": "s1UUTEO0SVnhfdpLwxdk73/cVY9gyhpmxkMRKdWFSkQ=",
            "content_base64sha512": "5I/YV2qpDYK5rvlL9QytW5rXA6gOHfqW58CbJ5CBlcaqhYUQ2E6FDGX3BUsQydDU6r6E1irw4lA4SmzW3X04Sw==",
            "content_md5": "7190b83e1cbf3031a74cc916bad1dd47",
            "content_sha1": "b9d00d99eebd06fddc0b720a9a65157296c25807",
            "content_sha256": "b355144c43b44959e17dda4bc31764ef7fdc558f60ca1a66c6431129d5854a44",
            "content_sha512": "e48fd8576aa90d82b9aef94bf50cad5b9ad703a80e1dfa96e7c09b27908195c6aa858510d84e850c65f7054b10c9d0d4eabe84d62af0e250384a6cd6dd7d384b",
            "directory_permission": "0777",
            "file_permission": "0777",
            "filename": "/home/mostafa/depi/DEPI-Project/terraform/inventory.ini",
            "id": "b9d00d99eebd06fddc0b720a9a65157296c25807",
            "sensitive_content": null,
            "source": null
          },
          "sensitive_attributes": [
            [
              {
                "type": "get_attr",
                "value": "sensitive_content"
              }
            ]
          ],
          "dependencies": [
            "module.ec2.aws_instance.public_ec2",
            "module.ec2.aws_key_pair.kp",
            "module.ec2.aws_security_group.public_security-group",
            "module.ec2.tls_private_key.pk",
            "module.vpc.aws_subnet.public_subnet",
            "module.vpc.aws_vpc.aws_vpc"
          ]
        }
      ]
    },
    {
      "module": "module.ec2",
      "mode": "managed",
      "type": "local_file",
      "name": "private_key",
      "provider": "provider[\"registry.terraform.io/hashicorp/local\"]",
      "instances": [
        {
          "schema_version": 0,
          "attributes": {
            "content": "-----BEGIN RSA PRIVATE KEY-----\nMIIJKgIBAAKCAgEA7w16+dhwrTdqk5y/+G8hp+RJiSPItR58QPze/a0P8soxScL3\nEYuaxVLUH2rxbjjG7JBeQq+2NdjU1i/plNGjYZVMFBxJzUT8N/L2gg43Ajc5HRwL\nfNtW6Hl9WBJC1DpEiPqOkwRMmg90JpS9djOBdQ1QnHoXdNC/eQHIFMlXhcm6sef0\n1Wh0zfDFCmkQKEdaaJg//RTLSTz8OFYuqZUN8xyRzYEOQVEaPP3lK3P8iY5UkURV\nIUZUlvpKNd5q7+ls3g1qGMV2BVrnnbIHze7Wxv5/n7yp/+zyUcN+cA4ClbKAIT3u\nQ6cs2G9Rlic/O0k93xFbM3Lj+vEp093T6+kHImgCPrHzzisA9IwdfoO0kWEM6oo6\ni95ZqGgsVJw2dOqNPWdXnsm1c2ySkxRZ+1KIlY785WIdqMxLS+PhgcJPgHzqATc3\nbKoFFtm5J9L7J8bkyk5Mvp9P+cCZrK4i1M8IeGxTyC+447Arw2p40UlBY6gHnUeJ\nxtFS3t9Xjnf0jQwA80VTMLIcJkSEUpP7w6NSjqwDQB+JZwX6UuGOGq807LpfnQce\nbeyUo23cj/tSL4WJUcJFpeRfC+sEx0lu++Opom1Qbrq8zUFlyugm+ji6l0cpnEQK\nfd7ui5XLANHj5DSZu+c7AJRfufirYHOoKQHuW57MMpUz4foj5cOTeLjLVFECAwEA\nAQKCAgEAzl3Uy9sNantshgHLt6w4Ybexw7Igkjq/CVtDJbtBCVeDNSoaIAtkkPPw\nKy8nPP/GunHm7arCobmOA1lZTB+t64/3HWVOUOY81g/ovl2HH2KM65RKVn8Dh61Z\nh648AvpKL/YdHs2XU2gD3UqKRIAyQdo8vNipZy7OHKhtEYS/CcAca3jS42hJbX9s\nmpAYYq02XxUQKGrLE26SThAYOE10vWrsc3v10m0xOXX1YI3AdP9qAf37f743SB7J\n8bcQmgvo78ikzr2oJPdU+8207xJAV4lco4k7OLRUfEFH5XQyxwhRlGDiT4UCMdXn\nmLhI3eVchDV3hfKo3PlUIpJdYErK3D2gHag6MFUTNTTM+irYWUHKkN8IPSFARFhD\nnSfPOzaUj8JSbEJnuaBv+Ba2VfFNxx9O14poRsQHSzMIG1NDnjYeAMNq5DB0+VXb\n+Eq6FHHyA9qFqqF6aBgdGpkeiBNzzITPVp87qdarVttOX+L/Pkuc1wSUHIOGzlaJ\nwOZvC+DcqrSJisDUFA+LTO6MeCvq6ti/zRccf6p7Q5s6UvEMLfEwPD3RvnewOtXZ\nnpiYz/Q7+XUtozswOye5GfGBCP1OfnG0ZaazpVtJ0N0bUnEvza1mAJ/eQ0VPH/5R\nYJ2Q71b1Og8voqMOkM5UlobKbJENEQ6gQAtFr+p/xztovutJZAECggEBAPA6aP/T\ne8uC8UeWnYRMgHCaVqySHmDwtMKi6uYYjkHDplPToEGI9pop6ZnL7JBm19hUeT4G\nmpbykVTOh/I2qyKHRL1e2r6uXKPyf3f7cchDESi6Zz77lKZj3U3PzyFwgLboOoat\nbCsxPs9z5mvQuRdiQ42qK34H8xQ39xJjHiidAAf8vjXSYLfHtuL2d9BPtAuZDtCx\nmf7kI8Ip8+/1RCNSCfY0E36iSwFYyY2G9aRHTj1PMZXXV223kOpsbUmKbvz0vWja\nseP3dHyMXYiFk1KAy75+8JDbxYmSl84F6TU19wwS9r/b67DGalykxvQuVaoCWO9l\ntsnIpEkOA6ILdssCggEBAP6/UCfh8r0DwhK1AE+KODShHhpb2QfY2qFySxuQIbW/\nbPtTIcSbtYuPW0Ip8jLpTgQrXBlgPqjUmwTZ3HCuVDkZgrIeeOP8L3I0WWlAJihN\nyZjJVzL8UL9BKhAjYPaW9ERaV9/8E9ELsAOu7h3g4Kt0is49SPlb7RvPjsfQDBCs\nS8byinmK1eU10ZVk+edp2JU3odsbdmhpqvdv0NTTyjHZPgHLGBHvOIqKMsyHkUcj\n+pv0BvIP23nhL86rtEGwmIGA8cbDpSS/OUjxRlVDyjHRunxtkJ5/M74YtGLrPkrO\n1167gVjs+5279kFvKzJEgJ5ESBM+15FxnnWrtZPQ4dMCggEAUO18feKC69Za7iEB\nQ5Z6FnUICe7XqRSt8Hvt4kIXenQszkSW0j0PxnOkLJmUQjlDMa+TgJ+86GkjKIzD\nI4fjMyiasakIy//1WY3R/1uHw01EtJHHQmKCe2NdJF+DieJamkO1o7U8oXhfjoee\n8mdIU2ZZF5piOHz5GLCZ3WniuQ/a+NXeRkdvKbpwFBmv109ieh2/7fJGzKWSnlB/\nyzC3GacDkBuPDbQizHtauwDiM8uJwgGx1KbM3ztd6HtKfeHS7giM3ov+LawpY+Pt\nhpZpQPv+p1ggNsyyyVvHJDK9k51wcnLZCV1PEyhkoH0qQQxy82kDCPMdFvEu1yWP\nd8Gg7QKCAQEAptBaSbOAg1tJo3xY9rzY70Wt866/YI8VI3E3U5Y/LMdsMusOCrO3\n3uqB5MKY8dOqnbpS9d77SQzncfbDjhnp1vYoikDAAvKpkwxKnExAcFX3tA/sBNwK\neCLQy36PSQoya+wI7QghZdtUaCUNkg0msb+AAWtKNNeIXZS9t4Q50lUwzdcW7F4I\nkK58Tmqv5mR+ScADQfoqwFapeJwE0Mja92d9XilC2sOeb8HtX9dKP56Exci3H51Y\np+fYqWnwgK+GPg9Uw0ZsBrMdbPFpj/3zEkp25nHMqK09EbcVsEzBHrVxfHwmSDfu\n0Cw8Jj8It0L6QikOVWPqPzh6fi1xmpjGtwKCAQEAzjFalUgIQ6ZA5nJlBdLsWXlH\nZxGYk9Xzc84f8xaIFWObveTAgf2UBTcGYwSJQDrXzQZY2T/ir2zW4m0nkSSShGQi\nj7YA/Jo+dYZY3X+dmTw9pnZWzTY/faz8PNoyFh+9GTnUALOwcbLI7hH5Ut+4G8Il\nbuBr3KrujHEAC/YKi32enUsprkQE2s0aSCBdHVWbEs1+jqjQ1xgiE0eZHcOiJc+X\n+G4mHGDmcGNB6PxobecDHNC4/U6eomxyr0KJ/XfQvVFKir14C2ROyq++COgnsYg0\nx5EjYAvkzbs8YsME0Nfsk1Az9fpeMLUSwKodDBWsKx0vUXREdIxCYZ17S1g35Q==\n-----END RSA PRIVATE KEY-----\n",
            "content_base64": null,
            "content_base64sha256": "p1KmDxzejvggCsHs7mEyDj38dtJJ3kqhprcvlr0cmYU=",
            "content_base64sha512": "N0Op3NNFyepagwfl2p5SxCG9+NMy/LLeUZXrBnV3gPFGAj1pC86mhPbXCdrdJdtNTgRez0vdE2LJsmI5VrTs+Q==",
            "content_md5": "ac2c8cda4bef003f8821896bad936983",
            "content_sha1": "ebf38d93b15d8a34e32fabd17ae4112a2437c12d",
            "content_sha256": "a752a60f1cde8ef8200ac1ecee61320e3dfc76d249de4aa1a6b72f96bd1c9985",
            "content_sha512": "3743a9dcd345c9ea5a8307e5da9e52c421bdf8d332fcb2de5195eb06757780f146023d690bcea684f6d709dadd25db4d4e045ecf4bdd1362c9b2623956b4ecf9",
            "directory_permission": "0777",
            "file_permission": "0777",
            "filename": "/home/mostafa/depi/DEPI-Project/terraform/private_key.pem",
            "id": "ebf38d93b15d8a34e32fabd17ae4112a2437c12d",
            "sensitive_content": null,
            "source": null
          },
          "sensitive_attributes": [
            [
              {
                "type": "get_attr",
                "value": "sensitive_content"
              }
            ],
            [
              {
                "type": "get_attr",
                "value": "content"
              }
            ]
          ],
          "dependencies": [
            "module.ec2.tls_private_key.pk"
          ]
        }
      ]
    },
    {
      "module": "module.ec2",
      "mode": "managed",
      "type": "tls_private_key",
      "name": "pk",
      "provider": "provider[\"registry.terraform.io/hashicorp/tls\"]",
      "instances": [
        {
          "schema_version": 1,
          "attributes": {
            "algorithm": "RSA",
            "ecdsa_curve": "P224",
            "id": "1fa5bf762cce58d4e08e689f175d28b6b40ba93f",
            "private_key_openssh": "-----BEGIN OPENSSH PRIVATE KEY-----\nb3BlbnNzaC1rZXktdjEAAAAABG5vbmUAAAAEbm9uZQAAAAAAAAABAAACFwAAAAdz\nc2gtcnNhAAAAAwEAAQAAAgEA7w16+dhwrTdqk5y/+G8hp+RJiSPItR58QPze/a0P\n8soxScL3EYuaxVLUH2rxbjjG7JBeQq+2NdjU1i/plNGjYZVMFBxJzUT8N/L2gg43\nAjc5HRwLfNtW6Hl9WBJC1DpEiPqOkwRMmg90JpS9djOBdQ1QnHoXdNC/eQHIFMlX\nhcm6sef01Wh0zfDFCmkQKEdaaJg//RTLSTz8OFYuqZUN8xyRzYEOQVEaPP3lK3P8\niY5UkURVIUZUlvpKNd5q7+ls3g1qGMV2BVrnnbIHze7Wxv5/n7yp/+zyUcN+cA4C\nlbKAIT3uQ6cs2G9Rlic/O0k93xFbM3Lj+vEp093T6+kHImgCPrHzzisA9IwdfoO0\nkWEM6oo6i95ZqGgsVJw2dOqNPWdXnsm1c2ySkxRZ+1KIlY785WIdqMxLS+PhgcJP\ngHzqATc3bKoFFtm5J9L7J8bkyk5Mvp9P+cCZrK4i1M8IeGxTyC+447Arw2p40UlB\nY6gHnUeJxtFS3t9Xjnf0jQwA80VTMLIcJkSEUpP7w6NSjqwDQB+JZwX6UuGOGq80\n7LpfnQcebeyUo23cj/tSL4WJUcJFpeRfC+sEx0lu++Opom1Qbrq8zUFlyugm+ji6\nl0cpnEQKfd7ui5XLANHj5DSZu+c7AJRfufirYHOoKQHuW57MMpUz4foj5cOTeLjL\nVFEAAAc43fYQKN32ECgAAAAHc3NoLXJzYQAAAgEA7w16+dhwrTdqk5y/+G8hp+RJ\niSPItR58QPze/a0P8soxScL3EYuaxVLUH2rxbjjG7JBeQq+2NdjU1i/plNGjYZVM\nFBxJzUT8N/L2gg43Ajc5HRwLfNtW6Hl9WBJC1DpEiPqOkwRMmg90JpS9djOBdQ1Q\nnHoXdNC/eQHIFMlXhcm6sef01Wh0zfDFCmkQKEdaaJg//RTLSTz8OFYuqZUN8xyR\nzYEOQVEaPP3lK3P8iY5UkURVIUZUlvpKNd5q7+ls3g1qGMV2BVrnnbIHze7Wxv5/\nn7yp/+zyUcN+cA4ClbKAIT3uQ6cs2G9Rlic/O0k93xFbM3Lj+vEp093T6+kHImgC\nPrHzzisA9IwdfoO0kWEM6oo6i95ZqGgsVJw2dOqNPWdXnsm1c2ySkxRZ+1KIlY78\n5WIdqMxLS+PhgcJPgHzqATc3bKoFFtm5J9L7J8bkyk5Mvp9P+cCZrK4i1M8IeGxT\nyC+447Arw2p40UlBY6gHnUeJxtFS3t9Xjnf0jQwA80VTMLIcJkSEUpP7w6NSjqwD\nQB+JZwX6UuGOGq807LpfnQcebeyUo23cj/tSL4WJUcJFpeRfC+sEx0lu++Opom1Q\nbrq8zUFlyugm+ji6l0cpnEQKfd7ui5XLANHj5DSZu+c7AJRfufirYHOoKQHuW57M\nMpUz4foj5cOTeLjLVFEAAAADAQABAAACAQDOXdTL2w1qe2yGAcu3rDhht7HDsiCS\nOr8JW0Mlu0EJV4M1KhogC2SQ8/ArLyc8/8a6cebtqsKhuY4DWVlMH63rj/cdZU5Q\n5jzWD+i+XYcfYozrlEpWfwOHrVmHrjwC+kov9h0ezZdTaAPdSopEgDJB2jy82Kln\nLs4cqG0RhL8JwBxreNLjaEltf2yakBhirTZfFRAoassTbpJOEBg4TXS9auxze/XS\nbTE5dfVgjcB0/2oB/ft/vjdIHsnxtxCaC+jvyKTOvagk91T7zbTvEkBXiVyjiTs4\ntFR8QUfldDLHCFGUYOJPhQIx1eeYuEjd5VyENXeF8qjc+VQikl1gSsrcPaAdqDow\nVRM1NMz6KthZQcqQ3wg9IUBEWEOdJ887NpSPwlJsQme5oG/4FrZV8U3HH07XimhG\nxAdLMwgbU0OeNh4Aw2rkMHT5Vdv4SroUcfID2oWqoXpoGB0amR6IE3PMhM9Wnzup\n1qtW205f4v8+S5zXBJQcg4bOVonA5m8L4NyqtImKwNQUD4tM7ox4K+rq2L/NFxx/\nqntDmzpS8Qwt8TA8PdG+d7A61dmemJjP9Dv5dS2jOzA7J7kZ8YEI/U5+cbRlprOl\nW0nQ3RtScS/NrWYAn95DRU8f/lFgnZDvVvU6Dy+iow6QzlSWhspskQ0RDqBAC0Wv\n6n/HO2i+60lkAQAAAQEAzjFalUgIQ6ZA5nJlBdLsWXlHZxGYk9Xzc84f8xaIFWOb\nveTAgf2UBTcGYwSJQDrXzQZY2T/ir2zW4m0nkSSShGQij7YA/Jo+dYZY3X+dmTw9\npnZWzTY/faz8PNoyFh+9GTnUALOwcbLI7hH5Ut+4G8IlbuBr3KrujHEAC/YKi32e\nnUsprkQE2s0aSCBdHVWbEs1+jqjQ1xgiE0eZHcOiJc+X+G4mHGDmcGNB6PxobecD\nHNC4/U6eomxyr0KJ/XfQvVFKir14C2ROyq++COgnsYg0x5EjYAvkzbs8YsME0Nfs\nk1Az9fpeMLUSwKodDBWsKx0vUXREdIxCYZ17S1g35QAAAQEA8Dpo/9N7y4LxR5ad\nhEyAcJpWrJIeYPC0wqLq5hiOQcOmU9OgQYj2minpmcvskGbX2FR5PgaalvKRVM6H\n8jarIodEvV7avq5co/J/d/txyEMRKLpnPvuUpmPdTc/PIXCAtug6hq1sKzE+z3Pm\na9C5F2JDjaorfgfzFDf3EmMeKJ0AB/y+NdJgt8e24vZ30E+0C5kO0LGZ/uQjwinz\n7/VEI1IJ9jQTfqJLAVjJjYb1pEdOPU8xlddXbbeQ6mxtSYpu/PS9aNqx4/d0fIxd\niIWTUoDLvn7wkNvFiZKXzgXpNTX3DBL2v9vrsMZqXKTG9C5VqgJY72W2ycikSQ4D\nogt2ywAAAQEA/r9QJ+HyvQPCErUAT4o4NKEeGlvZB9jaoXJLG5Ahtb9s+1MhxJu1\ni49bQinyMulOBCtcGWA+qNSbBNnccK5UORmCsh544/wvcjRZaUAmKE3JmMlXMvxQ\nv0EqECNg9pb0RFpX3/wT0QuwA67uHeDgq3SKzj1I+VvtG8+Ox9AMEKxLxvKKeYrV\n5TXRlWT552nYlTeh2xt2aGmq92/Q1NPKMdk+AcsYEe84iooyzIeRRyP6m/QG8g/b\neeEvzqu0QbCYgYDxxsOlJL85SPFGVUPKMdG6fG2Qnn8zvhi0Yus+Ss7XXruBWOz7\nnbv2QW8rMkSAnkRIEz7XkXGedau1k9Dh0wAAAAAB\n-----END OPENSSH PRIVATE KEY-----\n",
            "private_key_pem": "-----BEGIN RSA PRIVATE KEY-----\nMIIJKgIBAAKCAgEA7w16+dhwrTdqk5y/+G8hp+RJiSPItR58QPze/a0P8soxScL3\nEYuaxVLUH2rxbjjG7JBeQq+2NdjU1i/plNGjYZVMFBxJzUT8N/L2gg43Ajc5HRwL\nfNtW6Hl9WBJC1DpEiPqOkwRMmg90JpS9djOBdQ1QnHoXdNC/eQHIFMlXhcm6sef0\n1Wh0zfDFCmkQKEdaaJg//RTLSTz8OFYuqZUN8xyRzYEOQVEaPP3lK3P8iY5UkURV\nIUZUlvpKNd5q7+ls3g1qGMV2BVrnnbIHze7Wxv5/n7yp/+zyUcN+cA4ClbKAIT3u\nQ6cs2G9Rlic/O0k93xFbM3Lj+vEp093T6+kHImgCPrHzzisA9IwdfoO0kWEM6oo6\ni95ZqGgsVJw2dOqNPWdXnsm1c2ySkxRZ+1KIlY785WIdqMxLS+PhgcJPgHzqATc3\nbKoFFtm5J9L7J8bkyk5Mvp9P+cCZrK4i1M8IeGxTyC+447Arw2p40UlBY6gHnUeJ\nxtFS3t9Xjnf0jQwA80VTMLIcJkSEUpP7w6NSjqwDQB+JZwX6UuGOGq807LpfnQce\nbeyUo23cj/tSL4WJUcJFpeRfC+sEx0lu++Opom1Qbrq8zUFlyugm+ji6l0cpnEQK\nfd7ui5XLANHj5DSZu+c7AJRfufirYHOoKQHuW57MMpUz4foj5cOTeLjLVFECAwEA\nAQKCAgEAzl3Uy9sNantshgHLt6w4Ybexw7Igkjq/CVtDJbtBCVeDNSoaIAtkkPPw\nKy8nPP/GunHm7arCobmOA1lZTB+t64/3HWVOUOY81g/ovl2HH2KM65RKVn8Dh61Z\nh648AvpKL/YdHs2XU2gD3UqKRIAyQdo8vNipZy7OHKhtEYS/CcAca3jS42hJbX9s\nmpAYYq02XxUQKGrLE26SThAYOE10vWrsc3v10m0xOXX1YI3AdP9qAf37f743SB7J\n8bcQmgvo78ikzr2oJPdU+8207xJAV4lco4k7OLRUfEFH5XQyxwhRlGDiT4UCMdXn\nmLhI3eVchDV3hfKo3PlUIpJdYErK3D2gHag6MFUTNTTM+irYWUHKkN8IPSFARFhD\nnSfPOzaUj8JSbEJnuaBv+Ba2VfFNxx9O14poRsQHSzMIG1NDnjYeAMNq5DB0+VXb\n+Eq6FHHyA9qFqqF6aBgdGpkeiBNzzITPVp87qdarVttOX+L/Pkuc1wSUHIOGzlaJ\nwOZvC+DcqrSJisDUFA+LTO6MeCvq6ti/zRccf6p7Q5s6UvEMLfEwPD3RvnewOtXZ\nnpiYz/Q7+XUtozswOye5GfGBCP1OfnG0ZaazpVtJ0N0bUnEvza1mAJ/eQ0VPH/5R\nYJ2Q71b1Og8voqMOkM5UlobKbJENEQ6gQAtFr+p/xztovutJZAECggEBAPA6aP/T\ne8uC8UeWnYRMgHCaVqySHmDwtMKi6uYYjkHDplPToEGI9pop6ZnL7JBm19hUeT4G\nmpbykVTOh/I2qyKHRL1e2r6uXKPyf3f7cchDESi6Zz77lKZj3U3PzyFwgLboOoat\nbCsxPs9z5mvQuRdiQ42qK34H8xQ39xJjHiidAAf8vjXSYLfHtuL2d9BPtAuZDtCx\nmf7kI8Ip8+/1RCNSCfY0E36iSwFYyY2G9aRHTj1PMZXXV223kOpsbUmKbvz0vWja\nseP3dHyMXYiFk1KAy75+8JDbxYmSl84F6TU19wwS9r/b67DGalykxvQuVaoCWO9l\ntsnIpEkOA6ILdssCggEBAP6/UCfh8r0DwhK1AE+KODShHhpb2QfY2qFySxuQIbW/\nbPtTIcSbtYuPW0Ip8jLpTgQrXBlgPqjUmwTZ3HCuVDkZgrIeeOP8L3I0WWlAJihN\nyZjJVzL8UL9BKhAjYPaW9ERaV9/8E9ELsAOu7h3g4Kt0is49SPlb7RvPjsfQDBCs\nS8byinmK1eU10ZVk+edp2JU3odsbdmhpqvdv0NTTyjHZPgHLGBHvOIqKMsyHkUcj\n+pv0BvIP23nhL86rtEGwmIGA8cbDpSS/OUjxRlVDyjHRunxtkJ5/M74YtGLrPkrO\n1167gVjs+5279kFvKzJEgJ5ESBM+15FxnnWrtZPQ4dMCggEAUO18feKC69Za7iEB\nQ5Z6FnUICe7XqRSt8Hvt4kIXenQszkSW0j0PxnOkLJmUQjlDMa+TgJ+86GkjKIzD\nI4fjMyiasakIy//1WY3R/1uHw01EtJHHQmKCe2NdJF+DieJamkO1o7U8oXhfjoee\n8mdIU2ZZF5piOHz5GLCZ3WniuQ/a+NXeRkdvKbpwFBmv109ieh2/7fJGzKWSnlB/\nyzC3GacDkBuPDbQizHtauwDiM8uJwgGx1KbM3ztd6HtKfeHS7giM3ov+LawpY+Pt\nhpZpQPv+p1ggNsyyyVvHJDK9k51wcnLZCV1PEyhkoH0qQQxy82kDCPMdFvEu1yWP\nd8Gg7QKCAQEAptBaSbOAg1tJo3xY9rzY70Wt866/YI8VI3E3U5Y/LMdsMusOCrO3\n3uqB5MKY8dOqnbpS9d77SQzncfbDjhnp1vYoikDAAvKpkwxKnExAcFX3tA/sBNwK\neCLQy36PSQoya+wI7QghZdtUaCUNkg0msb+AAWtKNNeIXZS9t4Q50lUwzdcW7F4I\nkK58Tmqv5mR+ScADQfoqwFapeJwE0Mja92d9XilC2sOeb8HtX9dKP56Exci3H51Y\np+fYqWnwgK+GPg9Uw0ZsBrMdbPFpj/3zEkp25nHMqK09EbcVsEzBHrVxfHwmSDfu\n0Cw8Jj8It0L6QikOVWPqPzh6fi1xmpjGtwKCAQEAzjFalUgIQ6ZA5nJlBdLsWXlH\nZxGYk9Xzc84f8xaIFWObveTAgf2UBTcGYwSJQDrXzQZY2T/ir2zW4m0nkSSShGQi\nj7YA/Jo+dYZY3X+dmTw9pnZWzTY/faz8PNoyFh+9GTnUALOwcbLI7hH5Ut+4G8Il\nbuBr3KrujHEAC/YKi32enUsprkQE2s0aSCBdHVWbEs1+jqjQ1xgiE0eZHcOiJc+X\n+G4mHGDmcGNB6PxobecDHNC4/U6eomxyr0KJ/XfQvVFKir14C2ROyq++COgnsYg0\nx5EjYAvkzbs8YsME0Nfsk1Az9fpeMLUSwKodDBWsKx0vUXREdIxCYZ17S1g35Q==\n-----END RSA PRIVATE KEY-----\n",
            "private_key_pem_pkcs8": "-----BEGIN PRIVATE KEY-----\nMIIJRAIBADANBgkqhkiG9w0BAQEFAASCCS4wggkqAgEAAoICAQDvDXr52HCtN2qT\nnL/4byGn5EmJI8i1HnxA/N79rQ/yyjFJwvcRi5rFUtQfavFuOMbskF5Cr7Y12NTW\nL+mU0aNhlUwUHEnNRPw38vaCDjcCNzkdHAt821boeX1YEkLUOkSI+o6TBEyaD3Qm\nlL12M4F1DVCcehd00L95AcgUyVeFybqx5/TVaHTN8MUKaRAoR1pomD/9FMtJPPw4\nVi6plQ3zHJHNgQ5BURo8/eUrc/yJjlSRRFUhRlSW+ko13mrv6WzeDWoYxXYFWued\nsgfN7tbG/n+fvKn/7PJRw35wDgKVsoAhPe5DpyzYb1GWJz87ST3fEVszcuP68SnT\n3dPr6QciaAI+sfPOKwD0jB1+g7SRYQzqijqL3lmoaCxUnDZ06o09Z1eeybVzbJKT\nFFn7UoiVjvzlYh2ozEtL4+GBwk+AfOoBNzdsqgUW2bkn0vsnxuTKTky+n0/5wJms\nriLUzwh4bFPIL7jjsCvDanjRSUFjqAedR4nG0VLe31eOd/SNDADzRVMwshwmRIRS\nk/vDo1KOrANAH4lnBfpS4Y4arzTsul+dBx5t7JSjbdyP+1IvhYlRwkWl5F8L6wTH\nSW7746mibVBuurzNQWXK6Cb6OLqXRymcRAp93u6LlcsA0ePkNJm75zsAlF+5+Ktg\nc6gpAe5bnswylTPh+iPlw5N4uMtUUQIDAQABAoICAQDOXdTL2w1qe2yGAcu3rDhh\nt7HDsiCSOr8JW0Mlu0EJV4M1KhogC2SQ8/ArLyc8/8a6cebtqsKhuY4DWVlMH63r\nj/cdZU5Q5jzWD+i+XYcfYozrlEpWfwOHrVmHrjwC+kov9h0ezZdTaAPdSopEgDJB\n2jy82KlnLs4cqG0RhL8JwBxreNLjaEltf2yakBhirTZfFRAoassTbpJOEBg4TXS9\nauxze/XSbTE5dfVgjcB0/2oB/ft/vjdIHsnxtxCaC+jvyKTOvagk91T7zbTvEkBX\niVyjiTs4tFR8QUfldDLHCFGUYOJPhQIx1eeYuEjd5VyENXeF8qjc+VQikl1gSsrc\nPaAdqDowVRM1NMz6KthZQcqQ3wg9IUBEWEOdJ887NpSPwlJsQme5oG/4FrZV8U3H\nH07XimhGxAdLMwgbU0OeNh4Aw2rkMHT5Vdv4SroUcfID2oWqoXpoGB0amR6IE3PM\nhM9Wnzup1qtW205f4v8+S5zXBJQcg4bOVonA5m8L4NyqtImKwNQUD4tM7ox4K+rq\n2L/NFxx/qntDmzpS8Qwt8TA8PdG+d7A61dmemJjP9Dv5dS2jOzA7J7kZ8YEI/U5+\ncbRlprOlW0nQ3RtScS/NrWYAn95DRU8f/lFgnZDvVvU6Dy+iow6QzlSWhspskQ0R\nDqBAC0Wv6n/HO2i+60lkAQKCAQEA8Dpo/9N7y4LxR5adhEyAcJpWrJIeYPC0wqLq\n5hiOQcOmU9OgQYj2minpmcvskGbX2FR5PgaalvKRVM6H8jarIodEvV7avq5co/J/\nd/txyEMRKLpnPvuUpmPdTc/PIXCAtug6hq1sKzE+z3Pma9C5F2JDjaorfgfzFDf3\nEmMeKJ0AB/y+NdJgt8e24vZ30E+0C5kO0LGZ/uQjwinz7/VEI1IJ9jQTfqJLAVjJ\njYb1pEdOPU8xlddXbbeQ6mxtSYpu/PS9aNqx4/d0fIxdiIWTUoDLvn7wkNvFiZKX\nzgXpNTX3DBL2v9vrsMZqXKTG9C5VqgJY72W2ycikSQ4Dogt2ywKCAQEA/r9QJ+Hy\nvQPCErUAT4o4NKEeGlvZB9jaoXJLG5Ahtb9s+1MhxJu1i49bQinyMulOBCtcGWA+\nqNSbBNnccK5UORmCsh544/wvcjRZaUAmKE3JmMlXMvxQv0EqECNg9pb0RFpX3/wT\n0QuwA67uHeDgq3SKzj1I+VvtG8+Ox9AMEKxLxvKKeYrV5TXRlWT552nYlTeh2xt2\naGmq92/Q1NPKMdk+AcsYEe84iooyzIeRRyP6m/QG8g/beeEvzqu0QbCYgYDxxsOl\nJL85SPFGVUPKMdG6fG2Qnn8zvhi0Yus+Ss7XXruBWOz7nbv2QW8rMkSAnkRIEz7X\nkXGedau1k9Dh0wKCAQBQ7Xx94oLr1lruIQFDlnoWdQgJ7tepFK3we+3iQhd6dCzO\nRJbSPQ/Gc6QsmZRCOUMxr5OAn7zoaSMojMMjh+MzKJqxqQjL//VZjdH/W4fDTUS0\nkcdCYoJ7Y10kX4OJ4lqaQ7WjtTyheF+Oh57yZ0hTZlkXmmI4fPkYsJndaeK5D9r4\n1d5GR28punAUGa/XT2J6Hb/t8kbMpZKeUH/LMLcZpwOQG48NtCLMe1q7AOIzy4nC\nAbHUpszfO13oe0p94dLuCIzei/4trClj4+2GlmlA+/6nWCA2zLLJW8ckMr2TnXBy\nctkJXU8TKGSgfSpBDHLzaQMI8x0W8S7XJY93waDtAoIBAQCm0FpJs4CDW0mjfFj2\nvNjvRa3zrr9gjxUjcTdTlj8sx2wy6w4Ks7fe6oHkwpjx06qdulL13vtJDOdx9sOO\nGenW9iiKQMAC8qmTDEqcTEBwVfe0D+wE3Ap4ItDLfo9JCjJr7AjtCCFl21RoJQ2S\nDSaxv4ABa0o014hdlL23hDnSVTDN1xbsXgiQrnxOaq/mZH5JwANB+irAVql4nATQ\nyNr3Z31eKULaw55vwe1f10o/noTFyLcfnVin59ipafCAr4Y+D1TDRmwGsx1s8WmP\n/fMSSnbmccyorT0RtxWwTMEetXF8fCZIN+7QLDwmPwi3QvpCKQ5VY+o/OHp+LXGa\nmMa3AoIBAQDOMVqVSAhDpkDmcmUF0uxZeUdnEZiT1fNzzh/zFogVY5u95MCB/ZQF\nNwZjBIlAOtfNBljZP+KvbNbibSeRJJKEZCKPtgD8mj51hljdf52ZPD2mdlbNNj99\nrPw82jIWH70ZOdQAs7BxssjuEflS37gbwiVu4Gvcqu6McQAL9gqLfZ6dSymuRATa\nzRpIIF0dVZsSzX6OqNDXGCITR5kdw6Ilz5f4biYcYOZwY0Ho/Ght5wMc0Lj9Tp6i\nbHKvQon9d9C9UUqKvXgLZE7Kr74I6CexiDTHkSNgC+TNuzxiwwTQ1+yTUDP1+l4w\ntRLAqh0MFawrHS9RdER0jEJhnXtLWDfl\n-----END PRIVATE KEY-----\n",
            "public_key_fingerprint_md5": "37:26:69:a7:16:35:5d:1b:e9:ae:b5:65:31:1c:76:51",
            "public_key_fingerprint_sha256": "SHA256:B871TyFdGh9ZFXE03m7QgMc1UqClabjAUwY6BmwtEmw",
            "public_key_openssh": "ssh-rsa AAAAB3NzaC1yc2EAAAADAQABAAACAQDvDXr52HCtN2qTnL/4byGn5EmJI8i1HnxA/N79rQ/yyjFJwvcRi5rFUtQfavFuOMbskF5Cr7Y12NTWL+mU0aNhlUwUHEnNRPw38vaCDjcCNzkdHAt821boeX1YEkLUOkSI+o6TBEyaD3QmlL12M4F1DVCcehd00L95AcgUyVeFybqx5/TVaHTN8MUKaRAoR1pomD/9FMtJPPw4Vi6plQ3zHJHNgQ5BURo8/eUrc/yJjlSRRFUhRlSW+ko13mrv6WzeDWoYxXYFWuedsgfN7tbG/n+fvKn/7PJRw35wDgKVsoAhPe5DpyzYb1GWJz87ST3fEVszcuP68SnT3dPr6QciaAI+sfPOKwD0jB1+g7SRYQzqijqL3lmoaCxUnDZ06o09Z1eeybVzbJKTFFn7UoiVjvzlYh2ozEtL4+GBwk+AfOoBNzdsqgUW2bkn0vsnxuTKTky+n0/5wJmsriLUzwh4bFPIL7jjsCvDanjRSUFjqAedR4nG0VLe31eOd/SNDADzRVMwshwmRIRSk/vDo1KOrANAH4lnBfpS4Y4arzTsul+dBx5t7JSjbdyP+1IvhYlRwkWl5F8L6wTHSW7746mibVBuurzNQWXK6Cb6OLqXRymcRAp93u6LlcsA0ePkNJm75zsAlF+5+Ktgc6gpAe5bnswylTPh+iPlw5N4uMtUUQ==\n",
            "public_key_pem": "-----BEGIN PUBLIC KEY-----\nMIICIjANBgkqhkiG9w0BAQEFAAOCAg8AMIICCgKCAgEA7w16+dhwrTdqk5y/+G8h\np+RJiSPItR58QPze/a0P8soxScL3EYuaxVLUH2rxbjjG7JBeQq+2NdjU1i/plNGj\nYZVMFBxJzUT8N/L2gg43Ajc5HRwLfNtW6Hl9WBJC1DpEiPqOkwRMmg90JpS9djOB\ndQ1QnHoXdNC/eQHIFMlXhcm6sef01Wh0zfDFCmkQKEdaaJg//RTLSTz8OFYuqZUN\n8xyRzYEOQVEaPP3lK3P8iY5UkURVIUZUlvpKNd5q7+ls3g1qGMV2BVrnnbIHze7W\nxv5/n7yp/+zyUcN+cA4ClbKAIT3uQ6cs2G9Rlic/O0k93xFbM3Lj+vEp093T6+kH\nImgCPrHzzisA9IwdfoO0kWEM6oo6i95ZqGgsVJw2dOqNPWdXnsm1c2ySkxRZ+1KI\nlY785WIdqMxLS+PhgcJPgHzqATc3bKoFFtm5J9L7J8bkyk5Mvp9P+cCZrK4i1M8I\neGxTyC+447Arw2p40UlBY6gHnUeJxtFS3t9Xjnf0jQwA80VTMLIcJkSEUpP7w6NS\njqwDQB+JZwX6UuGOGq807LpfnQcebeyUo23cj/tSL4WJUcJFpeRfC+sEx0lu++Op\nom1Qbrq8zUFlyugm+ji6l0cpnEQKfd7ui5XLANHj5DSZu+c7AJRfufirYHOoKQHu\nW57MMpUz4foj5cOTeLjLVFECAwEAAQ==\n-----END PUBLIC KEY-----\n",
            "rsa_bits": 4096
          },
          "sensitive_attributes": [
            [
              {
                "type": "get_attr",
                "value": "private_key_pem"
              }
            ],
            [
              {
                "type": "get_attr",
                "value": "private_key_openssh"
              }
            ],
            [
              {
                "type": "get_attr",
                "value": "private_key_pem_pkcs8"
              }
            ]
          ]
        }
      ]
    },
    {
      "module": "module.vpc",
      "mode": "managed",
      "type": "aws_internet_gateway",
      "name": "internet_gateway",
      "provider": "provider[\"registry.terraform.io/hashicorp/aws\"]",
      "instances": [
        {
          "index_key": 0,
          "schema_version": 0,
          "attributes": {
            "arn": "arn:aws:ec2:us-east-1:083469513477:internet-gateway/igw-0e589a2a328156216",
            "id": "igw-0e589a2a328156216",
            "owner_id": "083469513477",
            "tags": {
              "Name": "igw-test-vpc",
              "created-by": "john"
            },
            "tags_all": {
              "Name": "igw-test-vpc",
              "created-by": "john"
            },
            "timeouts": null,
            "vpc_id": "vpc-0964582ebae993167"
          },
          "sensitive_attributes": [],
          "private": "eyJlMmJmYjczMC1lY2FhLTExZTYtOGY4OC0zNDM2M2JjN2M0YzAiOnsiY3JlYXRlIjoxMjAwMDAwMDAwMDAwLCJkZWxldGUiOjEyMDAwMDAwMDAwMDAsInVwZGF0ZSI6MTIwMDAwMDAwMDAwMH19",
          "dependencies": [
            "module.vpc.aws_vpc.aws_vpc"
          ]
        }
      ]
    },
    {
      "module": "module.vpc",
      "mode": "managed",
      "type": "aws_route_table",
      "name": "public_route_table",
      "provider": "provider[\"registry.terraform.io/hashicorp/aws\"]",
      "instances": [
        {
          "index_key": 0,
          "schema_version": 0,
          "attributes": {
            "arn": "arn:aws:ec2:us-east-1:083469513477:route-table/rtb-0b5c870a7629eb0ca",
            "id": "rtb-0b5c870a7629eb0ca",
            "owner_id": "083469513477",
            "propagating_vgws": [],
            "route": [
              {
                "carrier_gateway_id": "",
                "cidr_block": "0.0.0.0/0",
                "core_network_arn": "",
                "destination_prefix_list_id": "",
                "egress_only_gateway_id": "",
                "gateway_id": "igw-0e589a2a328156216",
                "ipv6_cidr_block": "",
                "local_gateway_id": "",
                "nat_gateway_id": "",
                "network_interface_id": "",
                "transit_gateway_id": "",
                "vpc_endpoint_id": "",
                "vpc_peering_connection_id": ""
              }
            ],
            "tags": {
              "Name": "route_table_test-vpc",
              "created-by": "john"
            },
            "tags_all": {
              "Name": "route_table_test-vpc",
              "created-by": "john"
            },
            "timeouts": null,
            "vpc_id": "vpc-0964582ebae993167"
          },
          "sensitive_attributes": [],
          "private": "eyJlMmJmYjczMC1lY2FhLTExZTYtOGY4OC0zNDM2M2JjN2M0YzAiOnsiY3JlYXRlIjozMDAwMDAwMDAwMDAsImRlbGV0ZSI6MzAwMDAwMDAwMDAwLCJ1cGRhdGUiOjEyMDAwMDAwMDAwMH19",
          "dependencies": [
            "module.vpc.aws_internet_gateway.internet_gateway",
            "module.vpc.aws_vpc.aws_vpc"
          ]
        }
      ]
    },
    {
      "module": "module.vpc",
      "mode": "managed",
      "type": "aws_route_table_association",
      "name": "public_association",
      "provider": "provider[\"registry.terraform.io/hashicorp/aws\"]",
      "instances": [
        {
          "index_key": 0,
          "schema_version": 0,
          "attributes": {
            "gateway_id": "",
            "id": "rtbassoc-02a21baa08f5bda6e",
            "route_table_id": "rtb-0b5c870a7629eb0ca",
            "subnet_id": "subnet-05cc5275d99b588dd",
            "timeouts": null
          },
          "sensitive_attributes": [],
          "private": "eyJlMmJmYjczMC1lY2FhLTExZTYtOGY4OC0zNDM2M2JjN2M0YzAiOnsiY3JlYXRlIjozMDAwMDAwMDAwMDAsImRlbGV0ZSI6MzAwMDAwMDAwMDAwLCJ1cGRhdGUiOjEyMDAwMDAwMDAwMH19",
          "dependencies": [
            "module.vpc.aws_internet_gateway.internet_gateway",
            "module.vpc.aws_route_table.public_route_table",
            "module.vpc.aws_subnet.public_subnet",
            "module.vpc.aws_vpc.aws_vpc"
          ]
        },
        {
          "index_key": 1,
          "schema_version": 0,
          "attributes": {
            "gateway_id": "",
            "id": "rtbassoc-050396c1615e046bd",
            "route_table_id": "rtb-0b5c870a7629eb0ca",
            "subnet_id": "subnet-0511705e6794ad901",
            "timeouts": null
          },
          "sensitive_attributes": [],
          "private": "eyJlMmJmYjczMC1lY2FhLTExZTYtOGY4OC0zNDM2M2JjN2M0YzAiOnsiY3JlYXRlIjozMDAwMDAwMDAwMDAsImRlbGV0ZSI6MzAwMDAwMDAwMDAwLCJ1cGRhdGUiOjEyMDAwMDAwMDAwMH19",
          "dependencies": [
            "module.vpc.aws_internet_gateway.internet_gateway",
            "module.vpc.aws_route_table.public_route_table",
            "module.vpc.aws_subnet.public_subnet",
            "module.vpc.aws_vpc.aws_vpc"
          ]
        }
      ]
    },
    {
      "module": "module.vpc",
      "mode": "managed",
      "type": "aws_subnet",
      "name": "public_subnet",
      "provider": "provider[\"registry.terraform.io/hashicorp/aws\"]",
      "instances": [
        {
          "index_key": 0,
          "schema_version": 1,
          "attributes": {
            "arn": "arn:aws:ec2:us-east-1:083469513477:subnet/subnet-05cc5275d99b588dd",
            "assign_ipv6_address_on_creation": false,
            "availability_zone": "us-east-1a",
            "availability_zone_id": "use1-az4",
            "cidr_block": "10.0.1.0/24",
            "customer_owned_ipv4_pool": "",
            "enable_dns64": false,
            "enable_lni_at_device_index": 0,
            "enable_resource_name_dns_a_record_on_launch": false,
            "enable_resource_name_dns_aaaa_record_on_launch": false,
            "id": "subnet-05cc5275d99b588dd",
            "ipv6_cidr_block": "",
            "ipv6_cidr_block_association_id": "",
            "ipv6_native": false,
            "map_customer_owned_ip_on_launch": false,
            "map_public_ip_on_launch": false,
            "outpost_arn": "",
            "owner_id": "083469513477",
            "private_dns_hostname_type_on_launch": "ip-name",
            "tags": {
              "Name": "public-subnet-1-test-vpc",
              "created-by": "john"
            },
            "tags_all": {
              "Name": "public-subnet-1-test-vpc",
              "created-by": "john"
            },
            "timeouts": null,
            "vpc_id": "vpc-0964582ebae993167"
          },
          "sensitive_attributes": [],
          "private": "eyJlMmJmYjczMC1lY2FhLTExZTYtOGY4OC0zNDM2M2JjN2M0YzAiOnsiY3JlYXRlIjo2MDAwMDAwMDAwMDAsImRlbGV0ZSI6MTIwMDAwMDAwMDAwMH0sInNjaGVtYV92ZXJzaW9uIjoiMSJ9",
          "dependencies": [
            "module.vpc.aws_vpc.aws_vpc"
          ]
        },
        {
          "index_key": 1,
          "schema_version": 1,
          "attributes": {
            "arn": "arn:aws:ec2:us-east-1:083469513477:subnet/subnet-0511705e6794ad901",
            "assign_ipv6_address_on_creation": false,
            "availability_zone": "us-east-1b",
            "availability_zone_id": "use1-az6",
            "cidr_block": "10.0.2.0/24",
            "customer_owned_ipv4_pool": "",
            "enable_dns64": false,
            "enable_lni_at_device_index": 0,
            "enable_resource_name_dns_a_record_on_launch": false,
            "enable_resource_name_dns_aaaa_record_on_launch": false,
            "id": "subnet-0511705e6794ad901",
            "ipv6_cidr_block": "",
            "ipv6_cidr_block_association_id": "",
            "ipv6_native": false,
            "map_customer_owned_ip_on_launch": false,
            "map_public_ip_on_launch": false,
            "outpost_arn": "",
            "owner_id": "083469513477",
            "private_dns_hostname_type_on_launch": "ip-name",
            "tags": {
              "Name": "public-subnet-2-test-vpc",
              "created-by": "john"
            },
            "tags_all": {
              "Name": "public-subnet-2-test-vpc",
              "created-by": "john"
            },
            "timeouts": null,
            "vpc_id": "vpc-0964582ebae993167"
          },
          "sensitive_attributes": [],
          "private": "eyJlMmJmYjczMC1lY2FhLTExZTYtOGY4OC0zNDM2M2JjN2M0YzAiOnsiY3JlYXRlIjo2MDAwMDAwMDAwMDAsImRlbGV0ZSI6MTIwMDAwMDAwMDAwMH0sInNjaGVtYV92ZXJzaW9uIjoiMSJ9",
          "dependencies": [
            "module.vpc.aws_vpc.aws_vpc"
          ]
        }
      ]
    },
    {
      "module": "module.vpc",
      "mode": "managed",
      "type": "aws_vpc",
      "name": "aws_vpc",
      "provider": "provider[\"registry.terraform.io/hashicorp/aws\"]",
      "instances": [
        {
          "schema_version": 1,
          "attributes": {
            "arn": "arn:aws:ec2:us-east-1:083469513477:vpc/vpc-0964582ebae993167",
            "assign_generated_ipv6_cidr_block": false,
            "cidr_block": "10.0.0.0/16",
            "default_network_acl_id": "acl-023840ee2de1c1ccd",
            "default_route_table_id": "rtb-0535e539c81a4bcff",
            "default_security_group_id": "sg-0f9bdc0b35c028e79",
            "dhcp_options_id": "dopt-0df804ad9baba93d6",
            "enable_dns_hostnames": false,
            "enable_dns_support": true,
            "enable_network_address_usage_metrics": false,
            "id": "vpc-0964582ebae993167",
            "instance_tenancy": "default",
            "ipv4_ipam_pool_id": null,
            "ipv4_netmask_length": null,
            "ipv6_association_id": "",
            "ipv6_cidr_block": "",
            "ipv6_cidr_block_network_border_group": "",
            "ipv6_ipam_pool_id": "",
            "ipv6_netmask_length": 0,
            "main_route_table_id": "rtb-0535e539c81a4bcff",
            "owner_id": "083469513477",
            "tags": {
              "Name": "test-vpc",
              "created-by": "john"
            },
            "tags_all": {
              "Name": "test-vpc",
              "created-by": "john"
            }
          },
          "sensitive_attributes": [],
          "private": "eyJzY2hlbWFfdmVyc2lvbiI6IjEifQ=="
        }
      ]
    }
  ],
  "check_results": null
}
