{
  "version": 4,
  "terraform_version": "1.9.6",
  "serial": 274,
  "lineage": "3728101b-db01-cefe-71c7-7f819378a146",
  "outputs": {},
  "resources": [
    {
      "module": "module.ec2",
      "mode": "managed",
      "type": "aws_instance",
      "name": "public_ec2",
      "provider": "provider[\"registry.terraform.io/hashicorp/aws\"]",
      "instances": [
        {
          "index_key": 0,
          "schema_version": 1,
          "attributes": {
            "ami": "ami-0e86e20dae9224db8",
            "arn": "arn:aws:ec2:us-east-1:083469513477:instance/i-0b2c82513203cf31c",
            "associate_public_ip_address": true,
            "availability_zone": "us-east-1a",
            "capacity_reservation_specification": [
              {
                "capacity_reservation_preference": "open",
                "capacity_reservation_target": []
              }
            ],
            "cpu_core_count": 1,
            "cpu_options": [
              {
                "amd_sev_snp": "",
                "core_count": 1,
                "threads_per_core": 1
              }
            ],
            "cpu_threads_per_core": 1,
            "credit_specification": [
              {
                "cpu_credits": "standard"
              }
            ],
            "disable_api_stop": false,
            "disable_api_termination": false,
            "ebs_block_device": [],
            "ebs_optimized": false,
            "enclave_options": [
              {
                "enabled": false
              }
            ],
            "ephemeral_block_device": [],
            "get_password_data": false,
            "hibernation": false,
            "host_id": "",
            "host_resource_group_arn": null,
            "iam_instance_profile": "",
            "id": "i-0b2c82513203cf31c",
            "instance_initiated_shutdown_behavior": "stop",
            "instance_state": "running",
            "instance_type": "t2.micro",
            "ipv6_address_count": 0,
            "ipv6_addresses": [],
            "key_name": "private_key",
            "launch_template": [],
            "maintenance_options": [
              {
                "auto_recovery": "default"
              }
            ],
            "metadata_options": [
              {
                "http_endpoint": "enabled",
                "http_put_response_hop_limit": 2,
                "http_tokens": "required",
                "instance_metadata_tags": "disabled"
              }
            ],
            "monitoring": false,
            "network_interface": [],
            "outpost_arn": "",
            "password_data": "",
            "placement_group": "",
            "placement_partition_number": 0,
            "primary_network_interface_id": "eni-009e3251aeae5aae5",
            "private_dns": "ip-10-0-1-151.ec2.internal",
            "private_dns_name_options": [
              {
                "enable_resource_name_dns_a_record": false,
                "enable_resource_name_dns_aaaa_record": false,
                "hostname_type": "ip-name"
              }
            ],
            "private_ip": "10.0.1.151",
            "public_dns": "",
            "public_ip": "3.90.88.207",
            "root_block_device": [
              {
                "delete_on_termination": true,
                "device_name": "/dev/sda1",
                "encrypted": false,
                "iops": 3000,
                "kms_key_id": "",
                "tags": {},
                "throughput": 125,
                "volume_id": "vol-0349e5cdc7821d67f",
                "volume_size": 8,
                "volume_type": "gp3"
              }
            ],
            "secondary_private_ips": [],
            "security_groups": [],
            "source_dest_check": true,
            "subnet_id": "subnet-0d6223dc6e0b556c5",
            "tags": {
              "Name": "Docker",
              "created-by": "john"
            },
            "tags_all": {
              "Name": "Docker",
              "created-by": "john"
            },
            "tenancy": "default",
            "timeouts": null,
            "user_data": "cec1b16144af0d434de335d5892730306e6471f3",
            "user_data_base64": null,
            "user_data_replace_on_change": false,
            "volume_tags": null,
            "vpc_security_group_ids": [
              "sg-06e7091d8426ceae2"
            ]
          },
          "sensitive_attributes": [],
          "private": "eyJlMmJmYjczMC1lY2FhLTExZTYtOGY4OC0zNDM2M2JjN2M0YzAiOnsiY3JlYXRlIjo2MDAwMDAwMDAwMDAsImRlbGV0ZSI6MTIwMDAwMDAwMDAwMCwidXBkYXRlIjo2MDAwMDAwMDAwMDB9LCJzY2hlbWFfdmVyc2lvbiI6IjEifQ==",
          "dependencies": [
            "module.ec2.aws_key_pair.kp",
            "module.ec2.aws_security_group.public_security-group",
            "module.ec2.tls_private_key.pk",
            "module.vpc.aws_subnet.public_subnet",
            "module.vpc.aws_vpc.aws_vpc"
          ]
        },
        {
          "index_key": 1,
          "schema_version": 1,
          "attributes": {
            "ami": "ami-0e86e20dae9224db8",
            "arn": "arn:aws:ec2:us-east-1:083469513477:instance/i-0f5ba1540f44972fc",
            "associate_public_ip_address": true,
            "availability_zone": "us-east-1b",
            "capacity_reservation_specification": [
              {
                "capacity_reservation_preference": "open",
                "capacity_reservation_target": []
              }
            ],
            "cpu_core_count": 1,
            "cpu_options": [
              {
                "amd_sev_snp": "",
                "core_count": 1,
                "threads_per_core": 1
              }
            ],
            "cpu_threads_per_core": 1,
            "credit_specification": [
              {
                "cpu_credits": "standard"
              }
            ],
            "disable_api_stop": false,
            "disable_api_termination": false,
            "ebs_block_device": [],
            "ebs_optimized": false,
            "enclave_options": [
              {
                "enabled": false
              }
            ],
            "ephemeral_block_device": [],
            "get_password_data": false,
            "hibernation": false,
            "host_id": "",
            "host_resource_group_arn": null,
            "iam_instance_profile": "",
            "id": "i-0f5ba1540f44972fc",
            "instance_initiated_shutdown_behavior": "stop",
            "instance_state": "running",
            "instance_type": "t2.micro",
            "ipv6_address_count": 0,
            "ipv6_addresses": [],
            "key_name": "private_key",
            "launch_template": [],
            "maintenance_options": [
              {
                "auto_recovery": "default"
              }
            ],
            "metadata_options": [
              {
                "http_endpoint": "enabled",
                "http_put_response_hop_limit": 2,
                "http_tokens": "required",
                "instance_metadata_tags": "disabled"
              }
            ],
            "monitoring": false,
            "network_interface": [],
            "outpost_arn": "",
            "password_data": "",
            "placement_group": "",
            "placement_partition_number": 0,
            "primary_network_interface_id": "eni-0f3e457622fd66f67",
            "private_dns": "ip-10-0-2-44.ec2.internal",
            "private_dns_name_options": [
              {
                "enable_resource_name_dns_a_record": false,
                "enable_resource_name_dns_aaaa_record": false,
                "hostname_type": "ip-name"
              }
            ],
            "private_ip": "10.0.2.44",
            "public_dns": "",
            "public_ip": "54.242.244.148",
            "root_block_device": [
              {
                "delete_on_termination": true,
                "device_name": "/dev/sda1",
                "encrypted": false,
                "iops": 3000,
                "kms_key_id": "",
                "tags": {},
                "throughput": 125,
                "volume_id": "vol-0c98c733a35ab0961",
                "volume_size": 8,
                "volume_type": "gp3"
              }
            ],
            "secondary_private_ips": [],
            "security_groups": [],
            "source_dest_check": true,
            "subnet_id": "subnet-097694d1cd9a9a4f4",
            "tags": {
              "Name": "Jenkins",
              "created-by": "john"
            },
            "tags_all": {
              "Name": "Jenkins",
              "created-by": "john"
            },
            "tenancy": "default",
            "timeouts": null,
            "user_data": "cec1b16144af0d434de335d5892730306e6471f3",
            "user_data_base64": null,
            "user_data_replace_on_change": false,
            "volume_tags": null,
            "vpc_security_group_ids": [
              "sg-06e7091d8426ceae2"
            ]
          },
          "sensitive_attributes": [],
          "private": "eyJlMmJmYjczMC1lY2FhLTExZTYtOGY4OC0zNDM2M2JjN2M0YzAiOnsiY3JlYXRlIjo2MDAwMDAwMDAwMDAsImRlbGV0ZSI6MTIwMDAwMDAwMDAwMCwidXBkYXRlIjo2MDAwMDAwMDAwMDB9LCJzY2hlbWFfdmVyc2lvbiI6IjEifQ==",
          "dependencies": [
            "module.ec2.aws_key_pair.kp",
            "module.ec2.aws_security_group.public_security-group",
            "module.ec2.tls_private_key.pk",
            "module.vpc.aws_subnet.public_subnet",
            "module.vpc.aws_vpc.aws_vpc"
          ]
        }
      ]
    },
    {
      "module": "module.ec2",
      "mode": "managed",
      "type": "aws_key_pair",
      "name": "kp",
      "provider": "provider[\"registry.terraform.io/hashicorp/aws\"]",
      "instances": [
        {
          "schema_version": 1,
          "attributes": {
            "arn": "arn:aws:ec2:us-east-1:083469513477:key-pair/private_key",
            "fingerprint": "08:90:c7:d3:95:e3:48:fd:bc:50:77:9d:2d:98:06:c3",
            "id": "private_key",
            "key_name": "private_key",
            "key_name_prefix": "",
            "key_pair_id": "key-029e9b61cd82dc03e",
            "key_type": "rsa",
            "public_key": "ssh-rsa AAAAB3NzaC1yc2EAAAADAQABAAACAQDi19L/kXnSiy5kL+gCeQrN5LQJYMkN7csx+H2G1qt029W0TBsuiNXyf9LmDutsqTSJ9/i40SSpaQ4WMUgaYRiOHlqjS5yjL4LD4DgtI1BOtVOQp6TtDSlL9lPh97sd8oCSd0xGy0q8DSoSmh+uiduRbCHZuFne8Bty0nlwem3rlepsFrwFDV7BZyOcTCc0rxQIdWfbL38meASmBSqq4yoVOnpuosK2NHiLic3OoDnck10dLc0AHi+9cB4F2vD6l2xQA9uB+qUjsSALBAd8ONVKvNsNb7VbrWnsipuEG/NkDJ/JN3Ze72bDfbat4kl3f40FqRJ1Ww7HsPnD6baPc2+tG6rAG+tZneuWZQo2fXlTNWcyA6PcA79cbqN8o7Wv2I5p2bp+0FJuB/5hQ3ii1am0G4vfKDLksdpR2SFTZsebtt6cjVCYJX1rkT9M+0oyBi8UVG25SyXryJMA9mn5Ju7WG3qvBeowbi+ELCQCo3736Vi3CpLFJDxs+OSsHNzJIsSJ5GbzZ7b5AcIo24CkTQR2dPoWQXqrZwi+Fymx1lwbL/RNicEyONxmZ9gVOhmhobMYfYhRo1UAu6mt4UWXwnmvoaHrnID0X+PCiFNsg2I2CBB6DwzKbMCkZaihINKv1sPJGNfQzREos4PXG2f7j4pV1H4p+B0DQ6g768FF+uiR1Q==",
            "tags": null,
            "tags_all": {}
          },
          "sensitive_attributes": [],
          "private": "eyJzY2hlbWFfdmVyc2lvbiI6IjEifQ==",
          "dependencies": [
            "module.ec2.tls_private_key.pk"
          ]
        }
      ]
    },
    {
      "module": "module.ec2",
      "mode": "managed",
      "type": "aws_security_group",
      "name": "public_security-group",
      "provider": "provider[\"registry.terraform.io/hashicorp/aws\"]",
      "instances": [
        {
          "schema_version": 1,
          "attributes": {
            "arn": "arn:aws:ec2:us-east-1:083469513477:security-group/sg-06e7091d8426ceae2",
            "description": "Managed by Terraform",
            "egress": [
              {
                "cidr_blocks": [
                  "0.0.0.0/0"
                ],
                "description": "",
                "from_port": 0,
                "ipv6_cidr_blocks": [],
                "prefix_list_ids": [],
                "protocol": "-1",
                "security_groups": [],
                "self": false,
                "to_port": 0
              }
            ],
            "id": "sg-06e7091d8426ceae2",
            "ingress": [
              {
                "cidr_blocks": [
                  "0.0.0.0/0"
                ],
                "description": "",
                "from_port": 22,
                "ipv6_cidr_blocks": [],
                "prefix_list_ids": [],
                "protocol": "tcp",
                "security_groups": [],
                "self": false,
                "to_port": 22
              },
              {
                "cidr_blocks": [
                  "0.0.0.0/0"
                ],
                "description": "",
                "from_port": 8000,
                "ipv6_cidr_blocks": [],
                "prefix_list_ids": [],
                "protocol": "tcp",
                "security_groups": [],
                "self": false,
                "to_port": 8000
              },
              {
                "cidr_blocks": [
                  "0.0.0.0/0"
                ],
                "description": "",
                "from_port": 8080,
                "ipv6_cidr_blocks": [],
                "prefix_list_ids": [],
                "protocol": "tcp",
                "security_groups": [],
                "self": false,
                "to_port": 8080
              },
              {
                "cidr_blocks": [
                  "0.0.0.0/0"
                ],
                "description": "",
                "from_port": 80,
                "ipv6_cidr_blocks": [],
                "prefix_list_ids": [],
                "protocol": "tcp",
                "security_groups": [],
                "self": false,
                "to_port": 80
              }
            ],
            "name": "public-security-group",
            "name_prefix": "",
            "owner_id": "083469513477",
            "revoke_rules_on_delete": false,
            "tags": null,
            "tags_all": {},
            "timeouts": null,
            "vpc_id": "vpc-0b1e0fbc0200f7bce"
          },
          "sensitive_attributes": [],
          "private": "eyJlMmJmYjczMC1lY2FhLTExZTYtOGY4OC0zNDM2M2JjN2M0YzAiOnsiY3JlYXRlIjo2MDAwMDAwMDAwMDAsImRlbGV0ZSI6OTAwMDAwMDAwMDAwfSwic2NoZW1hX3ZlcnNpb24iOiIxIn0=",
          "dependencies": [
            "module.vpc.aws_vpc.aws_vpc"
          ]
        }
      ]
    },
    {
      "module": "module.ec2",
      "mode": "managed",
      "type": "local_file",
      "name": "inventory_file",
      "provider": "provider[\"registry.terraform.io/hashicorp/local\"]",
      "instances": [
        {
          "schema_version": 0,
          "attributes": {
            "content": "[Docker]\n3.90.88.207\n[Jenkins]\n54.242.244.148",
            "content_base64": null,
            "content_base64sha256": "dzBSXnqxati0X1rfGXs3I3L8PTbmSLRYxPSOGcs7qgk=",
            "content_base64sha512": "Ezo/pe8D3/p2n2JQXWz84YYYmruFhYNny3EnbMND7lsXguelYglJPDloTyt9Rn+tswI5Q5n4tyC4GOqSVXGPOQ==",
            "content_md5": "65a2bf9096fd31a9f1a5af1e4661d96a",
            "content_sha1": "0c60eaa9d2f0a1a4b4d83d0e2faeb80dad3dbf03",
            "content_sha256": "7730525e7ab16ad8b45f5adf197b372372fc3d36e648b458c4f48e19cb3baa09",
            "content_sha512": "133a3fa5ef03dffa769f62505d6cfce186189abb85858367cb71276cc343ee5b1782e7a56209493c39684f2b7d467fadb302394399f8b720b818ea9255718f39",
            "directory_permission": "0777",
            "file_permission": "0777",
            "filename": "/home/mostafa/depi/DEPI-Project/terraform/inventory.ini",
            "id": "0c60eaa9d2f0a1a4b4d83d0e2faeb80dad3dbf03",
            "sensitive_content": null,
            "source": null
          },
          "sensitive_attributes": [
            [
              {
                "type": "get_attr",
                "value": "sensitive_content"
              }
            ]
          ],
          "dependencies": [
            "module.ec2.aws_instance.public_ec2",
            "module.ec2.aws_key_pair.kp",
            "module.ec2.aws_security_group.public_security-group",
            "module.ec2.tls_private_key.pk",
            "module.vpc.aws_subnet.public_subnet",
            "module.vpc.aws_vpc.aws_vpc"
          ]
        }
      ]
    },
    {
      "module": "module.ec2",
      "mode": "managed",
      "type": "local_file",
      "name": "private_key",
      "provider": "provider[\"registry.terraform.io/hashicorp/local\"]",
      "instances": [
        {
          "schema_version": 0,
          "attributes": {
            "content": "-----BEGIN RSA PRIVATE KEY-----\nMIIJJwIBAAKCAgEA4tfS/5F50osuZC/oAnkKzeS0CWDJDe3LMfh9htardNvVtEwb\nLojV8n/S5g7rbKk0iff4uNEkqWkOFjFIGmEYjh5ao0ucoy+Cw+A4LSNQTrVTkKek\n7Q0pS/ZT4fe7HfKAkndMRstKvA0qEpofronbkWwh2bhZ3vAbctJ5cHpt65XqbBa8\nBQ1ewWcjnEwnNK8UCHVn2y9/JngEpgUqquMqFTp6bqLCtjR4i4nNzqA53JNdHS3N\nAB4vvXAeBdrw+pdsUAPbgfqlI7EgCwQHfDjVSrzbDW+1W61p7IqbhBvzZAyfyTd2\nXu9mw322reJJd3+NBakSdVsOx7D5w+m2j3NvrRuqwBvrWZ3rlmUKNn15UzVnMgOj\n3AO/XG6jfKO1r9iOadm6ftBSbgf+YUN4otWptBuL3ygy5LHaUdkhU2bHm7benI1Q\nmCV9a5E/TPtKMgYvFFRtuUsl68iTAPZp+Sbu1ht6rwXqMG4vhCwkAqN+9+lYtwqS\nxSQ8bPjkrBzcySLEieRm82e2+QHCKNuApE0EdnT6FkF6q2cIvhcpsdZcGy/0TYnB\nMjjcZmfYFToZoaGzGH2IUaNVALupreFFl8J5r6Gh65yA9F/jwohTbINiNggQeg8M\nymzApGWooSDSr9bDyRjX0M0RKLOD1xtn+4+KVdR+KfgdA0OoO+vBRfrokdUCAwEA\nAQKCAgBOel5L/ndH6NDe5lf86wVa3+GNUQedowPmQNKkoIXmwts3KhFJUxu5bpF2\n9/houk0r4jcRMYHefjLaaKhKQAcvu76dud3x8tDplRu6OfphkIfdhrIfNKtx1UGF\n7p+0p53ljhI8d75eOquwjdOiHZ1xvRgk64tj/mtwmPJcgG6gz1evl1nq4YpDnLwM\nKahyqJNkrcGFafQySdlJ2oW9YyO+/mE2/2YfhR2jIMSr1HDQJ8dR/fNrNAZOIoiw\ne+NcvqBBOmRpnl4db/zm8rjoN/1KgvXBu0Dh+6empvlQhh75IQjyoxZ3l5lUzpwx\nohTKm70dFTYGlb8SRN7T8XowPL6IXTFmvjveZ7nITCVnGEldxIbE43DnqUGNfWVN\nYr3TqI3ISGcmDY0nvu+uSueK5QMxTXMbUO/1YVLI01qlWQjUlahQ9nqT8t8gZpyS\nRcoS5MhCCqRVktBEt4oI3mxoXKgFFRXZG7qRoeBLqYTpRvVJRE3zy8C2imAHBHoe\noT8PYSzOEhfsgham2zPBuzkKv9c0qciA+K79phNNuPphAUhXR0loOThhM6Tcnniv\npSFBH0BuC2gwnbt05t79Q7+XNrAdpODnHyMh0c/v4s2haU9KCBshYigzoHhjc9xm\np9nLWTocyNjM76DkOzbDtYEZ6L6RDhEUyWxV0f33Ale5vJAEIQKCAQEA+TFGsp7J\n2IVhmjNkbl+hbHfWCxefFUBnQ6+iDN7RAXkm4dlBWKb/LRncxY5aH/D6sS+q9iEQ\ndT68YlhqnPWYyp0PvsfIOmGhwuW7x15EjNzNPG/rxEVqt2GkAyjKjSieovkxvKvI\nrTRJQLKVsXSQsTM6UROVOjjs06Hw/QPzZrozKpBKliNwF7L359oeUWVDqdCXXaNF\nZ4+e9Z8Uf05xuXqsmcI9NWuXxR8klCk8VvPkbZ0uh0pkA2nTNnX9FwLm1lilFlXJ\nMa8jDlGwgF+3cusc5XCgVIMycqyOgF1t+3Om+z1fsqW2AzII+LNzEdEYRl2zlCjN\njTG+zs9JtMSz+QKCAQEA6Qo/aeypBbL8CJH6EP32l96k2gfZrqeHa5K1ea8FKEtB\nvyv4R6Kzply9uv1m4mM8obzbb9P/A9ih5M9WVj56CXpqZOyHdY63R9GASO4fJPzL\nutNQAOlWyOCD4zfkWcAOBTnSzwLuhIqqGplUg2fJyGLRjpL6Fs9PLqc4JSVeiH68\nCnejos6tcTSK34s43fA9P8jZCPGlayTwP21wXzlfzgR6qlLpc4OXpRcPaCfxwdOR\npL32NM09F8WvNhYsUe8qM4eOcnOlVook5L7mmhj1qfbz2TY1oF//D5BROJZfE9ST\nfRh8OzMHVUTvNCnGG435ynycEvCd1ZVKW1HMtpQLvQKCAQApHFQJi+DI89hSVEAx\nZV2AQ5TwZ4k7PFDM/eDCNtBMaexcPjdlpMdcbXPas81yj5MMQEz4JiRM83io0OVl\n167JXngGhXcnCoxhVv1PuuGcS6EgY2aGDt24O0ePrd8cwqLJSEtIUR7eVE3xeoTv\nrcdhNI5eadiorlOD5qeXVluFixp93ygu9NG9Vy1G9tkhnI85KMyQCiudFjinVQNQ\nrWRdsTtgcocelQ2I28ZxGwx1W+9HljLi5wbw+Th7N6P1c+kZW66ArM5wf/BMoHV5\n+FCPiPJPd/E7gBmGialIzCEk5sOZl1p+YpBQnqSUQyasvc4/bZ3+x2yB6r8L527F\nf94hAoIBAHZ5VT/epxdUpTkeLYmR81nGQPzvXMWkOf6AeW5Bgle32tb73Z9dogOD\nxplX1oRlex+mydCScGVeLwAKQJRb8uL6rzhb34nuYlNKuPNay86cDl8Oqu+rsQky\nyxorAhZ2wyn4+alwjh4n+M7JAORFUZpkUrEvG6GZB2JqdOq9ks/Fzodrx28vr5GL\n6sY3G1QJnLnevCgF4dkU0GcOlkBzBLfSIyKQQEsPrXqqvJRxKkEl9DdSs+aoKNT7\nFVZj82g8NLI5yjt5e6cBWDxKqSXSZqJgABx/qMe9xgf9kK06FWAZhFnmptHZ4XKC\nNzHHwwWjKki9DQO7/CHnYgQHFBIGNekCggEAZsZvMQYW+FR0LgfZMXWmlZK7Pz4i\nJdVRyC9m/ifdC/Mbd/jlKYfVGQu0NiAi757VOxAzKS0Ugls21rUb4vVtHl+sPFgK\nvDDekJVzyH95nHiyUmqB8AZRSyD0K3+ThHJpmzOjUmjt83kKcAM8mR300XhTKABF\nFXYR0ZzJmhVmxUN/wbMgkZfBmMQ6flvIjtVcPiohmvzOAX0rJn1IsHmp+Htx9v7Y\npb1ZOoT7yeXOQIRCUjKbI3ZMVJqO+o/x3dvujp2wovOO7dcELEJKq+w37hCm25CS\nGCIW+MyZquU2LUYH4wC+7+y1MzqlSvtHq/BoljGz2WF0r1VZ+3royUtSdQ==\n-----END RSA PRIVATE KEY-----\n",
            "content_base64": null,
            "content_base64sha256": "Ryb4cCI0fq8YXGUpGeY22mqpDMbhA5iBAYFuumF4piE=",
            "content_base64sha512": "9JvpDUkvfmJYvJgnGl7exIMCVbcUdIR2Wq5e6aDo328EvzbvUhFVVWqxuPYJxbz1VkUUOxDY9cPTaq8fkTt5ag==",
            "content_md5": "d3e5a84d76436f93057c869d9958e579",
            "content_sha1": "3b0384d8abcb16d187c4653d36f11ea9d6657a45",
            "content_sha256": "4726f87022347eaf185c652919e636da6aa90cc6e103988101816eba6178a621",
            "content_sha512": "f49be90d492f7e6258bc98271a5edec4830255b7147484765aae5ee9a0e8df6f04bf36ef521155556ab1b8f609c5bcf55645143b10d8f5c3d36aaf1f913b796a",
            "directory_permission": "0777",
            "file_permission": "0777",
            "filename": "/home/mostafa/depi/DEPI-Project/terraform/private_key.pem",
            "id": "3b0384d8abcb16d187c4653d36f11ea9d6657a45",
            "sensitive_content": null,
            "source": null
          },
          "sensitive_attributes": [
            [
              {
                "type": "get_attr",
                "value": "sensitive_content"
              }
            ],
            [
              {
                "type": "get_attr",
                "value": "content"
              }
            ]
          ],
          "dependencies": [
            "module.ec2.tls_private_key.pk"
          ]
        }
      ]
    },
    {
      "module": "module.ec2",
      "mode": "managed",
      "type": "tls_private_key",
      "name": "pk",
      "provider": "provider[\"registry.terraform.io/hashicorp/tls\"]",
      "instances": [
        {
          "schema_version": 1,
          "attributes": {
            "algorithm": "RSA",
            "ecdsa_curve": "P224",
            "id": "355a4e3a5d3ac068d3e17536e291740b2888836d",
            "private_key_openssh": "-----BEGIN OPENSSH PRIVATE KEY-----\nb3BlbnNzaC1rZXktdjEAAAAABG5vbmUAAAAEbm9uZQAAAAAAAAABAAACFwAAAAdz\nc2gtcnNhAAAAAwEAAQAAAgEA4tfS/5F50osuZC/oAnkKzeS0CWDJDe3LMfh9htar\ndNvVtEwbLojV8n/S5g7rbKk0iff4uNEkqWkOFjFIGmEYjh5ao0ucoy+Cw+A4LSNQ\nTrVTkKek7Q0pS/ZT4fe7HfKAkndMRstKvA0qEpofronbkWwh2bhZ3vAbctJ5cHpt\n65XqbBa8BQ1ewWcjnEwnNK8UCHVn2y9/JngEpgUqquMqFTp6bqLCtjR4i4nNzqA5\n3JNdHS3NAB4vvXAeBdrw+pdsUAPbgfqlI7EgCwQHfDjVSrzbDW+1W61p7IqbhBvz\nZAyfyTd2Xu9mw322reJJd3+NBakSdVsOx7D5w+m2j3NvrRuqwBvrWZ3rlmUKNn15\nUzVnMgOj3AO/XG6jfKO1r9iOadm6ftBSbgf+YUN4otWptBuL3ygy5LHaUdkhU2bH\nm7benI1QmCV9a5E/TPtKMgYvFFRtuUsl68iTAPZp+Sbu1ht6rwXqMG4vhCwkAqN+\n9+lYtwqSxSQ8bPjkrBzcySLEieRm82e2+QHCKNuApE0EdnT6FkF6q2cIvhcpsdZc\nGy/0TYnBMjjcZmfYFToZoaGzGH2IUaNVALupreFFl8J5r6Gh65yA9F/jwohTbINi\nNggQeg8MymzApGWooSDSr9bDyRjX0M0RKLOD1xtn+4+KVdR+KfgdA0OoO+vBRfro\nkdUAAAc4B9vpOAfb6TgAAAAHc3NoLXJzYQAAAgEA4tfS/5F50osuZC/oAnkKzeS0\nCWDJDe3LMfh9htardNvVtEwbLojV8n/S5g7rbKk0iff4uNEkqWkOFjFIGmEYjh5a\no0ucoy+Cw+A4LSNQTrVTkKek7Q0pS/ZT4fe7HfKAkndMRstKvA0qEpofronbkWwh\n2bhZ3vAbctJ5cHpt65XqbBa8BQ1ewWcjnEwnNK8UCHVn2y9/JngEpgUqquMqFTp6\nbqLCtjR4i4nNzqA53JNdHS3NAB4vvXAeBdrw+pdsUAPbgfqlI7EgCwQHfDjVSrzb\nDW+1W61p7IqbhBvzZAyfyTd2Xu9mw322reJJd3+NBakSdVsOx7D5w+m2j3NvrRuq\nwBvrWZ3rlmUKNn15UzVnMgOj3AO/XG6jfKO1r9iOadm6ftBSbgf+YUN4otWptBuL\n3ygy5LHaUdkhU2bHm7benI1QmCV9a5E/TPtKMgYvFFRtuUsl68iTAPZp+Sbu1ht6\nrwXqMG4vhCwkAqN+9+lYtwqSxSQ8bPjkrBzcySLEieRm82e2+QHCKNuApE0EdnT6\nFkF6q2cIvhcpsdZcGy/0TYnBMjjcZmfYFToZoaGzGH2IUaNVALupreFFl8J5r6Gh\n65yA9F/jwohTbINiNggQeg8MymzApGWooSDSr9bDyRjX0M0RKLOD1xtn+4+KVdR+\nKfgdA0OoO+vBRfrokdUAAAADAQABAAACAE56Xkv+d0fo0N7mV/zrBVrf4Y1RB52j\nA+ZA0qSghebC2zcqEUlTG7lukXb3+Gi6TSviNxExgd5+MtpoqEpABy+7vp253fHy\n0OmVG7o5+mGQh92Gsh80q3HVQYXun7SnneWOEjx3vl46q7CN06IdnXG9GCTri2P+\na3CY8lyAbqDPV6+XWerhikOcvAwpqHKok2StwYVp9DJJ2Unahb1jI77+YTb/Zh+F\nHaMgxKvUcNAnx1H982s0Bk4iiLB741y+oEE6ZGmeXh1v/ObyuOg3/UqC9cG7QOH7\np6am+VCGHvkhCPKjFneXmVTOnDGiFMqbvR0VNgaVvxJE3tPxejA8vohdMWa+O95n\nuchMJWcYSV3EhsTjcOepQY19ZU1ivdOojchIZyYNjSe+765K54rlAzFNcxtQ7/Vh\nUsjTWqVZCNSVqFD2epPy3yBmnJJFyhLkyEIKpFWS0ES3igjebGhcqAUVFdkbupGh\n4EuphOlG9UlETfPLwLaKYAcEeh6hPw9hLM4SF+yCFqbbM8G7OQq/1zSpyID4rv2m\nE024+mEBSFdHSWg5OGEzpNyeeK+lIUEfQG4LaDCdu3Tm3v1Dv5c2sB2k4OcfIyHR\nz+/izaFpT0oIGyFiKDOgeGNz3Gan2ctZOhzI2MzvoOQ7NsO1gRnovpEOERTJbFXR\n/fcCV7m8kAQhAAABAGbGbzEGFvhUdC4H2TF1ppWSuz8+IiXVUcgvZv4n3QvzG3f4\n5SmH1RkLtDYgIu+e1TsQMyktFIJbNta1G+L1bR5frDxYCrww3pCVc8h/eZx4slJq\ngfAGUUsg9Ct/k4RyaZszo1Jo7fN5CnADPJkd9NF4UygARRV2EdGcyZoVZsVDf8Gz\nIJGXwZjEOn5byI7VXD4qIZr8zgF9KyZ9SLB5qfh7cfb+2KW9WTqE+8nlzkCEQlIy\nmyN2TFSajvqP8d3b7o6dsKLzju3XBCxCSqvsN+4QptuQkhgiFvjMmarlNi1GB+MA\nvu/stTM6pUr7R6vwaJYxs9lhdK9VWft66MlLUnUAAAEBAPkxRrKeydiFYZozZG5f\noWx31gsXnxVAZ0Ovogze0QF5JuHZQVim/y0Z3MWOWh/w+rEvqvYhEHU+vGJYapz1\nmMqdD77HyDphocLlu8deRIzczTxv68RFardhpAMoyo0onqL5MbyryK00SUCylbF0\nkLEzOlETlTo47NOh8P0D82a6MyqQSpYjcBey9+faHlFlQ6nQl12jRWePnvWfFH9O\ncbl6rJnCPTVrl8UfJJQpPFbz5G2dLodKZANp0zZ1/RcC5tZYpRZVyTGvIw5RsIBf\nt3LrHOVwoFSDMnKsjoBdbftzpvs9X7KltgMyCPizcxHRGEZds5QozY0xvs7PSbTE\ns/kAAAEBAOkKP2nsqQWy/AiR+hD99pfepNoH2a6nh2uStXmvBShLQb8r+Eeis6Zc\nvbr9ZuJjPKG822/T/wPYoeTPVlY+egl6amTsh3WOt0fRgEjuHyT8y7rTUADpVsjg\ng+M35FnADgU50s8C7oSKqhqZVINnychi0Y6S+hbPTy6nOCUlXoh+vAp3o6LOrXE0\nit+LON3wPT/I2QjxpWsk8D9tcF85X84EeqpS6XODl6UXD2gn8cHTkaS99jTNPRfF\nrzYWLFHvKjOHjnJzpVaKJOS+5poY9an289k2NaBf/w+QUTiWXxPUk30YfDszB1VE\n7zQpxhuN+cp8nBLwndWVSltRzLaUC70AAAAAAQID\n-----END OPENSSH PRIVATE KEY-----\n",
            "private_key_pem": "-----BEGIN RSA PRIVATE KEY-----\nMIIJJwIBAAKCAgEA4tfS/5F50osuZC/oAnkKzeS0CWDJDe3LMfh9htardNvVtEwb\nLojV8n/S5g7rbKk0iff4uNEkqWkOFjFIGmEYjh5ao0ucoy+Cw+A4LSNQTrVTkKek\n7Q0pS/ZT4fe7HfKAkndMRstKvA0qEpofronbkWwh2bhZ3vAbctJ5cHpt65XqbBa8\nBQ1ewWcjnEwnNK8UCHVn2y9/JngEpgUqquMqFTp6bqLCtjR4i4nNzqA53JNdHS3N\nAB4vvXAeBdrw+pdsUAPbgfqlI7EgCwQHfDjVSrzbDW+1W61p7IqbhBvzZAyfyTd2\nXu9mw322reJJd3+NBakSdVsOx7D5w+m2j3NvrRuqwBvrWZ3rlmUKNn15UzVnMgOj\n3AO/XG6jfKO1r9iOadm6ftBSbgf+YUN4otWptBuL3ygy5LHaUdkhU2bHm7benI1Q\nmCV9a5E/TPtKMgYvFFRtuUsl68iTAPZp+Sbu1ht6rwXqMG4vhCwkAqN+9+lYtwqS\nxSQ8bPjkrBzcySLEieRm82e2+QHCKNuApE0EdnT6FkF6q2cIvhcpsdZcGy/0TYnB\nMjjcZmfYFToZoaGzGH2IUaNVALupreFFl8J5r6Gh65yA9F/jwohTbINiNggQeg8M\nymzApGWooSDSr9bDyRjX0M0RKLOD1xtn+4+KVdR+KfgdA0OoO+vBRfrokdUCAwEA\nAQKCAgBOel5L/ndH6NDe5lf86wVa3+GNUQedowPmQNKkoIXmwts3KhFJUxu5bpF2\n9/houk0r4jcRMYHefjLaaKhKQAcvu76dud3x8tDplRu6OfphkIfdhrIfNKtx1UGF\n7p+0p53ljhI8d75eOquwjdOiHZ1xvRgk64tj/mtwmPJcgG6gz1evl1nq4YpDnLwM\nKahyqJNkrcGFafQySdlJ2oW9YyO+/mE2/2YfhR2jIMSr1HDQJ8dR/fNrNAZOIoiw\ne+NcvqBBOmRpnl4db/zm8rjoN/1KgvXBu0Dh+6empvlQhh75IQjyoxZ3l5lUzpwx\nohTKm70dFTYGlb8SRN7T8XowPL6IXTFmvjveZ7nITCVnGEldxIbE43DnqUGNfWVN\nYr3TqI3ISGcmDY0nvu+uSueK5QMxTXMbUO/1YVLI01qlWQjUlahQ9nqT8t8gZpyS\nRcoS5MhCCqRVktBEt4oI3mxoXKgFFRXZG7qRoeBLqYTpRvVJRE3zy8C2imAHBHoe\noT8PYSzOEhfsgham2zPBuzkKv9c0qciA+K79phNNuPphAUhXR0loOThhM6Tcnniv\npSFBH0BuC2gwnbt05t79Q7+XNrAdpODnHyMh0c/v4s2haU9KCBshYigzoHhjc9xm\np9nLWTocyNjM76DkOzbDtYEZ6L6RDhEUyWxV0f33Ale5vJAEIQKCAQEA+TFGsp7J\n2IVhmjNkbl+hbHfWCxefFUBnQ6+iDN7RAXkm4dlBWKb/LRncxY5aH/D6sS+q9iEQ\ndT68YlhqnPWYyp0PvsfIOmGhwuW7x15EjNzNPG/rxEVqt2GkAyjKjSieovkxvKvI\nrTRJQLKVsXSQsTM6UROVOjjs06Hw/QPzZrozKpBKliNwF7L359oeUWVDqdCXXaNF\nZ4+e9Z8Uf05xuXqsmcI9NWuXxR8klCk8VvPkbZ0uh0pkA2nTNnX9FwLm1lilFlXJ\nMa8jDlGwgF+3cusc5XCgVIMycqyOgF1t+3Om+z1fsqW2AzII+LNzEdEYRl2zlCjN\njTG+zs9JtMSz+QKCAQEA6Qo/aeypBbL8CJH6EP32l96k2gfZrqeHa5K1ea8FKEtB\nvyv4R6Kzply9uv1m4mM8obzbb9P/A9ih5M9WVj56CXpqZOyHdY63R9GASO4fJPzL\nutNQAOlWyOCD4zfkWcAOBTnSzwLuhIqqGplUg2fJyGLRjpL6Fs9PLqc4JSVeiH68\nCnejos6tcTSK34s43fA9P8jZCPGlayTwP21wXzlfzgR6qlLpc4OXpRcPaCfxwdOR\npL32NM09F8WvNhYsUe8qM4eOcnOlVook5L7mmhj1qfbz2TY1oF//D5BROJZfE9ST\nfRh8OzMHVUTvNCnGG435ynycEvCd1ZVKW1HMtpQLvQKCAQApHFQJi+DI89hSVEAx\nZV2AQ5TwZ4k7PFDM/eDCNtBMaexcPjdlpMdcbXPas81yj5MMQEz4JiRM83io0OVl\n167JXngGhXcnCoxhVv1PuuGcS6EgY2aGDt24O0ePrd8cwqLJSEtIUR7eVE3xeoTv\nrcdhNI5eadiorlOD5qeXVluFixp93ygu9NG9Vy1G9tkhnI85KMyQCiudFjinVQNQ\nrWRdsTtgcocelQ2I28ZxGwx1W+9HljLi5wbw+Th7N6P1c+kZW66ArM5wf/BMoHV5\n+FCPiPJPd/E7gBmGialIzCEk5sOZl1p+YpBQnqSUQyasvc4/bZ3+x2yB6r8L527F\nf94hAoIBAHZ5VT/epxdUpTkeLYmR81nGQPzvXMWkOf6AeW5Bgle32tb73Z9dogOD\nxplX1oRlex+mydCScGVeLwAKQJRb8uL6rzhb34nuYlNKuPNay86cDl8Oqu+rsQky\nyxorAhZ2wyn4+alwjh4n+M7JAORFUZpkUrEvG6GZB2JqdOq9ks/Fzodrx28vr5GL\n6sY3G1QJnLnevCgF4dkU0GcOlkBzBLfSIyKQQEsPrXqqvJRxKkEl9DdSs+aoKNT7\nFVZj82g8NLI5yjt5e6cBWDxKqSXSZqJgABx/qMe9xgf9kK06FWAZhFnmptHZ4XKC\nNzHHwwWjKki9DQO7/CHnYgQHFBIGNekCggEAZsZvMQYW+FR0LgfZMXWmlZK7Pz4i\nJdVRyC9m/ifdC/Mbd/jlKYfVGQu0NiAi757VOxAzKS0Ugls21rUb4vVtHl+sPFgK\nvDDekJVzyH95nHiyUmqB8AZRSyD0K3+ThHJpmzOjUmjt83kKcAM8mR300XhTKABF\nFXYR0ZzJmhVmxUN/wbMgkZfBmMQ6flvIjtVcPiohmvzOAX0rJn1IsHmp+Htx9v7Y\npb1ZOoT7yeXOQIRCUjKbI3ZMVJqO+o/x3dvujp2wovOO7dcELEJKq+w37hCm25CS\nGCIW+MyZquU2LUYH4wC+7+y1MzqlSvtHq/BoljGz2WF0r1VZ+3royUtSdQ==\n-----END RSA PRIVATE KEY-----\n",
            "private_key_pem_pkcs8": "-----BEGIN PRIVATE KEY-----\nMIIJQQIBADANBgkqhkiG9w0BAQEFAASCCSswggknAgEAAoICAQDi19L/kXnSiy5k\nL+gCeQrN5LQJYMkN7csx+H2G1qt029W0TBsuiNXyf9LmDutsqTSJ9/i40SSpaQ4W\nMUgaYRiOHlqjS5yjL4LD4DgtI1BOtVOQp6TtDSlL9lPh97sd8oCSd0xGy0q8DSoS\nmh+uiduRbCHZuFne8Bty0nlwem3rlepsFrwFDV7BZyOcTCc0rxQIdWfbL38meASm\nBSqq4yoVOnpuosK2NHiLic3OoDnck10dLc0AHi+9cB4F2vD6l2xQA9uB+qUjsSAL\nBAd8ONVKvNsNb7VbrWnsipuEG/NkDJ/JN3Ze72bDfbat4kl3f40FqRJ1Ww7HsPnD\n6baPc2+tG6rAG+tZneuWZQo2fXlTNWcyA6PcA79cbqN8o7Wv2I5p2bp+0FJuB/5h\nQ3ii1am0G4vfKDLksdpR2SFTZsebtt6cjVCYJX1rkT9M+0oyBi8UVG25SyXryJMA\n9mn5Ju7WG3qvBeowbi+ELCQCo3736Vi3CpLFJDxs+OSsHNzJIsSJ5GbzZ7b5AcIo\n24CkTQR2dPoWQXqrZwi+Fymx1lwbL/RNicEyONxmZ9gVOhmhobMYfYhRo1UAu6mt\n4UWXwnmvoaHrnID0X+PCiFNsg2I2CBB6DwzKbMCkZaihINKv1sPJGNfQzREos4PX\nG2f7j4pV1H4p+B0DQ6g768FF+uiR1QIDAQABAoICAE56Xkv+d0fo0N7mV/zrBVrf\n4Y1RB52jA+ZA0qSghebC2zcqEUlTG7lukXb3+Gi6TSviNxExgd5+MtpoqEpABy+7\nvp253fHy0OmVG7o5+mGQh92Gsh80q3HVQYXun7SnneWOEjx3vl46q7CN06IdnXG9\nGCTri2P+a3CY8lyAbqDPV6+XWerhikOcvAwpqHKok2StwYVp9DJJ2Unahb1jI77+\nYTb/Zh+FHaMgxKvUcNAnx1H982s0Bk4iiLB741y+oEE6ZGmeXh1v/ObyuOg3/UqC\n9cG7QOH7p6am+VCGHvkhCPKjFneXmVTOnDGiFMqbvR0VNgaVvxJE3tPxejA8vohd\nMWa+O95nuchMJWcYSV3EhsTjcOepQY19ZU1ivdOojchIZyYNjSe+765K54rlAzFN\ncxtQ7/VhUsjTWqVZCNSVqFD2epPy3yBmnJJFyhLkyEIKpFWS0ES3igjebGhcqAUV\nFdkbupGh4EuphOlG9UlETfPLwLaKYAcEeh6hPw9hLM4SF+yCFqbbM8G7OQq/1zSp\nyID4rv2mE024+mEBSFdHSWg5OGEzpNyeeK+lIUEfQG4LaDCdu3Tm3v1Dv5c2sB2k\n4OcfIyHRz+/izaFpT0oIGyFiKDOgeGNz3Gan2ctZOhzI2MzvoOQ7NsO1gRnovpEO\nERTJbFXR/fcCV7m8kAQhAoIBAQD5MUaynsnYhWGaM2RuX6Fsd9YLF58VQGdDr6IM\n3tEBeSbh2UFYpv8tGdzFjlof8PqxL6r2IRB1PrxiWGqc9ZjKnQ++x8g6YaHC5bvH\nXkSM3M08b+vERWq3YaQDKMqNKJ6i+TG8q8itNElAspWxdJCxMzpRE5U6OOzTofD9\nA/NmujMqkEqWI3AXsvfn2h5RZUOp0Jddo0Vnj571nxR/TnG5eqyZwj01a5fFHySU\nKTxW8+RtnS6HSmQDadM2df0XAubWWKUWVckxryMOUbCAX7dy6xzlcKBUgzJyrI6A\nXW37c6b7PV+ypbYDMgj4s3MR0RhGXbOUKM2NMb7Oz0m0xLP5AoIBAQDpCj9p7KkF\nsvwIkfoQ/faX3qTaB9mup4drkrV5rwUoS0G/K/hHorOmXL26/WbiYzyhvNtv0/8D\n2KHkz1ZWPnoJempk7Id1jrdH0YBI7h8k/Mu601AA6VbI4IPjN+RZwA4FOdLPAu6E\niqoamVSDZ8nIYtGOkvoWz08upzglJV6IfrwKd6Oizq1xNIrfizjd8D0/yNkI8aVr\nJPA/bXBfOV/OBHqqUulzg5elFw9oJ/HB05GkvfY0zT0Xxa82FixR7yozh45yc6VW\niiTkvuaaGPWp9vPZNjWgX/8PkFE4ll8T1JN9GHw7MwdVRO80KcYbjfnKfJwS8J3V\nlUpbUcy2lAu9AoIBACkcVAmL4Mjz2FJUQDFlXYBDlPBniTs8UMz94MI20Exp7Fw+\nN2Wkx1xtc9qzzXKPkwxATPgmJEzzeKjQ5WXXrsleeAaFdycKjGFW/U+64ZxLoSBj\nZoYO3bg7R4+t3xzCoslIS0hRHt5UTfF6hO+tx2E0jl5p2KiuU4Pmp5dWW4WLGn3f\nKC700b1XLUb22SGcjzkozJAKK50WOKdVA1CtZF2xO2Byhx6VDYjbxnEbDHVb70eW\nMuLnBvD5OHs3o/Vz6RlbroCsznB/8EygdXn4UI+I8k938TuAGYaJqUjMISTmw5mX\nWn5ikFCepJRDJqy9zj9tnf7HbIHqvwvnbsV/3iECggEAdnlVP96nF1SlOR4tiZHz\nWcZA/O9cxaQ5/oB5bkGCV7fa1vvdn12iA4PGmVfWhGV7H6bJ0JJwZV4vAApAlFvy\n4vqvOFvfie5iU0q481rLzpwOXw6q76uxCTLLGisCFnbDKfj5qXCOHif4zskA5EVR\nmmRSsS8boZkHYmp06r2Sz8XOh2vHby+vkYvqxjcbVAmcud68KAXh2RTQZw6WQHME\nt9IjIpBASw+teqq8lHEqQSX0N1Kz5qgo1PsVVmPzaDw0sjnKO3l7pwFYPEqpJdJm\nomAAHH+ox73GB/2QrToVYBmEWeam0dnhcoI3McfDBaMqSL0NA7v8IediBAcUEgY1\n6QKCAQBmxm8xBhb4VHQuB9kxdaaVkrs/PiIl1VHIL2b+J90L8xt3+OUph9UZC7Q2\nICLvntU7EDMpLRSCWzbWtRvi9W0eX6w8WAq8MN6QlXPIf3mceLJSaoHwBlFLIPQr\nf5OEcmmbM6NSaO3zeQpwAzyZHfTReFMoAEUVdhHRnMmaFWbFQ3/BsyCRl8GYxDp+\nW8iO1Vw+KiGa/M4BfSsmfUiwean4e3H2/tilvVk6hPvJ5c5AhEJSMpsjdkxUmo76\nj/Hd2+6OnbCi847t1wQsQkqr7DfuEKbbkJIYIhb4zJmq5TYtRgfjAL7v7LUzOqVK\n+0er8GiWMbPZYXSvVVn7eujJS1J1\n-----END PRIVATE KEY-----\n",
            "public_key_fingerprint_md5": "ee:c7:4f:26:ec:2d:16:5e:07:d0:b0:ac:65:d2:13:b3",
            "public_key_fingerprint_sha256": "SHA256:awhh4BtC6c2C1JuVzCNasTvcFFz8qQvsIndMnBojYdU",
            "public_key_openssh": "ssh-rsa AAAAB3NzaC1yc2EAAAADAQABAAACAQDi19L/kXnSiy5kL+gCeQrN5LQJYMkN7csx+H2G1qt029W0TBsuiNXyf9LmDutsqTSJ9/i40SSpaQ4WMUgaYRiOHlqjS5yjL4LD4DgtI1BOtVOQp6TtDSlL9lPh97sd8oCSd0xGy0q8DSoSmh+uiduRbCHZuFne8Bty0nlwem3rlepsFrwFDV7BZyOcTCc0rxQIdWfbL38meASmBSqq4yoVOnpuosK2NHiLic3OoDnck10dLc0AHi+9cB4F2vD6l2xQA9uB+qUjsSALBAd8ONVKvNsNb7VbrWnsipuEG/NkDJ/JN3Ze72bDfbat4kl3f40FqRJ1Ww7HsPnD6baPc2+tG6rAG+tZneuWZQo2fXlTNWcyA6PcA79cbqN8o7Wv2I5p2bp+0FJuB/5hQ3ii1am0G4vfKDLksdpR2SFTZsebtt6cjVCYJX1rkT9M+0oyBi8UVG25SyXryJMA9mn5Ju7WG3qvBeowbi+ELCQCo3736Vi3CpLFJDxs+OSsHNzJIsSJ5GbzZ7b5AcIo24CkTQR2dPoWQXqrZwi+Fymx1lwbL/RNicEyONxmZ9gVOhmhobMYfYhRo1UAu6mt4UWXwnmvoaHrnID0X+PCiFNsg2I2CBB6DwzKbMCkZaihINKv1sPJGNfQzREos4PXG2f7j4pV1H4p+B0DQ6g768FF+uiR1Q==\n",
            "public_key_pem": "-----BEGIN PUBLIC KEY-----\nMIICIjANBgkqhkiG9w0BAQEFAAOCAg8AMIICCgKCAgEA4tfS/5F50osuZC/oAnkK\nzeS0CWDJDe3LMfh9htardNvVtEwbLojV8n/S5g7rbKk0iff4uNEkqWkOFjFIGmEY\njh5ao0ucoy+Cw+A4LSNQTrVTkKek7Q0pS/ZT4fe7HfKAkndMRstKvA0qEpofronb\nkWwh2bhZ3vAbctJ5cHpt65XqbBa8BQ1ewWcjnEwnNK8UCHVn2y9/JngEpgUqquMq\nFTp6bqLCtjR4i4nNzqA53JNdHS3NAB4vvXAeBdrw+pdsUAPbgfqlI7EgCwQHfDjV\nSrzbDW+1W61p7IqbhBvzZAyfyTd2Xu9mw322reJJd3+NBakSdVsOx7D5w+m2j3Nv\nrRuqwBvrWZ3rlmUKNn15UzVnMgOj3AO/XG6jfKO1r9iOadm6ftBSbgf+YUN4otWp\ntBuL3ygy5LHaUdkhU2bHm7benI1QmCV9a5E/TPtKMgYvFFRtuUsl68iTAPZp+Sbu\n1ht6rwXqMG4vhCwkAqN+9+lYtwqSxSQ8bPjkrBzcySLEieRm82e2+QHCKNuApE0E\ndnT6FkF6q2cIvhcpsdZcGy/0TYnBMjjcZmfYFToZoaGzGH2IUaNVALupreFFl8J5\nr6Gh65yA9F/jwohTbINiNggQeg8MymzApGWooSDSr9bDyRjX0M0RKLOD1xtn+4+K\nVdR+KfgdA0OoO+vBRfrokdUCAwEAAQ==\n-----END PUBLIC KEY-----\n",
            "rsa_bits": 4096
          },
          "sensitive_attributes": [
            [
              {
                "type": "get_attr",
                "value": "private_key_pem_pkcs8"
              }
            ],
            [
              {
                "type": "get_attr",
                "value": "private_key_openssh"
              }
            ],
            [
              {
                "type": "get_attr",
                "value": "private_key_pem"
              }
            ]
          ]
        }
      ]
    },
    {
      "module": "module.vpc",
      "mode": "managed",
      "type": "aws_internet_gateway",
      "name": "internet_gateway",
      "provider": "provider[\"registry.terraform.io/hashicorp/aws\"]",
      "instances": [
        {
          "index_key": 0,
          "schema_version": 0,
          "attributes": {
            "arn": "arn:aws:ec2:us-east-1:083469513477:internet-gateway/igw-0eacb6f123e8d0a26",
            "id": "igw-0eacb6f123e8d0a26",
            "owner_id": "083469513477",
            "tags": {
              "Name": "igw-test-vpc",
              "created-by": "john"
            },
            "tags_all": {
              "Name": "igw-test-vpc",
              "created-by": "john"
            },
            "timeouts": null,
            "vpc_id": "vpc-0b1e0fbc0200f7bce"
          },
          "sensitive_attributes": [],
          "private": "eyJlMmJmYjczMC1lY2FhLTExZTYtOGY4OC0zNDM2M2JjN2M0YzAiOnsiY3JlYXRlIjoxMjAwMDAwMDAwMDAwLCJkZWxldGUiOjEyMDAwMDAwMDAwMDAsInVwZGF0ZSI6MTIwMDAwMDAwMDAwMH19",
          "dependencies": [
            "module.vpc.aws_vpc.aws_vpc"
          ]
        }
      ]
    },
    {
      "module": "module.vpc",
      "mode": "managed",
      "type": "aws_route_table",
      "name": "public_route_table",
      "provider": "provider[\"registry.terraform.io/hashicorp/aws\"]",
      "instances": [
        {
          "index_key": 0,
          "schema_version": 0,
          "attributes": {
            "arn": "arn:aws:ec2:us-east-1:083469513477:route-table/rtb-028aaef4b5f4312ef",
            "id": "rtb-028aaef4b5f4312ef",
            "owner_id": "083469513477",
            "propagating_vgws": [],
            "route": [
              {
                "carrier_gateway_id": "",
                "cidr_block": "0.0.0.0/0",
                "core_network_arn": "",
                "destination_prefix_list_id": "",
                "egress_only_gateway_id": "",
                "gateway_id": "igw-0eacb6f123e8d0a26",
                "ipv6_cidr_block": "",
                "local_gateway_id": "",
                "nat_gateway_id": "",
                "network_interface_id": "",
                "transit_gateway_id": "",
                "vpc_endpoint_id": "",
                "vpc_peering_connection_id": ""
              }
            ],
            "tags": {
              "Name": "route_table_test-vpc",
              "created-by": "john"
            },
            "tags_all": {
              "Name": "route_table_test-vpc",
              "created-by": "john"
            },
            "timeouts": null,
            "vpc_id": "vpc-0b1e0fbc0200f7bce"
          },
          "sensitive_attributes": [],
          "private": "eyJlMmJmYjczMC1lY2FhLTExZTYtOGY4OC0zNDM2M2JjN2M0YzAiOnsiY3JlYXRlIjozMDAwMDAwMDAwMDAsImRlbGV0ZSI6MzAwMDAwMDAwMDAwLCJ1cGRhdGUiOjEyMDAwMDAwMDAwMH19",
          "dependencies": [
            "module.vpc.aws_internet_gateway.internet_gateway",
            "module.vpc.aws_vpc.aws_vpc"
          ]
        }
      ]
    },
    {
      "module": "module.vpc",
      "mode": "managed",
      "type": "aws_route_table_association",
      "name": "public_association",
      "provider": "provider[\"registry.terraform.io/hashicorp/aws\"]",
      "instances": [
        {
          "index_key": 0,
          "schema_version": 0,
          "attributes": {
            "gateway_id": "",
            "id": "rtbassoc-057dc75575d929041",
            "route_table_id": "rtb-028aaef4b5f4312ef",
            "subnet_id": "subnet-0d6223dc6e0b556c5",
            "timeouts": null
          },
          "sensitive_attributes": [],
          "private": "eyJlMmJmYjczMC1lY2FhLTExZTYtOGY4OC0zNDM2M2JjN2M0YzAiOnsiY3JlYXRlIjozMDAwMDAwMDAwMDAsImRlbGV0ZSI6MzAwMDAwMDAwMDAwLCJ1cGRhdGUiOjEyMDAwMDAwMDAwMH19",
          "dependencies": [
            "module.vpc.aws_internet_gateway.internet_gateway",
            "module.vpc.aws_route_table.public_route_table",
            "module.vpc.aws_subnet.public_subnet",
            "module.vpc.aws_vpc.aws_vpc"
          ]
        },
        {
          "index_key": 1,
          "schema_version": 0,
          "attributes": {
            "gateway_id": "",
            "id": "rtbassoc-024895a2cadb3899f",
            "route_table_id": "rtb-028aaef4b5f4312ef",
            "subnet_id": "subnet-097694d1cd9a9a4f4",
            "timeouts": null
          },
          "sensitive_attributes": [],
          "private": "eyJlMmJmYjczMC1lY2FhLTExZTYtOGY4OC0zNDM2M2JjN2M0YzAiOnsiY3JlYXRlIjozMDAwMDAwMDAwMDAsImRlbGV0ZSI6MzAwMDAwMDAwMDAwLCJ1cGRhdGUiOjEyMDAwMDAwMDAwMH19",
          "dependencies": [
            "module.vpc.aws_internet_gateway.internet_gateway",
            "module.vpc.aws_route_table.public_route_table",
            "module.vpc.aws_subnet.public_subnet",
            "module.vpc.aws_vpc.aws_vpc"
          ]
        }
      ]
    },
    {
      "module": "module.vpc",
      "mode": "managed",
      "type": "aws_subnet",
      "name": "public_subnet",
      "provider": "provider[\"registry.terraform.io/hashicorp/aws\"]",
      "instances": [
        {
          "index_key": 0,
          "schema_version": 1,
          "attributes": {
            "arn": "arn:aws:ec2:us-east-1:083469513477:subnet/subnet-0d6223dc6e0b556c5",
            "assign_ipv6_address_on_creation": false,
            "availability_zone": "us-east-1a",
            "availability_zone_id": "use1-az4",
            "cidr_block": "10.0.1.0/24",
            "customer_owned_ipv4_pool": "",
            "enable_dns64": false,
            "enable_lni_at_device_index": 0,
            "enable_resource_name_dns_a_record_on_launch": false,
            "enable_resource_name_dns_aaaa_record_on_launch": false,
            "id": "subnet-0d6223dc6e0b556c5",
            "ipv6_cidr_block": "",
            "ipv6_cidr_block_association_id": "",
            "ipv6_native": false,
            "map_customer_owned_ip_on_launch": false,
            "map_public_ip_on_launch": false,
            "outpost_arn": "",
            "owner_id": "083469513477",
            "private_dns_hostname_type_on_launch": "ip-name",
            "tags": {
              "Name": "public-subnet-1-test-vpc",
              "created-by": "john"
            },
            "tags_all": {
              "Name": "public-subnet-1-test-vpc",
              "created-by": "john"
            },
            "timeouts": null,
            "vpc_id": "vpc-0b1e0fbc0200f7bce"
          },
          "sensitive_attributes": [],
          "private": "eyJlMmJmYjczMC1lY2FhLTExZTYtOGY4OC0zNDM2M2JjN2M0YzAiOnsiY3JlYXRlIjo2MDAwMDAwMDAwMDAsImRlbGV0ZSI6MTIwMDAwMDAwMDAwMH0sInNjaGVtYV92ZXJzaW9uIjoiMSJ9",
          "dependencies": [
            "module.vpc.aws_vpc.aws_vpc"
          ]
        },
        {
          "index_key": 1,
          "schema_version": 1,
          "attributes": {
            "arn": "arn:aws:ec2:us-east-1:083469513477:subnet/subnet-097694d1cd9a9a4f4",
            "assign_ipv6_address_on_creation": false,
            "availability_zone": "us-east-1b",
            "availability_zone_id": "use1-az6",
            "cidr_block": "10.0.2.0/24",
            "customer_owned_ipv4_pool": "",
            "enable_dns64": false,
            "enable_lni_at_device_index": 0,
            "enable_resource_name_dns_a_record_on_launch": false,
            "enable_resource_name_dns_aaaa_record_on_launch": false,
            "id": "subnet-097694d1cd9a9a4f4",
            "ipv6_cidr_block": "",
            "ipv6_cidr_block_association_id": "",
            "ipv6_native": false,
            "map_customer_owned_ip_on_launch": false,
            "map_public_ip_on_launch": false,
            "outpost_arn": "",
            "owner_id": "083469513477",
            "private_dns_hostname_type_on_launch": "ip-name",
            "tags": {
              "Name": "public-subnet-2-test-vpc",
              "created-by": "john"
            },
            "tags_all": {
              "Name": "public-subnet-2-test-vpc",
              "created-by": "john"
            },
            "timeouts": null,
            "vpc_id": "vpc-0b1e0fbc0200f7bce"
          },
          "sensitive_attributes": [],
          "private": "eyJlMmJmYjczMC1lY2FhLTExZTYtOGY4OC0zNDM2M2JjN2M0YzAiOnsiY3JlYXRlIjo2MDAwMDAwMDAwMDAsImRlbGV0ZSI6MTIwMDAwMDAwMDAwMH0sInNjaGVtYV92ZXJzaW9uIjoiMSJ9",
          "dependencies": [
            "module.vpc.aws_vpc.aws_vpc"
          ]
        }
      ]
    },
    {
      "module": "module.vpc",
      "mode": "managed",
      "type": "aws_vpc",
      "name": "aws_vpc",
      "provider": "provider[\"registry.terraform.io/hashicorp/aws\"]",
      "instances": [
        {
          "schema_version": 1,
          "attributes": {
            "arn": "arn:aws:ec2:us-east-1:083469513477:vpc/vpc-0b1e0fbc0200f7bce",
            "assign_generated_ipv6_cidr_block": false,
            "cidr_block": "10.0.0.0/16",
            "default_network_acl_id": "acl-0d559d2e8eae65022",
            "default_route_table_id": "rtb-01a6e1082199fa1c2",
            "default_security_group_id": "sg-0339a19730951aff5",
            "dhcp_options_id": "dopt-0df804ad9baba93d6",
            "enable_dns_hostnames": false,
            "enable_dns_support": true,
            "enable_network_address_usage_metrics": false,
            "id": "vpc-0b1e0fbc0200f7bce",
            "instance_tenancy": "default",
            "ipv4_ipam_pool_id": null,
            "ipv4_netmask_length": null,
            "ipv6_association_id": "",
            "ipv6_cidr_block": "",
            "ipv6_cidr_block_network_border_group": "",
            "ipv6_ipam_pool_id": "",
            "ipv6_netmask_length": 0,
            "main_route_table_id": "rtb-01a6e1082199fa1c2",
            "owner_id": "083469513477",
            "tags": {
              "Name": "test-vpc",
              "created-by": "john"
            },
            "tags_all": {
              "Name": "test-vpc",
              "created-by": "john"
            }
          },
          "sensitive_attributes": [],
          "private": "eyJzY2hlbWFfdmVyc2lvbiI6IjEifQ=="
        }
      ]
    }
  ],
  "check_results": null
}
