{
  "version": 4,
  "terraform_version": "1.9.6",
  "serial": 46,
  "lineage": "3728101b-db01-cefe-71c7-7f819378a146",
  "outputs": {},
  "resources": [
    {
      "module": "module.ec2",
      "mode": "managed",
      "type": "aws_instance",
      "name": "public_ec2",
      "provider": "provider[\"registry.terraform.io/hashicorp/aws\"]",
      "instances": [
        {
          "index_key": 0,
          "schema_version": 1,
          "attributes": {
            "ami": "ami-0e86e20dae9224db8",
            "arn": "arn:aws:ec2:us-east-1:083469513477:instance/i-0377a2b7cb62a695f",
            "associate_public_ip_address": true,
            "availability_zone": "us-east-1a",
            "capacity_reservation_specification": [
              {
                "capacity_reservation_preference": "open",
                "capacity_reservation_target": []
              }
            ],
            "cpu_core_count": 1,
            "cpu_options": [
              {
                "amd_sev_snp": "",
                "core_count": 1,
                "threads_per_core": 1
              }
            ],
            "cpu_threads_per_core": 1,
            "credit_specification": [
              {
                "cpu_credits": "standard"
              }
            ],
            "disable_api_stop": false,
            "disable_api_termination": false,
            "ebs_block_device": [],
            "ebs_optimized": false,
            "enclave_options": [
              {
                "enabled": false
              }
            ],
            "ephemeral_block_device": [],
            "get_password_data": false,
            "hibernation": false,
            "host_id": "",
            "host_resource_group_arn": null,
            "iam_instance_profile": "",
            "id": "i-0377a2b7cb62a695f",
            "instance_initiated_shutdown_behavior": "stop",
            "instance_state": "running",
            "instance_type": "t2.micro",
            "ipv6_address_count": 0,
            "ipv6_addresses": [],
            "key_name": "private_key",
            "launch_template": [],
            "maintenance_options": [
              {
                "auto_recovery": "default"
              }
            ],
            "metadata_options": [
              {
                "http_endpoint": "enabled",
                "http_put_response_hop_limit": 2,
                "http_tokens": "required",
                "instance_metadata_tags": "disabled"
              }
            ],
            "monitoring": false,
            "network_interface": [],
            "outpost_arn": "",
            "password_data": "",
            "placement_group": "",
            "placement_partition_number": 0,
            "primary_network_interface_id": "eni-0bcb19fdcf49b6260",
            "private_dns": "ip-10-0-1-94.ec2.internal",
            "private_dns_name_options": [
              {
                "enable_resource_name_dns_a_record": false,
                "enable_resource_name_dns_aaaa_record": false,
                "hostname_type": "ip-name"
              }
            ],
            "private_ip": "10.0.1.94",
            "public_dns": "",
            "public_ip": "54.160.253.253",
            "root_block_device": [
              {
                "delete_on_termination": true,
                "device_name": "/dev/sda1",
                "encrypted": false,
                "iops": 3000,
                "kms_key_id": "",
                "tags": {},
                "throughput": 125,
                "volume_id": "vol-0960eeafbde6bc1d6",
                "volume_size": 8,
                "volume_type": "gp3"
              }
            ],
            "secondary_private_ips": [],
            "security_groups": [],
            "source_dest_check": true,
            "subnet_id": "subnet-087fdc40bd92c2db3",
            "tags": {
              "Name": "Docker",
              "created-by": "john"
            },
            "tags_all": {
              "Name": "Docker",
              "created-by": "john"
            },
            "tenancy": "default",
            "timeouts": null,
            "user_data": "cec1b16144af0d434de335d5892730306e6471f3",
            "user_data_base64": null,
            "user_data_replace_on_change": false,
            "volume_tags": null,
            "vpc_security_group_ids": [
              "sg-0fbe89892c1b4503a"
            ]
          },
          "sensitive_attributes": [],
          "private": "eyJlMmJmYjczMC1lY2FhLTExZTYtOGY4OC0zNDM2M2JjN2M0YzAiOnsiY3JlYXRlIjo2MDAwMDAwMDAwMDAsImRlbGV0ZSI6MTIwMDAwMDAwMDAwMCwidXBkYXRlIjo2MDAwMDAwMDAwMDB9LCJzY2hlbWFfdmVyc2lvbiI6IjEifQ==",
          "dependencies": [
            "module.ec2.aws_key_pair.kp",
            "module.ec2.aws_security_group.public_security-group",
            "module.ec2.tls_private_key.pk",
            "module.vpc.aws_subnet.public_subnet",
            "module.vpc.aws_vpc.aws_vpc"
          ]
        },
        {
          "index_key": 1,
          "schema_version": 1,
          "attributes": {
            "ami": "ami-0e86e20dae9224db8",
            "arn": "arn:aws:ec2:us-east-1:083469513477:instance/i-094d1c70386ddf6cd",
            "associate_public_ip_address": true,
            "availability_zone": "us-east-1b",
            "capacity_reservation_specification": [
              {
                "capacity_reservation_preference": "open",
                "capacity_reservation_target": []
              }
            ],
            "cpu_core_count": 1,
            "cpu_options": [
              {
                "amd_sev_snp": "",
                "core_count": 1,
                "threads_per_core": 1
              }
            ],
            "cpu_threads_per_core": 1,
            "credit_specification": [
              {
                "cpu_credits": "standard"
              }
            ],
            "disable_api_stop": false,
            "disable_api_termination": false,
            "ebs_block_device": [],
            "ebs_optimized": false,
            "enclave_options": [
              {
                "enabled": false
              }
            ],
            "ephemeral_block_device": [],
            "get_password_data": false,
            "hibernation": false,
            "host_id": "",
            "host_resource_group_arn": null,
            "iam_instance_profile": "",
            "id": "i-094d1c70386ddf6cd",
            "instance_initiated_shutdown_behavior": "stop",
            "instance_state": "running",
            "instance_type": "t2.micro",
            "ipv6_address_count": 0,
            "ipv6_addresses": [],
            "key_name": "private_key",
            "launch_template": [],
            "maintenance_options": [
              {
                "auto_recovery": "default"
              }
            ],
            "metadata_options": [
              {
                "http_endpoint": "enabled",
                "http_put_response_hop_limit": 2,
                "http_tokens": "required",
                "instance_metadata_tags": "disabled"
              }
            ],
            "monitoring": false,
            "network_interface": [],
            "outpost_arn": "",
            "password_data": "",
            "placement_group": "",
            "placement_partition_number": 0,
            "primary_network_interface_id": "eni-039ab13d850f42ccd",
            "private_dns": "ip-10-0-2-98.ec2.internal",
            "private_dns_name_options": [
              {
                "enable_resource_name_dns_a_record": false,
                "enable_resource_name_dns_aaaa_record": false,
                "hostname_type": "ip-name"
              }
            ],
            "private_ip": "10.0.2.98",
            "public_dns": "",
            "public_ip": "3.85.133.186",
            "root_block_device": [
              {
                "delete_on_termination": true,
                "device_name": "/dev/sda1",
                "encrypted": false,
                "iops": 3000,
                "kms_key_id": "",
                "tags": {},
                "throughput": 125,
                "volume_id": "vol-0f6c734404da2664d",
                "volume_size": 8,
                "volume_type": "gp3"
              }
            ],
            "secondary_private_ips": [],
            "security_groups": [],
            "source_dest_check": true,
            "subnet_id": "subnet-0fa24e8dce8b900fa",
            "tags": {
              "Name": "Jenkins",
              "created-by": "john"
            },
            "tags_all": {
              "Name": "Jenkins",
              "created-by": "john"
            },
            "tenancy": "default",
            "timeouts": null,
            "user_data": "cec1b16144af0d434de335d5892730306e6471f3",
            "user_data_base64": null,
            "user_data_replace_on_change": false,
            "volume_tags": null,
            "vpc_security_group_ids": [
              "sg-0fbe89892c1b4503a"
            ]
          },
          "sensitive_attributes": [],
          "private": "eyJlMmJmYjczMC1lY2FhLTExZTYtOGY4OC0zNDM2M2JjN2M0YzAiOnsiY3JlYXRlIjo2MDAwMDAwMDAwMDAsImRlbGV0ZSI6MTIwMDAwMDAwMDAwMCwidXBkYXRlIjo2MDAwMDAwMDAwMDB9LCJzY2hlbWFfdmVyc2lvbiI6IjEifQ==",
          "dependencies": [
            "module.ec2.aws_key_pair.kp",
            "module.ec2.aws_security_group.public_security-group",
            "module.ec2.tls_private_key.pk",
            "module.vpc.aws_subnet.public_subnet",
            "module.vpc.aws_vpc.aws_vpc"
          ]
        }
      ]
    },
    {
      "module": "module.ec2",
      "mode": "managed",
      "type": "aws_key_pair",
      "name": "kp",
      "provider": "provider[\"registry.terraform.io/hashicorp/aws\"]",
      "instances": [
        {
          "schema_version": 1,
          "attributes": {
            "arn": "arn:aws:ec2:us-east-1:083469513477:key-pair/private_key",
            "fingerprint": "85:15:d3:0b:f9:cb:de:b7:b9:15:34:df:3f:05:11:80",
            "id": "private_key",
            "key_name": "private_key",
            "key_name_prefix": "",
            "key_pair_id": "key-0d41d33a8c8ef9c54",
            "key_type": "rsa",
            "public_key": "ssh-rsa AAAAB3NzaC1yc2EAAAADAQABAAACAQDHIIWmz+II333TCnTwa1yA4SkplvQtPlVBkJGrnEBspQpYtA9ZHqrgbipa1iVM/iainVI/eLepLIi1QJw4e8hj6laHOiixwW+gxqCknlAAYOqiv+Yro56GiV48dkB64VX6mjJjzZKpRnrquv0w4bwhc0s1eRXClOV4xO0aIHjVZfdrnBNxVz9o6QMYWsBQSl3a2HFmqnvvTp6DQTxP/WJiUtoRuFIXJnxcP6q6Wh477D4Q2Py2JOxJSQJ4Cw8SR6NIqGAcB9T/hJ2UTthyZwh9DI0Zz6e5/TT6sTdEfUzAjms9yl6Ft1hUUoNCunnEFzk7KAncjvW+0MuouVrD9Y6BxyoABjpwTsh5N2bPRvt6NI/fRuYu0P8vnE6wl5D9jh75KIIiI7Xb5eAmbAZ3vfmy0W9A8HTfizwSC/oi0yz7QWECPLjrDzrIwIngkkNBVH9oPwuql1arW9sFp3dj6bgmYIJo3dam3pv1grvgMvt5XobFDKx+L72Cef3Djsjm1+Q8MhyKP/j1zN/XSM6XTVwiXtlPHyhf3yeYZD+vSFGmpczNqMFofhWvhVXagU3V2szyI9dWf8hzs3pwdsGBbT2R6nuo4LnN44IdkqxKUpFCGC87bbHX/9X/1UmnddPW9Erz+gwY6IEBJdaoSXDpZOBgqdoKgJDxeq0PrghX4176EQ==",
            "tags": {},
            "tags_all": {}
          },
          "sensitive_attributes": [],
          "private": "eyJzY2hlbWFfdmVyc2lvbiI6IjEifQ==",
          "dependencies": [
            "module.ec2.tls_private_key.pk"
          ]
        }
      ]
    },
    {
      "module": "module.ec2",
      "mode": "managed",
      "type": "aws_security_group",
      "name": "public_security-group",
      "provider": "provider[\"registry.terraform.io/hashicorp/aws\"]",
      "instances": [
        {
          "schema_version": 1,
          "attributes": {
            "arn": "arn:aws:ec2:us-east-1:083469513477:security-group/sg-0fbe89892c1b4503a",
            "description": "Managed by Terraform",
            "egress": [
              {
                "cidr_blocks": [
                  "0.0.0.0/0"
                ],
                "description": "",
                "from_port": 0,
                "ipv6_cidr_blocks": [],
                "prefix_list_ids": [],
                "protocol": "-1",
                "security_groups": [],
                "self": false,
                "to_port": 0
              }
            ],
            "id": "sg-0fbe89892c1b4503a",
            "ingress": [
              {
                "cidr_blocks": [
                  "0.0.0.0/0"
                ],
                "description": "",
                "from_port": 22,
                "ipv6_cidr_blocks": [],
                "prefix_list_ids": [],
                "protocol": "tcp",
                "security_groups": [],
                "self": false,
                "to_port": 22
              },
              {
                "cidr_blocks": [
                  "0.0.0.0/0"
                ],
                "description": "",
                "from_port": 8000,
                "ipv6_cidr_blocks": [],
                "prefix_list_ids": [],
                "protocol": "tcp",
                "security_groups": [],
                "self": false,
                "to_port": 8000
              },
              {
                "cidr_blocks": [
                  "0.0.0.0/0"
                ],
                "description": "",
                "from_port": 8080,
                "ipv6_cidr_blocks": [],
                "prefix_list_ids": [],
                "protocol": "tcp",
                "security_groups": [],
                "self": false,
                "to_port": 8080
              },
              {
                "cidr_blocks": [
                  "0.0.0.0/0"
                ],
                "description": "",
                "from_port": 80,
                "ipv6_cidr_blocks": [],
                "prefix_list_ids": [],
                "protocol": "tcp",
                "security_groups": [],
                "self": false,
                "to_port": 80
              }
            ],
            "name": "public-security-group",
            "name_prefix": "",
            "owner_id": "083469513477",
            "revoke_rules_on_delete": false,
            "tags": {},
            "tags_all": {},
            "timeouts": null,
            "vpc_id": "vpc-0000d49f4909f2a17"
          },
          "sensitive_attributes": [],
          "private": "eyJlMmJmYjczMC1lY2FhLTExZTYtOGY4OC0zNDM2M2JjN2M0YzAiOnsiY3JlYXRlIjo2MDAwMDAwMDAwMDAsImRlbGV0ZSI6OTAwMDAwMDAwMDAwfSwic2NoZW1hX3ZlcnNpb24iOiIxIn0=",
          "dependencies": [
            "module.vpc.aws_vpc.aws_vpc"
          ]
        }
      ]
    },
    {
      "module": "module.ec2",
      "mode": "managed",
      "type": "local_file",
      "name": "private_key",
      "provider": "provider[\"registry.terraform.io/hashicorp/local\"]",
      "instances": [
        {
          "schema_version": 0,
          "attributes": {
            "content": "-----BEGIN RSA PRIVATE KEY-----\nMIIJKgIBAAKCAgEAxyCFps/iCN990wp08GtcgOEpKZb0LT5VQZCRq5xAbKUKWLQP\nWR6q4G4qWtYlTP4mop1SP3i3qSyItUCcOHvIY+pWhzooscFvoMagpJ5QAGDqor/m\nK6OeholePHZAeuFV+poyY82SqUZ66rr9MOG8IXNLNXkVwpTleMTtGiB41WX3a5wT\ncVc/aOkDGFrAUEpd2thxZqp7706eg0E8T/1iYlLaEbhSFyZ8XD+quloeO+w+ENj8\ntiTsSUkCeAsPEkejSKhgHAfU/4SdlE7YcmcIfQyNGc+nuf00+rE3RH1MwI5rPcpe\nhbdYVFKDQrp5xBc5OygJ3I71vtDLqLlaw/WOgccqAAY6cE7IeTdmz0b7ejSP30bm\nLtD/L5xOsJeQ/Y4e+SiCIiO12+XgJmwGd735stFvQPB034s8Egv6ItMs+0FhAjy4\n6w86yMCJ4JJDQVR/aD8LqpdWq1vbBad3Y+m4JmCCaN3Wpt6b9YK74DL7eV6GxQys\nfi+9gnn9w47I5tfkPDIcij/49czf10jOl01cIl7ZTx8oX98nmGQ/r0hRpqXMzajB\naH4Vr4VV2oFN1drM8iPXVn/Ic7N6cHbBgW09kep7qOC5zeOCHZKsSlKRQhgvO22x\n1//V/9VJp3XT1vRK8/oMGOiBASXWqElw6WTgYKnaCoCQ8XqtD64IV+Ne+hECAwEA\nAQKCAgEArHWGS4sQAQ9PMlCEJxVU8GoR9GtA3051GGvVPgP96Bqoc1q/UDg3VlkT\nZcjCVYRogb4vVbl/l41yeUiUBHdwftieSFAenpUh0OU2jFxwfWNy07HP70uuKGcg\nrszb25D9niWeLsIEm4bnPhTk5EkdXvsz0AQmzHeYppgnodEt1eSR/SkXzbn6uSnV\n/Gnc1a0SzE9ZJ8nPvNsifhsp2T1i0DVhmKdCsborStn5S5xxQwTAXGcRt88StgX9\nlWo+i15wFKV/V8eQuhxpPeFrpOmHeIY+TnSCl5qtH9IMQ80hhEPUrZdvde/tGFq+\nRDSs8SAL+SgcImHOhIzhVifybHVoDYRQF4+DfctV1iiBwOntMWjty2JHSp09e84h\nBtMtDduCuNt3gR+2Mba/YOvRNucjD8SEcXehEd5a1oZac2jWE8YImmDYVtvahtYw\nXi27iCQ6tTDRVp4rAauswWhxxEA4FQjehQMlrAxARDVOlBhys6NPO5WAEgPr6UFS\nvtSEHqq70nuDQfXmf7Kv8StBI+dFFHNrKVQs2/2v1HURTUuSPmfjKCKv3/K8o9ks\nr75pyw4se9e/K9TmX9c/8VxNFxbFKlb8fMO6O/jBzTlRAxmZXeD+BLiQBSYWEUcF\nn5sV4uH/fn8/kOwb3cVIvd32xn5wkgEhq/47+7i43TWXLvIvfWECggEBAMiE5eQk\nDaHsu1A+irTwmmPYuIOc8MQn8uCGjY85+oV5yCTRCFtSx7SN57pZT5U84EKddm+4\nhBfo6xHsexD6b5lvYaPn/xZQX4Vt3kp6JjiTkUT3cHhU+63ifdD5FT/6khlkjiWF\nu2GltyzKzHkJtAO16t1MezoOlkyMoUHQYLtBZzfhnC9n81mWCEYA3lNQ2IeCTiPC\ntMd+yot3T5L+J/pFXXlNdQL5cFAgUQEEpHL5ikiU6GR2X8AuRrxYud8IG98l9+wj\nuUwX11AiKbkgCzOsPOi+RErCh6rjwstMxVLkoFSKawEZBH1A9Jp+N8nXdNde6V03\nG0NNeCdjz9tGXGMCggEBAP45BRAtWHgporRtP+93dx1SESZISD2or+PiBW00+2sA\nYux0GhMwBEteC41CoZvUWkygZ3nnpgi31ZtoEXaZd0mSAkOBsAWJvGVmmzQTxMQ6\n0Pitr2zT3PfWVplSDMTRgjuN7xAEyoAwlerEL16OBcUHDVPfkA6ygeSlodpcoukH\nJtmWHrKbhStOjdU40SZP3PG3pTqoGBV6LULNDcffzsxIw523/UiKA5MXZ5s7ZzQf\na7v2iLd48+Jph+HjxFOqQLJcyEyhVtwybdPZRVGeklApfFfBeEH19RgAVEzDMLKH\nH3Ef5aI3RKLtONS0ZYWSB6Iv4Do6E3Y+Qv5OWQLMl/sCggEAed/UvrJvGsEBJIeu\n1MT8gb1igJQt/nttcqw1dB1AOEpJrJ7kXmVU/lfVxXytEz7562M7bjIPD11BKxa5\nwhsFI5QAG5hRgaV+OWIK3ueZPX/rpqhiUrEMe6aS5CXQlZ9dl1N31jSPLI2FZRMp\n7lNId4zlYHYw25usHIDJLnBRqt7Ytq1IucOLtCKtiqbSen9D7DD1/2RDbpGQ1+2/\njs8tSz9HzgeXHCSx7/GEaoMA1OT4+J6RFSahkfROiAHBj16lWh8AriUUZbyD4K+y\n/lMMm+6O4sNqTKopvWNLrTdPI8/T5y5uVS94fAyz3wbiL6rl2FVWr5Jj3qdCZWaU\nGmmMkwKCAQEAlROcy3q72WMY/VLfXi6hE/mPAvL6IeYslqZw5jRehsWoPN5sd/n9\nWrDgd0queDHTbgHWDB9yNsSOp14kd3bRA7xyRWHkdarqZlAADU7WYPfYmStIprmq\nZ08yYyBBSp1NEF1P5gXZNcjH8O5wlLMV4Q8cmqWL1YKKNymFuwX9pkbCWm/0umoG\ncnnTJEj4JM5KUxiM9NOjo9yMdBLI1P+CRjsZMwC0r3f3Vqcv41C3WVJfm86bJ3Pv\nGEMoIqes9h7tZ2qPLpih1ehgjQ1o387sH8PkHZXfTlbMDfILfSQtB1PDdVPuFezw\n+9W+MMVEj0ot3cbTZ3Gs/fbO1E/fVIvjRwKCAQEAhr3YuOu2bHKbQZxbA5XzMZOu\n6OkyZAbDxcUDGcSfzvJvunyOZQYopkxOqp6A2EtVyU0kkc7NszItuTvgoAsErW1U\nL7B/flSB+NCRlaqGF0F/Ki1Pbx19vJ9hCU27LQoiu7ZlYKLfLPLSkv6TrKQhD0mU\n7x4mB8LbFLgk1ZRpPqerLLv5BEVZuJRU/a5Qsoov5Akgt6cGngnjgO/e2OOR3q8c\nHgYXuY8NPIrT5rKmHfuCKwGDGncom8nqC8h9tEzBBloHzYSReZD41cDv8WE8HLeF\n1wwmUR9Nl5yA8j8izX8EC5HNobrm8/hWKs7jNN7/A2jVq5GnpYVxqxvm0SoZNg==\n-----END RSA PRIVATE KEY-----\n",
            "content_base64": null,
            "content_base64sha256": "L3O+JG1pDIJeT95DMmUmcBqHEmBo6NeJWBTpRPVm6Gc=",
            "content_base64sha512": "YjPqWakUDBfewfxXSqFQG9feJJEOeQfTFXW71Am3xyKEhzUFxBAJnurHDzydlS/EmQCSA5SN+bwaVFkguLb7MQ==",
            "content_md5": "05f21c1e060d69a899d58ed651d7fa68",
            "content_sha1": "e916ad7db2c12604840fabfbd5a2f1d6ffec1258",
            "content_sha256": "2f73be246d690c825e4fde43326526701a87126068e8d7895814e944f566e867",
            "content_sha512": "6233ea59a9140c17dec1fc574aa1501bd7de24910e7907d31575bbd409b7c72284873505c410099eeac70f3c9d952fc499009203948df9bc1a545920b8b6fb31",
            "directory_permission": "0777",
            "file_permission": "0777",
            "filename": "/home/mostafa/depi/DEPI-Project/terraform/private_key.pem",
            "id": "e916ad7db2c12604840fabfbd5a2f1d6ffec1258",
            "sensitive_content": null,
            "source": null
          },
          "sensitive_attributes": [
            [
              {
                "type": "get_attr",
                "value": "sensitive_content"
              }
            ],
            [
              {
                "type": "get_attr",
                "value": "content"
              }
            ]
          ],
          "dependencies": [
            "module.ec2.tls_private_key.pk"
          ]
        }
      ]
    },
    {
      "module": "module.ec2",
      "mode": "managed",
      "type": "tls_private_key",
      "name": "pk",
      "provider": "provider[\"registry.terraform.io/hashicorp/tls\"]",
      "instances": [
        {
          "schema_version": 1,
          "attributes": {
            "algorithm": "RSA",
            "ecdsa_curve": "P224",
            "id": "3fd718e649f7b9bc7e9198d23a8781f4371e91f1",
            "private_key_openssh": "-----BEGIN OPENSSH PRIVATE KEY-----\nb3BlbnNzaC1rZXktdjEAAAAABG5vbmUAAAAEbm9uZQAAAAAAAAABAAACFwAAAAdz\nc2gtcnNhAAAAAwEAAQAAAgEAxyCFps/iCN990wp08GtcgOEpKZb0LT5VQZCRq5xA\nbKUKWLQPWR6q4G4qWtYlTP4mop1SP3i3qSyItUCcOHvIY+pWhzooscFvoMagpJ5Q\nAGDqor/mK6OeholePHZAeuFV+poyY82SqUZ66rr9MOG8IXNLNXkVwpTleMTtGiB4\n1WX3a5wTcVc/aOkDGFrAUEpd2thxZqp7706eg0E8T/1iYlLaEbhSFyZ8XD+quloe\nO+w+ENj8tiTsSUkCeAsPEkejSKhgHAfU/4SdlE7YcmcIfQyNGc+nuf00+rE3RH1M\nwI5rPcpehbdYVFKDQrp5xBc5OygJ3I71vtDLqLlaw/WOgccqAAY6cE7IeTdmz0b7\nejSP30bmLtD/L5xOsJeQ/Y4e+SiCIiO12+XgJmwGd735stFvQPB034s8Egv6ItMs\n+0FhAjy46w86yMCJ4JJDQVR/aD8LqpdWq1vbBad3Y+m4JmCCaN3Wpt6b9YK74DL7\neV6GxQysfi+9gnn9w47I5tfkPDIcij/49czf10jOl01cIl7ZTx8oX98nmGQ/r0hR\npqXMzajBaH4Vr4VV2oFN1drM8iPXVn/Ic7N6cHbBgW09kep7qOC5zeOCHZKsSlKR\nQhgvO22x1//V/9VJp3XT1vRK8/oMGOiBASXWqElw6WTgYKnaCoCQ8XqtD64IV+Ne\n+hEAAAc4oFKRYqBSkWIAAAAHc3NoLXJzYQAAAgEAxyCFps/iCN990wp08GtcgOEp\nKZb0LT5VQZCRq5xAbKUKWLQPWR6q4G4qWtYlTP4mop1SP3i3qSyItUCcOHvIY+pW\nhzooscFvoMagpJ5QAGDqor/mK6OeholePHZAeuFV+poyY82SqUZ66rr9MOG8IXNL\nNXkVwpTleMTtGiB41WX3a5wTcVc/aOkDGFrAUEpd2thxZqp7706eg0E8T/1iYlLa\nEbhSFyZ8XD+quloeO+w+ENj8tiTsSUkCeAsPEkejSKhgHAfU/4SdlE7YcmcIfQyN\nGc+nuf00+rE3RH1MwI5rPcpehbdYVFKDQrp5xBc5OygJ3I71vtDLqLlaw/WOgccq\nAAY6cE7IeTdmz0b7ejSP30bmLtD/L5xOsJeQ/Y4e+SiCIiO12+XgJmwGd735stFv\nQPB034s8Egv6ItMs+0FhAjy46w86yMCJ4JJDQVR/aD8LqpdWq1vbBad3Y+m4JmCC\naN3Wpt6b9YK74DL7eV6GxQysfi+9gnn9w47I5tfkPDIcij/49czf10jOl01cIl7Z\nTx8oX98nmGQ/r0hRpqXMzajBaH4Vr4VV2oFN1drM8iPXVn/Ic7N6cHbBgW09kep7\nqOC5zeOCHZKsSlKRQhgvO22x1//V/9VJp3XT1vRK8/oMGOiBASXWqElw6WTgYKna\nCoCQ8XqtD64IV+Ne+hEAAAADAQABAAACAQCsdYZLixABD08yUIQnFVTwahH0a0Df\nTnUYa9U+A/3oGqhzWr9QODdWWRNlyMJVhGiBvi9VuX+XjXJ5SJQEd3B+2J5IUB6e\nlSHQ5TaMXHB9Y3LTsc/vS64oZyCuzNvbkP2eJZ4uwgSbhuc+FOTkSR1e+zPQBCbM\nd5immCeh0S3V5JH9KRfNufq5KdX8adzVrRLMT1knyc+82yJ+GynZPWLQNWGYp0Kx\nuitK2flLnHFDBMBcZxG3zxK2Bf2Vaj6LXnAUpX9Xx5C6HGk94Wuk6Yd4hj5OdIKX\nmq0f0gxDzSGEQ9Stl2917+0YWr5ENKzxIAv5KBwiYc6EjOFWJ/JsdWgNhFAXj4N9\ny1XWKIHA6e0xaO3LYkdKnT17ziEG0y0N24K423eBH7Yxtr9g69E25yMPxIRxd6ER\n3lrWhlpzaNYTxgiaYNhW29qG1jBeLbuIJDq1MNFWnisBq6zBaHHEQDgVCN6FAyWs\nDEBENU6UGHKzo087lYASA+vpQVK+1IQeqrvSe4NB9eZ/sq/xK0Ej50UUc2spVCzb\n/a/UdRFNS5I+Z+MoIq/f8ryj2SyvvmnLDix7178r1OZf1z/xXE0XFsUqVvx8w7o7\n+MHNOVEDGZld4P4EuJAFJhYRRwWfmxXi4f9+fz+Q7BvdxUi93fbGfnCSASGr/jv7\nuLjdNZcu8i99YQAAAQEAhr3YuOu2bHKbQZxbA5XzMZOu6OkyZAbDxcUDGcSfzvJv\nunyOZQYopkxOqp6A2EtVyU0kkc7NszItuTvgoAsErW1UL7B/flSB+NCRlaqGF0F/\nKi1Pbx19vJ9hCU27LQoiu7ZlYKLfLPLSkv6TrKQhD0mU7x4mB8LbFLgk1ZRpPqer\nLLv5BEVZuJRU/a5Qsoov5Akgt6cGngnjgO/e2OOR3q8cHgYXuY8NPIrT5rKmHfuC\nKwGDGncom8nqC8h9tEzBBloHzYSReZD41cDv8WE8HLeF1wwmUR9Nl5yA8j8izX8E\nC5HNobrm8/hWKs7jNN7/A2jVq5GnpYVxqxvm0SoZNgAAAQEAyITl5CQNoey7UD6K\ntPCaY9i4g5zwxCfy4IaNjzn6hXnIJNEIW1LHtI3nullPlTzgQp12b7iEF+jrEex7\nEPpvmW9ho+f/FlBfhW3eSnomOJORRPdweFT7reJ90PkVP/qSGWSOJYW7YaW3LMrM\neQm0A7Xq3Ux7Og6WTIyhQdBgu0FnN+GcL2fzWZYIRgDeU1DYh4JOI8K0x37Ki3dP\nkv4n+kVdeU11AvlwUCBRAQSkcvmKSJToZHZfwC5GvFi53wgb3yX37CO5TBfXUCIp\nuSALM6w86L5ESsKHquPCy0zFUuSgVIprARkEfUD0mn43ydd0117pXTcbQ014J2PP\n20ZcYwAAAQEA/jkFEC1YeCmitG0/73d3HVIRJkhIPaiv4+IFbTT7awBi7HQaEzAE\nS14LjUKhm9RaTKBneeemCLfVm2gRdpl3SZICQ4GwBYm8ZWabNBPExDrQ+K2vbNPc\n99ZWmVIMxNGCO43vEATKgDCV6sQvXo4FxQcNU9+QDrKB5KWh2lyi6Qcm2ZYespuF\nK06N1TjRJk/c8belOqgYFXotQs0Nx9/OzEjDnbf9SIoDkxdnmztnNB9ru/aIt3jz\n4mmH4ePEU6pAslzITKFW3DJt09lFUZ6SUCl8V8F4QfX1GABUTMMwsocfcR/lojdE\nou041LRlhZIHoi/gOjoTdj5C/k5ZAsyX+wAAAAAB\n-----END OPENSSH PRIVATE KEY-----\n",
            "private_key_pem": "-----BEGIN RSA PRIVATE KEY-----\nMIIJKgIBAAKCAgEAxyCFps/iCN990wp08GtcgOEpKZb0LT5VQZCRq5xAbKUKWLQP\nWR6q4G4qWtYlTP4mop1SP3i3qSyItUCcOHvIY+pWhzooscFvoMagpJ5QAGDqor/m\nK6OeholePHZAeuFV+poyY82SqUZ66rr9MOG8IXNLNXkVwpTleMTtGiB41WX3a5wT\ncVc/aOkDGFrAUEpd2thxZqp7706eg0E8T/1iYlLaEbhSFyZ8XD+quloeO+w+ENj8\ntiTsSUkCeAsPEkejSKhgHAfU/4SdlE7YcmcIfQyNGc+nuf00+rE3RH1MwI5rPcpe\nhbdYVFKDQrp5xBc5OygJ3I71vtDLqLlaw/WOgccqAAY6cE7IeTdmz0b7ejSP30bm\nLtD/L5xOsJeQ/Y4e+SiCIiO12+XgJmwGd735stFvQPB034s8Egv6ItMs+0FhAjy4\n6w86yMCJ4JJDQVR/aD8LqpdWq1vbBad3Y+m4JmCCaN3Wpt6b9YK74DL7eV6GxQys\nfi+9gnn9w47I5tfkPDIcij/49czf10jOl01cIl7ZTx8oX98nmGQ/r0hRpqXMzajB\naH4Vr4VV2oFN1drM8iPXVn/Ic7N6cHbBgW09kep7qOC5zeOCHZKsSlKRQhgvO22x\n1//V/9VJp3XT1vRK8/oMGOiBASXWqElw6WTgYKnaCoCQ8XqtD64IV+Ne+hECAwEA\nAQKCAgEArHWGS4sQAQ9PMlCEJxVU8GoR9GtA3051GGvVPgP96Bqoc1q/UDg3VlkT\nZcjCVYRogb4vVbl/l41yeUiUBHdwftieSFAenpUh0OU2jFxwfWNy07HP70uuKGcg\nrszb25D9niWeLsIEm4bnPhTk5EkdXvsz0AQmzHeYppgnodEt1eSR/SkXzbn6uSnV\n/Gnc1a0SzE9ZJ8nPvNsifhsp2T1i0DVhmKdCsborStn5S5xxQwTAXGcRt88StgX9\nlWo+i15wFKV/V8eQuhxpPeFrpOmHeIY+TnSCl5qtH9IMQ80hhEPUrZdvde/tGFq+\nRDSs8SAL+SgcImHOhIzhVifybHVoDYRQF4+DfctV1iiBwOntMWjty2JHSp09e84h\nBtMtDduCuNt3gR+2Mba/YOvRNucjD8SEcXehEd5a1oZac2jWE8YImmDYVtvahtYw\nXi27iCQ6tTDRVp4rAauswWhxxEA4FQjehQMlrAxARDVOlBhys6NPO5WAEgPr6UFS\nvtSEHqq70nuDQfXmf7Kv8StBI+dFFHNrKVQs2/2v1HURTUuSPmfjKCKv3/K8o9ks\nr75pyw4se9e/K9TmX9c/8VxNFxbFKlb8fMO6O/jBzTlRAxmZXeD+BLiQBSYWEUcF\nn5sV4uH/fn8/kOwb3cVIvd32xn5wkgEhq/47+7i43TWXLvIvfWECggEBAMiE5eQk\nDaHsu1A+irTwmmPYuIOc8MQn8uCGjY85+oV5yCTRCFtSx7SN57pZT5U84EKddm+4\nhBfo6xHsexD6b5lvYaPn/xZQX4Vt3kp6JjiTkUT3cHhU+63ifdD5FT/6khlkjiWF\nu2GltyzKzHkJtAO16t1MezoOlkyMoUHQYLtBZzfhnC9n81mWCEYA3lNQ2IeCTiPC\ntMd+yot3T5L+J/pFXXlNdQL5cFAgUQEEpHL5ikiU6GR2X8AuRrxYud8IG98l9+wj\nuUwX11AiKbkgCzOsPOi+RErCh6rjwstMxVLkoFSKawEZBH1A9Jp+N8nXdNde6V03\nG0NNeCdjz9tGXGMCggEBAP45BRAtWHgporRtP+93dx1SESZISD2or+PiBW00+2sA\nYux0GhMwBEteC41CoZvUWkygZ3nnpgi31ZtoEXaZd0mSAkOBsAWJvGVmmzQTxMQ6\n0Pitr2zT3PfWVplSDMTRgjuN7xAEyoAwlerEL16OBcUHDVPfkA6ygeSlodpcoukH\nJtmWHrKbhStOjdU40SZP3PG3pTqoGBV6LULNDcffzsxIw523/UiKA5MXZ5s7ZzQf\na7v2iLd48+Jph+HjxFOqQLJcyEyhVtwybdPZRVGeklApfFfBeEH19RgAVEzDMLKH\nH3Ef5aI3RKLtONS0ZYWSB6Iv4Do6E3Y+Qv5OWQLMl/sCggEAed/UvrJvGsEBJIeu\n1MT8gb1igJQt/nttcqw1dB1AOEpJrJ7kXmVU/lfVxXytEz7562M7bjIPD11BKxa5\nwhsFI5QAG5hRgaV+OWIK3ueZPX/rpqhiUrEMe6aS5CXQlZ9dl1N31jSPLI2FZRMp\n7lNId4zlYHYw25usHIDJLnBRqt7Ytq1IucOLtCKtiqbSen9D7DD1/2RDbpGQ1+2/\njs8tSz9HzgeXHCSx7/GEaoMA1OT4+J6RFSahkfROiAHBj16lWh8AriUUZbyD4K+y\n/lMMm+6O4sNqTKopvWNLrTdPI8/T5y5uVS94fAyz3wbiL6rl2FVWr5Jj3qdCZWaU\nGmmMkwKCAQEAlROcy3q72WMY/VLfXi6hE/mPAvL6IeYslqZw5jRehsWoPN5sd/n9\nWrDgd0queDHTbgHWDB9yNsSOp14kd3bRA7xyRWHkdarqZlAADU7WYPfYmStIprmq\nZ08yYyBBSp1NEF1P5gXZNcjH8O5wlLMV4Q8cmqWL1YKKNymFuwX9pkbCWm/0umoG\ncnnTJEj4JM5KUxiM9NOjo9yMdBLI1P+CRjsZMwC0r3f3Vqcv41C3WVJfm86bJ3Pv\nGEMoIqes9h7tZ2qPLpih1ehgjQ1o387sH8PkHZXfTlbMDfILfSQtB1PDdVPuFezw\n+9W+MMVEj0ot3cbTZ3Gs/fbO1E/fVIvjRwKCAQEAhr3YuOu2bHKbQZxbA5XzMZOu\n6OkyZAbDxcUDGcSfzvJvunyOZQYopkxOqp6A2EtVyU0kkc7NszItuTvgoAsErW1U\nL7B/flSB+NCRlaqGF0F/Ki1Pbx19vJ9hCU27LQoiu7ZlYKLfLPLSkv6TrKQhD0mU\n7x4mB8LbFLgk1ZRpPqerLLv5BEVZuJRU/a5Qsoov5Akgt6cGngnjgO/e2OOR3q8c\nHgYXuY8NPIrT5rKmHfuCKwGDGncom8nqC8h9tEzBBloHzYSReZD41cDv8WE8HLeF\n1wwmUR9Nl5yA8j8izX8EC5HNobrm8/hWKs7jNN7/A2jVq5GnpYVxqxvm0SoZNg==\n-----END RSA PRIVATE KEY-----\n",
            "private_key_pem_pkcs8": "-----BEGIN PRIVATE KEY-----\nMIIJRAIBADANBgkqhkiG9w0BAQEFAASCCS4wggkqAgEAAoICAQDHIIWmz+II333T\nCnTwa1yA4SkplvQtPlVBkJGrnEBspQpYtA9ZHqrgbipa1iVM/iainVI/eLepLIi1\nQJw4e8hj6laHOiixwW+gxqCknlAAYOqiv+Yro56GiV48dkB64VX6mjJjzZKpRnrq\nuv0w4bwhc0s1eRXClOV4xO0aIHjVZfdrnBNxVz9o6QMYWsBQSl3a2HFmqnvvTp6D\nQTxP/WJiUtoRuFIXJnxcP6q6Wh477D4Q2Py2JOxJSQJ4Cw8SR6NIqGAcB9T/hJ2U\nTthyZwh9DI0Zz6e5/TT6sTdEfUzAjms9yl6Ft1hUUoNCunnEFzk7KAncjvW+0Muo\nuVrD9Y6BxyoABjpwTsh5N2bPRvt6NI/fRuYu0P8vnE6wl5D9jh75KIIiI7Xb5eAm\nbAZ3vfmy0W9A8HTfizwSC/oi0yz7QWECPLjrDzrIwIngkkNBVH9oPwuql1arW9sF\np3dj6bgmYIJo3dam3pv1grvgMvt5XobFDKx+L72Cef3Djsjm1+Q8MhyKP/j1zN/X\nSM6XTVwiXtlPHyhf3yeYZD+vSFGmpczNqMFofhWvhVXagU3V2szyI9dWf8hzs3pw\ndsGBbT2R6nuo4LnN44IdkqxKUpFCGC87bbHX/9X/1UmnddPW9Erz+gwY6IEBJdao\nSXDpZOBgqdoKgJDxeq0PrghX4176EQIDAQABAoICAQCsdYZLixABD08yUIQnFVTw\nahH0a0DfTnUYa9U+A/3oGqhzWr9QODdWWRNlyMJVhGiBvi9VuX+XjXJ5SJQEd3B+\n2J5IUB6elSHQ5TaMXHB9Y3LTsc/vS64oZyCuzNvbkP2eJZ4uwgSbhuc+FOTkSR1e\n+zPQBCbMd5immCeh0S3V5JH9KRfNufq5KdX8adzVrRLMT1knyc+82yJ+GynZPWLQ\nNWGYp0KxuitK2flLnHFDBMBcZxG3zxK2Bf2Vaj6LXnAUpX9Xx5C6HGk94Wuk6Yd4\nhj5OdIKXmq0f0gxDzSGEQ9Stl2917+0YWr5ENKzxIAv5KBwiYc6EjOFWJ/JsdWgN\nhFAXj4N9y1XWKIHA6e0xaO3LYkdKnT17ziEG0y0N24K423eBH7Yxtr9g69E25yMP\nxIRxd6ER3lrWhlpzaNYTxgiaYNhW29qG1jBeLbuIJDq1MNFWnisBq6zBaHHEQDgV\nCN6FAyWsDEBENU6UGHKzo087lYASA+vpQVK+1IQeqrvSe4NB9eZ/sq/xK0Ej50UU\nc2spVCzb/a/UdRFNS5I+Z+MoIq/f8ryj2SyvvmnLDix7178r1OZf1z/xXE0XFsUq\nVvx8w7o7+MHNOVEDGZld4P4EuJAFJhYRRwWfmxXi4f9+fz+Q7BvdxUi93fbGfnCS\nASGr/jv7uLjdNZcu8i99YQKCAQEAyITl5CQNoey7UD6KtPCaY9i4g5zwxCfy4IaN\njzn6hXnIJNEIW1LHtI3nullPlTzgQp12b7iEF+jrEex7EPpvmW9ho+f/FlBfhW3e\nSnomOJORRPdweFT7reJ90PkVP/qSGWSOJYW7YaW3LMrMeQm0A7Xq3Ux7Og6WTIyh\nQdBgu0FnN+GcL2fzWZYIRgDeU1DYh4JOI8K0x37Ki3dPkv4n+kVdeU11AvlwUCBR\nAQSkcvmKSJToZHZfwC5GvFi53wgb3yX37CO5TBfXUCIpuSALM6w86L5ESsKHquPC\ny0zFUuSgVIprARkEfUD0mn43ydd0117pXTcbQ014J2PP20ZcYwKCAQEA/jkFEC1Y\neCmitG0/73d3HVIRJkhIPaiv4+IFbTT7awBi7HQaEzAES14LjUKhm9RaTKBneeem\nCLfVm2gRdpl3SZICQ4GwBYm8ZWabNBPExDrQ+K2vbNPc99ZWmVIMxNGCO43vEATK\ngDCV6sQvXo4FxQcNU9+QDrKB5KWh2lyi6Qcm2ZYespuFK06N1TjRJk/c8belOqgY\nFXotQs0Nx9/OzEjDnbf9SIoDkxdnmztnNB9ru/aIt3jz4mmH4ePEU6pAslzITKFW\n3DJt09lFUZ6SUCl8V8F4QfX1GABUTMMwsocfcR/lojdEou041LRlhZIHoi/gOjoT\ndj5C/k5ZAsyX+wKCAQB539S+sm8awQEkh67UxPyBvWKAlC3+e21yrDV0HUA4Skms\nnuReZVT+V9XFfK0TPvnrYztuMg8PXUErFrnCGwUjlAAbmFGBpX45Ygre55k9f+um\nqGJSsQx7ppLkJdCVn12XU3fWNI8sjYVlEynuU0h3jOVgdjDbm6wcgMkucFGq3ti2\nrUi5w4u0Iq2KptJ6f0PsMPX/ZENukZDX7b+Ozy1LP0fOB5ccJLHv8YRqgwDU5Pj4\nnpEVJqGR9E6IAcGPXqVaHwCuJRRlvIPgr7L+Uwyb7o7iw2pMqim9Y0utN08jz9Pn\nLm5VL3h8DLPfBuIvquXYVVavkmPep0JlZpQaaYyTAoIBAQCVE5zLervZYxj9Ut9e\nLqET+Y8C8voh5iyWpnDmNF6Gxag83mx3+f1asOB3Sq54MdNuAdYMH3I2xI6nXiR3\ndtEDvHJFYeR1qupmUAANTtZg99iZK0imuapnTzJjIEFKnU0QXU/mBdk1yMfw7nCU\nsxXhDxyapYvVgoo3KYW7Bf2mRsJab/S6agZyedMkSPgkzkpTGIz006Oj3Ix0EsjU\n/4JGOxkzALSvd/dWpy/jULdZUl+bzpsnc+8YQygip6z2Hu1nao8umKHV6GCNDWjf\nzuwfw+Qdld9OVswN8gt9JC0HU8N1U+4V7PD71b4wxUSPSi3dxtNncaz99s7UT99U\ni+NHAoIBAQCGvdi467ZscptBnFsDlfMxk67o6TJkBsPFxQMZxJ/O8m+6fI5lBiim\nTE6qnoDYS1XJTSSRzs2zMi25O+CgCwStbVQvsH9+VIH40JGVqoYXQX8qLU9vHX28\nn2EJTbstCiK7tmVgot8s8tKS/pOspCEPSZTvHiYHwtsUuCTVlGk+p6ssu/kERVm4\nlFT9rlCyii/kCSC3pwaeCeOA797Y45HerxweBhe5jw08itPmsqYd+4IrAYMadyib\nyeoLyH20TMEGWgfNhJF5kPjVwO/xYTwct4XXDCZRH02XnIDyPyLNfwQLkc2huubz\n+FYqzuM03v8DaNWrkaelhXGrG+bRKhk2\n-----END PRIVATE KEY-----\n",
            "public_key_fingerprint_md5": "8d:cb:48:fe:7e:6b:35:65:62:f9:87:ee:b1:4b:73:12",
            "public_key_fingerprint_sha256": "SHA256:/QNsQZzV/8FkwGwfTj/6xajKadmwslffIIcdzfdGtm4",
            "public_key_openssh": "ssh-rsa AAAAB3NzaC1yc2EAAAADAQABAAACAQDHIIWmz+II333TCnTwa1yA4SkplvQtPlVBkJGrnEBspQpYtA9ZHqrgbipa1iVM/iainVI/eLepLIi1QJw4e8hj6laHOiixwW+gxqCknlAAYOqiv+Yro56GiV48dkB64VX6mjJjzZKpRnrquv0w4bwhc0s1eRXClOV4xO0aIHjVZfdrnBNxVz9o6QMYWsBQSl3a2HFmqnvvTp6DQTxP/WJiUtoRuFIXJnxcP6q6Wh477D4Q2Py2JOxJSQJ4Cw8SR6NIqGAcB9T/hJ2UTthyZwh9DI0Zz6e5/TT6sTdEfUzAjms9yl6Ft1hUUoNCunnEFzk7KAncjvW+0MuouVrD9Y6BxyoABjpwTsh5N2bPRvt6NI/fRuYu0P8vnE6wl5D9jh75KIIiI7Xb5eAmbAZ3vfmy0W9A8HTfizwSC/oi0yz7QWECPLjrDzrIwIngkkNBVH9oPwuql1arW9sFp3dj6bgmYIJo3dam3pv1grvgMvt5XobFDKx+L72Cef3Djsjm1+Q8MhyKP/j1zN/XSM6XTVwiXtlPHyhf3yeYZD+vSFGmpczNqMFofhWvhVXagU3V2szyI9dWf8hzs3pwdsGBbT2R6nuo4LnN44IdkqxKUpFCGC87bbHX/9X/1UmnddPW9Erz+gwY6IEBJdaoSXDpZOBgqdoKgJDxeq0PrghX4176EQ==\n",
            "public_key_pem": "-----BEGIN PUBLIC KEY-----\nMIICIjANBgkqhkiG9w0BAQEFAAOCAg8AMIICCgKCAgEAxyCFps/iCN990wp08Gtc\ngOEpKZb0LT5VQZCRq5xAbKUKWLQPWR6q4G4qWtYlTP4mop1SP3i3qSyItUCcOHvI\nY+pWhzooscFvoMagpJ5QAGDqor/mK6OeholePHZAeuFV+poyY82SqUZ66rr9MOG8\nIXNLNXkVwpTleMTtGiB41WX3a5wTcVc/aOkDGFrAUEpd2thxZqp7706eg0E8T/1i\nYlLaEbhSFyZ8XD+quloeO+w+ENj8tiTsSUkCeAsPEkejSKhgHAfU/4SdlE7YcmcI\nfQyNGc+nuf00+rE3RH1MwI5rPcpehbdYVFKDQrp5xBc5OygJ3I71vtDLqLlaw/WO\ngccqAAY6cE7IeTdmz0b7ejSP30bmLtD/L5xOsJeQ/Y4e+SiCIiO12+XgJmwGd735\nstFvQPB034s8Egv6ItMs+0FhAjy46w86yMCJ4JJDQVR/aD8LqpdWq1vbBad3Y+m4\nJmCCaN3Wpt6b9YK74DL7eV6GxQysfi+9gnn9w47I5tfkPDIcij/49czf10jOl01c\nIl7ZTx8oX98nmGQ/r0hRpqXMzajBaH4Vr4VV2oFN1drM8iPXVn/Ic7N6cHbBgW09\nkep7qOC5zeOCHZKsSlKRQhgvO22x1//V/9VJp3XT1vRK8/oMGOiBASXWqElw6WTg\nYKnaCoCQ8XqtD64IV+Ne+hECAwEAAQ==\n-----END PUBLIC KEY-----\n",
            "rsa_bits": 4096
          },
          "sensitive_attributes": [
            [
              {
                "type": "get_attr",
                "value": "private_key_pem"
              }
            ],
            [
              {
                "type": "get_attr",
                "value": "private_key_pem_pkcs8"
              }
            ],
            [
              {
                "type": "get_attr",
                "value": "private_key_openssh"
              }
            ]
          ]
        }
      ]
    },
    {
      "module": "module.vpc",
      "mode": "managed",
      "type": "aws_internet_gateway",
      "name": "internet_gateway",
      "provider": "provider[\"registry.terraform.io/hashicorp/aws\"]",
      "instances": [
        {
          "index_key": 0,
          "schema_version": 0,
          "attributes": {
            "arn": "arn:aws:ec2:us-east-1:083469513477:internet-gateway/igw-07ebb705ce9044357",
            "id": "igw-07ebb705ce9044357",
            "owner_id": "083469513477",
            "tags": {
              "Name": "igw-test-vpc",
              "created-by": "john"
            },
            "tags_all": {
              "Name": "igw-test-vpc",
              "created-by": "john"
            },
            "timeouts": null,
            "vpc_id": "vpc-0000d49f4909f2a17"
          },
          "sensitive_attributes": [],
          "private": "eyJlMmJmYjczMC1lY2FhLTExZTYtOGY4OC0zNDM2M2JjN2M0YzAiOnsiY3JlYXRlIjoxMjAwMDAwMDAwMDAwLCJkZWxldGUiOjEyMDAwMDAwMDAwMDAsInVwZGF0ZSI6MTIwMDAwMDAwMDAwMH19",
          "dependencies": [
            "module.vpc.aws_vpc.aws_vpc"
          ]
        }
      ]
    },
    {
      "module": "module.vpc",
      "mode": "managed",
      "type": "aws_route_table",
      "name": "public_route_table",
      "provider": "provider[\"registry.terraform.io/hashicorp/aws\"]",
      "instances": [
        {
          "index_key": 0,
          "schema_version": 0,
          "attributes": {
            "arn": "arn:aws:ec2:us-east-1:083469513477:route-table/rtb-0a9f868c793d63020",
            "id": "rtb-0a9f868c793d63020",
            "owner_id": "083469513477",
            "propagating_vgws": [],
            "route": [
              {
                "carrier_gateway_id": "",
                "cidr_block": "0.0.0.0/0",
                "core_network_arn": "",
                "destination_prefix_list_id": "",
                "egress_only_gateway_id": "",
                "gateway_id": "igw-07ebb705ce9044357",
                "ipv6_cidr_block": "",
                "local_gateway_id": "",
                "nat_gateway_id": "",
                "network_interface_id": "",
                "transit_gateway_id": "",
                "vpc_endpoint_id": "",
                "vpc_peering_connection_id": ""
              }
            ],
            "tags": {
              "Name": "route_table_test-vpc",
              "created-by": "john"
            },
            "tags_all": {
              "Name": "route_table_test-vpc",
              "created-by": "john"
            },
            "timeouts": null,
            "vpc_id": "vpc-0000d49f4909f2a17"
          },
          "sensitive_attributes": [],
          "private": "eyJlMmJmYjczMC1lY2FhLTExZTYtOGY4OC0zNDM2M2JjN2M0YzAiOnsiY3JlYXRlIjozMDAwMDAwMDAwMDAsImRlbGV0ZSI6MzAwMDAwMDAwMDAwLCJ1cGRhdGUiOjEyMDAwMDAwMDAwMH19",
          "dependencies": [
            "module.vpc.aws_internet_gateway.internet_gateway",
            "module.vpc.aws_vpc.aws_vpc"
          ]
        }
      ]
    },
    {
      "module": "module.vpc",
      "mode": "managed",
      "type": "aws_route_table_association",
      "name": "public_association",
      "provider": "provider[\"registry.terraform.io/hashicorp/aws\"]",
      "instances": [
        {
          "index_key": 0,
          "schema_version": 0,
          "attributes": {
            "gateway_id": "",
            "id": "rtbassoc-0662037c3f64a12ea",
            "route_table_id": "rtb-0a9f868c793d63020",
            "subnet_id": "subnet-087fdc40bd92c2db3",
            "timeouts": null
          },
          "sensitive_attributes": [],
          "private": "eyJlMmJmYjczMC1lY2FhLTExZTYtOGY4OC0zNDM2M2JjN2M0YzAiOnsiY3JlYXRlIjozMDAwMDAwMDAwMDAsImRlbGV0ZSI6MzAwMDAwMDAwMDAwLCJ1cGRhdGUiOjEyMDAwMDAwMDAwMH19",
          "dependencies": [
            "module.vpc.aws_internet_gateway.internet_gateway",
            "module.vpc.aws_route_table.public_route_table",
            "module.vpc.aws_subnet.public_subnet",
            "module.vpc.aws_vpc.aws_vpc"
          ]
        },
        {
          "index_key": 1,
          "schema_version": 0,
          "attributes": {
            "gateway_id": "",
            "id": "rtbassoc-0550622bdf26b9eb4",
            "route_table_id": "rtb-0a9f868c793d63020",
            "subnet_id": "subnet-0fa24e8dce8b900fa",
            "timeouts": null
          },
          "sensitive_attributes": [],
          "private": "eyJlMmJmYjczMC1lY2FhLTExZTYtOGY4OC0zNDM2M2JjN2M0YzAiOnsiY3JlYXRlIjozMDAwMDAwMDAwMDAsImRlbGV0ZSI6MzAwMDAwMDAwMDAwLCJ1cGRhdGUiOjEyMDAwMDAwMDAwMH19",
          "dependencies": [
            "module.vpc.aws_internet_gateway.internet_gateway",
            "module.vpc.aws_route_table.public_route_table",
            "module.vpc.aws_subnet.public_subnet",
            "module.vpc.aws_vpc.aws_vpc"
          ]
        }
      ]
    },
    {
      "module": "module.vpc",
      "mode": "managed",
      "type": "aws_subnet",
      "name": "public_subnet",
      "provider": "provider[\"registry.terraform.io/hashicorp/aws\"]",
      "instances": [
        {
          "index_key": 0,
          "schema_version": 1,
          "attributes": {
            "arn": "arn:aws:ec2:us-east-1:083469513477:subnet/subnet-087fdc40bd92c2db3",
            "assign_ipv6_address_on_creation": false,
            "availability_zone": "us-east-1a",
            "availability_zone_id": "use1-az4",
            "cidr_block": "10.0.1.0/24",
            "customer_owned_ipv4_pool": "",
            "enable_dns64": false,
            "enable_lni_at_device_index": 0,
            "enable_resource_name_dns_a_record_on_launch": false,
            "enable_resource_name_dns_aaaa_record_on_launch": false,
            "id": "subnet-087fdc40bd92c2db3",
            "ipv6_cidr_block": "",
            "ipv6_cidr_block_association_id": "",
            "ipv6_native": false,
            "map_customer_owned_ip_on_launch": false,
            "map_public_ip_on_launch": false,
            "outpost_arn": "",
            "owner_id": "083469513477",
            "private_dns_hostname_type_on_launch": "ip-name",
            "tags": {
              "Name": "public-subnet-1-test-vpc",
              "created-by": "john"
            },
            "tags_all": {
              "Name": "public-subnet-1-test-vpc",
              "created-by": "john"
            },
            "timeouts": null,
            "vpc_id": "vpc-0000d49f4909f2a17"
          },
          "sensitive_attributes": [],
          "private": "eyJlMmJmYjczMC1lY2FhLTExZTYtOGY4OC0zNDM2M2JjN2M0YzAiOnsiY3JlYXRlIjo2MDAwMDAwMDAwMDAsImRlbGV0ZSI6MTIwMDAwMDAwMDAwMH0sInNjaGVtYV92ZXJzaW9uIjoiMSJ9",
          "dependencies": [
            "module.vpc.aws_vpc.aws_vpc"
          ]
        },
        {
          "index_key": 1,
          "schema_version": 1,
          "attributes": {
            "arn": "arn:aws:ec2:us-east-1:083469513477:subnet/subnet-0fa24e8dce8b900fa",
            "assign_ipv6_address_on_creation": false,
            "availability_zone": "us-east-1b",
            "availability_zone_id": "use1-az6",
            "cidr_block": "10.0.2.0/24",
            "customer_owned_ipv4_pool": "",
            "enable_dns64": false,
            "enable_lni_at_device_index": 0,
            "enable_resource_name_dns_a_record_on_launch": false,
            "enable_resource_name_dns_aaaa_record_on_launch": false,
            "id": "subnet-0fa24e8dce8b900fa",
            "ipv6_cidr_block": "",
            "ipv6_cidr_block_association_id": "",
            "ipv6_native": false,
            "map_customer_owned_ip_on_launch": false,
            "map_public_ip_on_launch": false,
            "outpost_arn": "",
            "owner_id": "083469513477",
            "private_dns_hostname_type_on_launch": "ip-name",
            "tags": {
              "Name": "public-subnet-2-test-vpc",
              "created-by": "john"
            },
            "tags_all": {
              "Name": "public-subnet-2-test-vpc",
              "created-by": "john"
            },
            "timeouts": null,
            "vpc_id": "vpc-0000d49f4909f2a17"
          },
          "sensitive_attributes": [],
          "private": "eyJlMmJmYjczMC1lY2FhLTExZTYtOGY4OC0zNDM2M2JjN2M0YzAiOnsiY3JlYXRlIjo2MDAwMDAwMDAwMDAsImRlbGV0ZSI6MTIwMDAwMDAwMDAwMH0sInNjaGVtYV92ZXJzaW9uIjoiMSJ9",
          "dependencies": [
            "module.vpc.aws_vpc.aws_vpc"
          ]
        }
      ]
    },
    {
      "module": "module.vpc",
      "mode": "managed",
      "type": "aws_vpc",
      "name": "aws_vpc",
      "provider": "provider[\"registry.terraform.io/hashicorp/aws\"]",
      "instances": [
        {
          "schema_version": 1,
          "attributes": {
            "arn": "arn:aws:ec2:us-east-1:083469513477:vpc/vpc-0000d49f4909f2a17",
            "assign_generated_ipv6_cidr_block": false,
            "cidr_block": "10.0.0.0/16",
            "default_network_acl_id": "acl-09a64f938fa46d3c5",
            "default_route_table_id": "rtb-079760f1738acd3a9",
            "default_security_group_id": "sg-04316be3dd544c1ed",
            "dhcp_options_id": "dopt-0df804ad9baba93d6",
            "enable_dns_hostnames": false,
            "enable_dns_support": true,
            "enable_network_address_usage_metrics": false,
            "id": "vpc-0000d49f4909f2a17",
            "instance_tenancy": "default",
            "ipv4_ipam_pool_id": null,
            "ipv4_netmask_length": null,
            "ipv6_association_id": "",
            "ipv6_cidr_block": "",
            "ipv6_cidr_block_network_border_group": "",
            "ipv6_ipam_pool_id": "",
            "ipv6_netmask_length": 0,
            "main_route_table_id": "rtb-079760f1738acd3a9",
            "owner_id": "083469513477",
            "tags": {
              "Name": "test-vpc",
              "created-by": "john"
            },
            "tags_all": {
              "Name": "test-vpc",
              "created-by": "john"
            }
          },
          "sensitive_attributes": [],
          "private": "eyJzY2hlbWFfdmVyc2lvbiI6IjEifQ=="
        }
      ]
    }
  ],
  "check_results": null
}
